{
	"name": "@davinci/openapi",
	"version": "2.0.2",
	"lockfileVersion": 2,
	"requires": true,
	"packages": {
		"": {
			"name": "@davinci/openapi",
			"version": "2.0.0-next.28",
			"license": "MIT",
			"dependencies": {
				"@fastify/deepmerge": "^1.1.0",
				"hyperscript": "^2.0.2",
				"openapi-types": "^12.0.0",
				"pino": "^7.11.0"
			},
			"devDependencies": {
				"@types/hyperscript": "^0.0.4",
				"@types/swagger-ui-dist": "^3.30.1",
				"axios": "^1.2.0",
				"swagger-ui-dist": "^4.14.0"
			},
			"peerDependencies": {
				"@davinci/http-server": "^2.0.0-next.11"
			}
		},
		"../health-checks": {
			"name": "@davinci/health-checks",
			"version": "0.0.1",
			"extraneous": true,
			"license": "MIT",
			"dependencies": {
				"@davinci/core": "^1.9.1",
				"@davinci/http-server": "^0.0.1",
				"@davinci/reflector": "^1.1.1",
				"@godaddy/terminus": "^4.11.1",
				"pino": "^7.11.0"
			},
			"devDependencies": {
				"@davinci/http-server-fastify": "^0.0.1",
				"typescript": "^4.6.2"
			}
		},
		"../http-server-fastify": {
			"name": "@davinci/http-server-fastify",
			"version": "0.0.1",
			"extraneous": true,
			"license": "MIT",
			"dependencies": {
				"@davinci/http-server": "^0.0.1",
				"@davinci/reflector": "^1.1.1"
			},
			"devDependencies": {
				"@davinci/core": "^1.9.1",
				"@fastify/cors": "^8.0.0",
				"axios": "0.26.1",
				"fastify": "^4.3.0",
				"supertest": "6.2.2",
				"typescript": "^4.6.2"
			},
			"peerDependencies": {
				"@fastify/cors": "^8.0.0",
				"fastify": "^4.0.0"
			}
		},
		"node_modules/@davinci/core": {
			"version": "2.0.0-next.18",
			"resolved": "https://registry.npmjs.org/@davinci/core/-/core-2.0.0-next.18.tgz",
			"integrity": "sha512-KCZatpNUmsOYT1MJQdZxkJyWT5ljmJo+24zMdS5NIbp6GNsFfIxH6XIZ4magRkZPbL3KRBqz9QIsx8/M1chx5w==",
			"peer": true,
			"dependencies": {
				"@davinci/reflector": "^2.0.0-next.13",
				"deepmerge": "^4.2.2",
				"pino": "7.9.1",
				"tsyringe": "^4.7.0"
			}
		},
		"node_modules/@davinci/core/node_modules/pino": {
			"version": "7.9.1",
			"resolved": "https://registry.npmjs.org/pino/-/pino-7.9.1.tgz",
			"integrity": "sha512-28+D7c5orCoScdcWtiPXrCA9tdVosBWrYQgVtPdYTyiuTt6u/+rbEtpJR+dtVG8k1flhv0H2f0XSkgGm+TdjqQ==",
			"peer": true,
			"dependencies": {
				"fast-redact": "^3.0.0",
				"on-exit-leak-free": "^0.2.0",
				"pino-abstract-transport": "v0.5.0",
				"pino-std-serializers": "^4.0.0",
				"process-warning": "^1.0.0",
				"quick-format-unescaped": "^4.0.3",
				"real-require": "^0.1.0",
				"safe-stable-stringify": "^2.1.0",
				"sonic-boom": "^2.2.1",
				"thread-stream": "^0.13.0"
			},
			"bin": {
				"pino": "bin.js"
			}
		},
		"node_modules/@davinci/core/node_modules/thread-stream": {
			"version": "0.13.2",
			"resolved": "https://registry.npmjs.org/thread-stream/-/thread-stream-0.13.2.tgz",
			"integrity": "sha512-woZFt0cLFkPdhsa+IGpRo1jiSouaHxMIljzTgt30CMjBWoUYbbcHqnunW5Yv+BXko9H05MVIcxMipI3Jblallw==",
			"peer": true,
			"dependencies": {
				"real-require": "^0.1.0"
			}
		},
		"node_modules/@davinci/http-server": {
			"version": "2.0.0-next.23",
			"resolved": "https://registry.npmjs.org/@davinci/http-server/-/http-server-2.0.0-next.23.tgz",
			"integrity": "sha512-721tbI29v2qV6OhgDsl6WKpuQDcE4phdyN/vQwlw4qEZcAlZIi/rcXDuEvbhfPPQqGR2H7l9TR+C0b2YTA/OMQ==",
			"peer": true,
			"dependencies": {
				"@davinci/core": "^2.0.0-next.18",
				"@davinci/reflector": "^2.0.0-next.13",
				"pino": "^7.11.0"
			},
			"peerDependencies": {
				"ajv": "^8.0.0",
				"ajv-formats": "^2.1.1"
			}
		},
		"node_modules/@davinci/reflector": {
			"version": "2.0.0-next.13",
			"resolved": "https://registry.npmjs.org/@davinci/reflector/-/reflector-2.0.0-next.13.tgz",
			"integrity": "sha512-Uh/T4NRzFr0hpfZ1AMRVXsB28U8uYiSsLQrFUAmzfAcFpgAMfPIk96W2PTUnQHPXFj2bnCKbdDsM/BIBSgab0A==",
			"peer": true,
			"dependencies": {
				"@plumier/reflect": "1.0.6",
				"reflect-metadata": "^0.1.13"
			}
		},
		"node_modules/@fastify/deepmerge": {
			"version": "1.1.0",
			"resolved": "https://registry.npmjs.org/@fastify/deepmerge/-/deepmerge-1.1.0.tgz",
			"integrity": "sha512-E8Hfdvs1bG6u0N4vN5Nty6JONUfTdOciyD5rn8KnEsLKIenvOVcr210BQR9t34PRkNyjqnMLGk3e0BsaxRdL+g=="
		},
		"node_modules/@plumier/reflect": {
			"version": "1.0.6",
			"resolved": "https://registry.npmjs.org/@plumier/reflect/-/reflect-1.0.6.tgz",
			"integrity": "sha512-T/wkxlrXZ3qJV07YFC67I5HXlI1E2D7Kmq7skZxu7KEoqjMWrTEpvug2mJ7tze0WeDtPerl9C9m55lk+0+Ipyw==",
			"peer": true,
			"dependencies": {
				"@types/acorn": "4.0.6",
				"acorn": "8.5.0",
				"reflect-metadata": "^0.1.13"
			}
		},
		"node_modules/@types/acorn": {
			"version": "4.0.6",
			"resolved": "https://registry.npmjs.org/@types/acorn/-/acorn-4.0.6.tgz",
			"integrity": "sha512-veQTnWP+1D/xbxVrPC3zHnCZRjSrKfhbMUlEA43iMZLu7EsnTtkJklIuwrCPbOi8YkvDQAiW05VQQFvvz9oieQ==",
			"peer": true,
			"dependencies": {
				"@types/estree": "*"
			}
		},
		"node_modules/@types/estree": {
			"version": "1.0.0",
			"resolved": "https://registry.npmjs.org/@types/estree/-/estree-1.0.0.tgz",
			"integrity": "sha512-WulqXMDUTYAXCjZnk6JtIHPigp55cVtDgDrO2gHRwhyJto21+1zbVCtOYB2L1F9w4qCQ0rOGWBnBe0FNTiEJIQ==",
			"peer": true
		},
		"node_modules/@types/hyperscript": {
			"version": "0.0.4",
			"resolved": "https://registry.npmjs.org/@types/hyperscript/-/hyperscript-0.0.4.tgz",
			"integrity": "sha512-oZIYTxzfTYM6KNXwN3PPS5dow3KmjDcMDRF6iSxqidJSyw4kwo6yJlxrY/KrCc+0J14x0CflmZRApbcdLvwDiw==",
			"dev": true
		},
		"node_modules/@types/swagger-ui-dist": {
			"version": "3.30.1",
			"resolved": "https://registry.npmjs.org/@types/swagger-ui-dist/-/swagger-ui-dist-3.30.1.tgz",
			"integrity": "sha512-wWojDensMF33dSrhak4iWSPOsWBbvf+rSJ6VWQ7ohQbGdKAiT2IwUexrDZkMvf3+vVAPVnNFDRDtxADFszbh+Q==",
			"dev": true
		},
		"node_modules/acorn": {
			"version": "8.5.0",
			"resolved": "https://registry.npmjs.org/acorn/-/acorn-8.5.0.tgz",
			"integrity": "sha512-yXbYeFy+jUuYd3/CDcg2NkIYE991XYX/bje7LmjJigUciaeO1JR4XxXgCIV1/Zc/dRuFEyw1L0pbA+qynJkW5Q==",
			"peer": true,
			"bin": {
				"acorn": "bin/acorn"
			},
			"engines": {
				"node": ">=0.4.0"
			}
		},
		"node_modules/ajv": {
			"version": "8.11.2",
			"resolved": "https://registry.npmjs.org/ajv/-/ajv-8.11.2.tgz",
			"integrity": "sha512-E4bfmKAhGiSTvMfL1Myyycaub+cUEU2/IvpylXkUu7CHBkBj1f/ikdzbD7YQ6FKUbixDxeYvB/xY4fvyroDlQg==",
			"peer": true,
			"dependencies": {
				"fast-deep-equal": "^3.1.1",
				"json-schema-traverse": "^1.0.0",
				"require-from-string": "^2.0.2",
				"uri-js": "^4.2.2"
			},
			"funding": {
				"type": "github",
				"url": "https://github.com/sponsors/epoberezkin"
			}
		},
		"node_modules/ajv-formats": {
			"version": "2.1.1",
			"resolved": "https://registry.npmjs.org/ajv-formats/-/ajv-formats-2.1.1.tgz",
			"integrity": "sha512-Wx0Kx52hxE7C18hkMEggYlEifqWZtYaRgouJor+WMdPnQyEK13vgEWyVNup7SoeeoLMsr4kf5h6dOW11I15MUA==",
			"peer": true,
			"dependencies": {
				"ajv": "^8.0.0"
			},
			"peerDependencies": {
				"ajv": "^8.0.0"
			},
			"peerDependenciesMeta": {
				"ajv": {
					"optional": true
				}
			}
		},
		"node_modules/asynckit": {
			"version": "0.4.0",
			"resolved": "https://registry.npmjs.org/asynckit/-/asynckit-0.4.0.tgz",
			"integrity": "sha512-Oei9OH4tRh0YqU3GxhX79dM/mwVgvbZJaSNaRk+bshkj0S5cfHcgYakreBjrHwatXKbz+IoIdYLxrKim2MjW0Q==",
			"dev": true
		},
		"node_modules/atomic-sleep": {
			"version": "1.0.0",
			"license": "MIT",
			"engines": {
				"node": ">=8.0.0"
			}
		},
		"node_modules/axios": {
			"version": "1.2.0",
			"resolved": "https://registry.npmjs.org/axios/-/axios-1.2.0.tgz",
			"integrity": "sha512-zT7wZyNYu3N5Bu0wuZ6QccIf93Qk1eV8LOewxgjOZFd2DenOs98cJ7+Y6703d0wkaXGY6/nZd4EweJaHz9uzQw==",
			"dev": true,
			"dependencies": {
				"follow-redirects": "^1.15.0",
				"form-data": "^4.0.0",
				"proxy-from-env": "^1.1.0"
			}
		},
		"node_modules/browser-split": {
			"version": "0.0.0",
			"resolved": "https://registry.npmjs.org/browser-split/-/browser-split-0.0.0.tgz",
			"integrity": "sha512-CNXO3AXAS1H/kOGQkPjucm1161/XoF3aVkMfujqwk85XN/D/MkQMvoB81lXyX/2rerZS+hPAYYRR3mAW05awjQ=="
		},
		"node_modules/class-list": {
			"version": "0.1.1",
			"resolved": "https://registry.npmjs.org/class-list/-/class-list-0.1.1.tgz",
			"integrity": "sha512-zqR0uW+VsLtyQhixBhkdQ+z6B8+Y8HTh28kdSVjJ4zTTKM7Xz2asAQSya9VI6m/34F6N6Ktm0mrchKB+E5a8Xw==",
			"dependencies": {
				"indexof": "0.0.1"
			}
		},
		"node_modules/combined-stream": {
			"version": "1.0.8",
			"resolved": "https://registry.npmjs.org/combined-stream/-/combined-stream-1.0.8.tgz",
			"integrity": "sha512-FQN4MRfuJeHf7cBbBMJFXhKSDq+2kAArBlmRBvcvFE5BB1HZKXtSFASDhdlz9zOYwxh8lDdnvmMOe/+5cdoEdg==",
			"dev": true,
			"dependencies": {
				"delayed-stream": "~1.0.0"
			},
			"engines": {
				"node": ">= 0.8"
			}
		},
		"node_modules/deepmerge": {
			"version": "4.2.2",
			"resolved": "https://registry.npmjs.org/deepmerge/-/deepmerge-4.2.2.tgz",
			"integrity": "sha512-FJ3UgI4gIl+PHZm53knsuSFpE+nESMr7M4v9QcgB7S63Kj/6WqMiFQJpBBYz1Pt+66bZpP3Q7Lye0Oo9MPKEdg==",
			"peer": true,
			"engines": {
				"node": ">=0.10.0"
			}
		},
		"node_modules/delayed-stream": {
			"version": "1.0.0",
			"resolved": "https://registry.npmjs.org/delayed-stream/-/delayed-stream-1.0.0.tgz",
			"integrity": "sha512-ZySD7Nf91aLB0RxL4KGrKHBXl7Eds1DAmEdcoVawXnLD7SDhpNgtuII2aAkg7a7QS41jxPSZ17p4VdGnMHk3MQ==",
			"dev": true,
			"engines": {
				"node": ">=0.4.0"
			}
		},
		"node_modules/duplexify": {
			"version": "4.1.2",
			"license": "MIT",
			"dependencies": {
				"end-of-stream": "^1.4.1",
				"inherits": "^2.0.3",
				"readable-stream": "^3.1.1",
				"stream-shift": "^1.0.0"
			}
		},
		"node_modules/end-of-stream": {
			"version": "1.4.4",
			"license": "MIT",
			"dependencies": {
				"once": "^1.4.0"
			}
		},
		"node_modules/fast-deep-equal": {
			"version": "3.1.3",
			"resolved": "https://registry.npmjs.org/fast-deep-equal/-/fast-deep-equal-3.1.3.tgz",
			"integrity": "sha512-f3qQ9oQy9j2AhBe/H9VC91wLmKBCCU/gDOnKNAYG5hswO7BLKj09Hc5HYNz9cGI++xlpDCIgDaitVs03ATR84Q==",
			"peer": true
		},
		"node_modules/fast-redact": {
			"version": "3.1.1",
			"license": "MIT",
			"engines": {
				"node": ">=6"
			}
		},
		"node_modules/follow-redirects": {
			"version": "1.15.2",
			"resolved": "https://registry.npmjs.org/follow-redirects/-/follow-redirects-1.15.2.tgz",
			"integrity": "sha512-VQLG33o04KaQ8uYi2tVNbdrWp1QWxNNea+nmIB4EVM28v0hmP17z7aG1+wAkNzVq4KeXTq3221ye5qTJP91JwA==",
			"dev": true,
			"funding": [
				{
					"type": "individual",
					"url": "https://github.com/sponsors/RubenVerborgh"
				}
			],
			"engines": {
				"node": ">=4.0"
			},
			"peerDependenciesMeta": {
				"debug": {
					"optional": true
				}
			}
		},
		"node_modules/form-data": {
			"version": "4.0.0",
			"resolved": "https://registry.npmjs.org/form-data/-/form-data-4.0.0.tgz",
			"integrity": "sha512-ETEklSGi5t0QMZuiXoA/Q6vcnxcLQP5vdugSpuAyi6SVGi2clPPp+xgEhuMaHC+zGgn31Kd235W35f7Hykkaww==",
			"dev": true,
			"dependencies": {
				"asynckit": "^0.4.0",
				"combined-stream": "^1.0.8",
				"mime-types": "^2.1.12"
			},
			"engines": {
				"node": ">= 6"
			}
		},
		"node_modules/html-element": {
			"version": "2.3.1",
			"resolved": "https://registry.npmjs.org/html-element/-/html-element-2.3.1.tgz",
			"integrity": "sha512-xnFt2ZkbFcjc+JoAtg3Hl89VeEZDjododu4VCPkRvFmBTHHA9U1Nt6hLUWfW2O+6Sl/rT1hHK/PivleX3PdBJQ==",
			"dependencies": {
				"class-list": "~0.1.1"
			},
			"engines": {
				"node": ">=4.2"
			}
		},
		"node_modules/hyperscript": {
			"version": "2.0.2",
			"resolved": "https://registry.npmjs.org/hyperscript/-/hyperscript-2.0.2.tgz",
			"integrity": "sha512-uggBAYfHFC5WyZQXlJ61BNZbPmJbschcvfYNhYdZWCp+0J8KYb5Du8nQuk8Ru+ThoCNb01B0tPtnTRqnrFBkVg==",
			"dependencies": {
				"browser-split": "0.0.0",
				"class-list": "~0.1.0",
				"html-element": "^2.0.0"
			}
		},
		"node_modules/indexof": {
			"version": "0.0.1",
			"resolved": "https://registry.npmjs.org/indexof/-/indexof-0.0.1.tgz",
			"integrity": "sha512-i0G7hLJ1z0DE8dsqJa2rycj9dBmNKgXBvotXtZYXakU9oivfB9Uj2ZBC27qqef2U58/ZLwalxa1X/RDCdkHtVg=="
		},
		"node_modules/inherits": {
			"version": "2.0.4",
			"license": "ISC"
		},
		"node_modules/json-schema-traverse": {
			"version": "1.0.0",
			"resolved": "https://registry.npmjs.org/json-schema-traverse/-/json-schema-traverse-1.0.0.tgz",
			"integrity": "sha512-NM8/P9n3XjXhIZn1lLhkFaACTOURQXjWhV4BA/RnOv8xvgqtqpAX9IO4mRQxSx1Rlo4tqzeqb0sOlruaOy3dug==",
			"peer": true
		},
		"node_modules/mime-db": {
			"version": "1.52.0",
			"resolved": "https://registry.npmjs.org/mime-db/-/mime-db-1.52.0.tgz",
			"integrity": "sha512-sPU4uV7dYlvtWJxwwxHD0PuihVNiE7TyAbQ5SWxDCB9mUYvOgroQOwYQQOKPJ8CIbE+1ETVlOoK1UC2nU3gYvg==",
			"dev": true,
			"engines": {
				"node": ">= 0.6"
			}
		},
		"node_modules/mime-types": {
			"version": "2.1.35",
			"resolved": "https://registry.npmjs.org/mime-types/-/mime-types-2.1.35.tgz",
			"integrity": "sha512-ZDY+bPm5zTTF+YpCrAU9nK0UgICYPT0QtT1NZWFv4s++TNkcgVaT0g6+4R2uI4MjQjzysHB1zxuWL50hzaeXiw==",
			"dev": true,
			"dependencies": {
				"mime-db": "1.52.0"
			},
			"engines": {
				"node": ">= 0.6"
			}
		},
		"node_modules/on-exit-leak-free": {
			"version": "0.2.0",
			"license": "MIT"
		},
		"node_modules/once": {
			"version": "1.4.0",
			"license": "ISC",
			"dependencies": {
				"wrappy": "1"
			}
		},
		"node_modules/openapi-types": {
			"version": "12.0.0",
			"resolved": "https://registry.npmjs.org/openapi-types/-/openapi-types-12.0.0.tgz",
			"integrity": "sha512-6Wd9k8nmGQHgCbehZCP6wwWcfXcvinhybUTBatuhjRsCxUIujuYFZc9QnGeae75CyHASewBtxs0HX/qwREReUw=="
		},
		"node_modules/pino": {
			"version": "7.11.0",
			"license": "MIT",
			"dependencies": {
				"atomic-sleep": "^1.0.0",
				"fast-redact": "^3.0.0",
				"on-exit-leak-free": "^0.2.0",
				"pino-abstract-transport": "v0.5.0",
				"pino-std-serializers": "^4.0.0",
				"process-warning": "^1.0.0",
				"quick-format-unescaped": "^4.0.3",
				"real-require": "^0.1.0",
				"safe-stable-stringify": "^2.1.0",
				"sonic-boom": "^2.2.1",
				"thread-stream": "^0.15.1"
			},
			"bin": {
				"pino": "bin.js"
			}
		},
		"node_modules/pino-abstract-transport": {
			"version": "0.5.0",
			"license": "MIT",
			"dependencies": {
				"duplexify": "^4.1.2",
				"split2": "^4.0.0"
			}
		},
		"node_modules/pino-std-serializers": {
			"version": "4.0.0",
			"license": "MIT"
		},
		"node_modules/process-warning": {
			"version": "1.0.0",
			"license": "MIT"
		},
		"node_modules/proxy-from-env": {
			"version": "1.1.0",
			"resolved": "https://registry.npmjs.org/proxy-from-env/-/proxy-from-env-1.1.0.tgz",
			"integrity": "sha512-D+zkORCbA9f1tdWRK0RaCR3GPv50cMxcrz4X8k5LTSUD1Dkw47mKJEZQNunItRTkWwgtaUSo1RVFRIG9ZXiFYg==",
			"dev": true
		},
		"node_modules/punycode": {
			"version": "2.1.1",
			"resolved": "https://registry.npmjs.org/punycode/-/punycode-2.1.1.tgz",
			"integrity": "sha512-XRsRjdf+j5ml+y/6GKHPZbrF/8p2Yga0JPtdqTIY2Xe5ohJPD9saDJJLPvp9+NSBprVvevdXZybnj2cv8OEd0A==",
			"peer": true,
			"engines": {
				"node": ">=6"
			}
		},
		"node_modules/quick-format-unescaped": {
			"version": "4.0.4",
			"license": "MIT"
		},
		"node_modules/readable-stream": {
			"version": "3.6.0",
			"license": "MIT",
			"dependencies": {
				"inherits": "^2.0.3",
				"string_decoder": "^1.1.1",
				"util-deprecate": "^1.0.1"
			},
			"engines": {
				"node": ">= 6"
			}
		},
		"node_modules/real-require": {
			"version": "0.1.0",
			"license": "MIT",
			"engines": {
				"node": ">= 12.13.0"
			}
		},
		"node_modules/reflect-metadata": {
			"version": "0.1.13",
			"resolved": "https://registry.npmjs.org/reflect-metadata/-/reflect-metadata-0.1.13.tgz",
			"integrity": "sha512-Ts1Y/anZELhSsjMcU605fU9RE4Oi3p5ORujwbIKXfWa+0Zxs510Qrmrce5/Jowq3cHSZSJqBjypxmHarc+vEWg==",
			"peer": true
		},
		"node_modules/require-from-string": {
			"version": "2.0.2",
			"resolved": "https://registry.npmjs.org/require-from-string/-/require-from-string-2.0.2.tgz",
			"integrity": "sha512-Xf0nWe6RseziFMu+Ap9biiUbmplq6S9/p+7w7YXP/JBHhrUDDUhwa+vANyubuqfZWTveU//DYVGsDG7RKL/vEw==",
			"peer": true,
			"engines": {
				"node": ">=0.10.0"
			}
		},
		"node_modules/safe-buffer": {
			"version": "5.2.1",
			"funding": [
				{
					"type": "github",
					"url": "https://github.com/sponsors/feross"
				},
				{
					"type": "patreon",
					"url": "https://www.patreon.com/feross"
				},
				{
					"type": "consulting",
					"url": "https://feross.org/support"
				}
			],
			"license": "MIT"
		},
		"node_modules/safe-stable-stringify": {
			"version": "2.3.1",
			"license": "MIT",
			"engines": {
				"node": ">=10"
			}
		},
		"node_modules/sonic-boom": {
			"version": "2.8.0",
			"license": "MIT",
			"dependencies": {
				"atomic-sleep": "^1.0.0"
			}
		},
		"node_modules/split2": {
			"version": "4.1.0",
			"license": "ISC",
			"engines": {
				"node": ">= 10.x"
			}
		},
		"node_modules/stream-shift": {
			"version": "1.0.1",
			"license": "MIT"
		},
		"node_modules/string_decoder": {
			"version": "1.3.0",
			"license": "MIT",
			"dependencies": {
				"safe-buffer": "~5.2.0"
			}
		},
		"node_modules/swagger-ui-dist": {
			"version": "4.14.0",
			"resolved": "https://registry.npmjs.org/swagger-ui-dist/-/swagger-ui-dist-4.14.0.tgz",
			"integrity": "sha512-TBzhheU15s+o54Cgk9qxuYcZMiqSm/SkvKnapoGHOF66kz0Y5aGjpzj5BT/vpBbn6rTPJ9tUYXQxuDWfsjiGMw==",
			"dev": true
		},
		"node_modules/thread-stream": {
			"version": "0.15.2",
			"license": "MIT",
			"dependencies": {
				"real-require": "^0.1.0"
			}
		},
		"node_modules/tslib": {
			"version": "1.14.1",
			"resolved": "https://registry.npmjs.org/tslib/-/tslib-1.14.1.tgz",
			"integrity": "sha512-Xni35NKzjgMrwevysHTCArtLDpPvye8zV/0E4EyYn43P7/7qvQwPh9BGkHewbMulVntbigmcT7rdX3BNo9wRJg==",
			"peer": true
		},
		"node_modules/tsyringe": {
			"version": "4.7.0",
			"resolved": "https://registry.npmjs.org/tsyringe/-/tsyringe-4.7.0.tgz",
			"integrity": "sha512-ncFDM1jTLsok4ejMvSW5jN1VGPQD48y2tfAR0pdptWRKYX4bkbqPt92k7KJ5RFJ1KV36JEs/+TMh7I6OUgj74g==",
			"peer": true,
			"dependencies": {
				"tslib": "^1.9.3"
			},
			"engines": {
				"node": ">= 6.0.0"
			}
		},
		"node_modules/uri-js": {
			"version": "4.4.1",
			"resolved": "https://registry.npmjs.org/uri-js/-/uri-js-4.4.1.tgz",
			"integrity": "sha512-7rKUyy33Q1yc98pQ1DAmLtwX109F7TIfWlW1Ydo8Wl1ii1SeHieeh0HHfPeL2fMXK6z0s8ecKs9frCuLJvndBg==",
			"peer": true,
			"dependencies": {
				"punycode": "^2.1.0"
			}
		},
		"node_modules/util-deprecate": {
			"version": "1.0.2",
			"license": "MIT"
		},
		"node_modules/wrappy": {
			"version": "1.0.2",
			"license": "ISC"
		}
	},
	"dependencies": {
		"@davinci/core": {
			"version": "2.0.0-next.18",
			"resolved": "https://registry.npmjs.org/@davinci/core/-/core-2.0.0-next.18.tgz",
			"integrity": "sha512-KCZatpNUmsOYT1MJQdZxkJyWT5ljmJo+24zMdS5NIbp6GNsFfIxH6XIZ4magRkZPbL3KRBqz9QIsx8/M1chx5w==",
			"peer": true,
			"requires": {
				"@davinci/reflector": "^2.0.0-next.13",
				"deepmerge": "^4.2.2",
				"pino": "7.9.1",
				"tsyringe": "^4.7.0"
			},
			"dependencies": {
				"pino": {
					"version": "7.9.1",
					"resolved": "https://registry.npmjs.org/pino/-/pino-7.9.1.tgz",
					"integrity": "sha512-28+D7c5orCoScdcWtiPXrCA9tdVosBWrYQgVtPdYTyiuTt6u/+rbEtpJR+dtVG8k1flhv0H2f0XSkgGm+TdjqQ==",
					"peer": true,
					"requires": {
						"fast-redact": "^3.0.0",
						"on-exit-leak-free": "^0.2.0",
						"pino-abstract-transport": "v0.5.0",
						"pino-std-serializers": "^4.0.0",
						"process-warning": "^1.0.0",
						"quick-format-unescaped": "^4.0.3",
						"real-require": "^0.1.0",
						"safe-stable-stringify": "^2.1.0",
						"sonic-boom": "^2.2.1",
						"thread-stream": "^0.13.0"
					}
				},
				"thread-stream": {
					"version": "0.13.2",
					"resolved": "https://registry.npmjs.org/thread-stream/-/thread-stream-0.13.2.tgz",
					"integrity": "sha512-woZFt0cLFkPdhsa+IGpRo1jiSouaHxMIljzTgt30CMjBWoUYbbcHqnunW5Yv+BXko9H05MVIcxMipI3Jblallw==",
					"peer": true,
					"requires": {
						"real-require": "^0.1.0"
					}
				}
			}
		},
		"@davinci/http-server": {
			"version": "2.0.0-next.23",
			"resolved": "https://registry.npmjs.org/@davinci/http-server/-/http-server-2.0.0-next.23.tgz",
			"integrity": "sha512-721tbI29v2qV6OhgDsl6WKpuQDcE4phdyN/vQwlw4qEZcAlZIi/rcXDuEvbhfPPQqGR2H7l9TR+C0b2YTA/OMQ==",
			"peer": true,
			"requires": {
				"@davinci/core": "^2.0.0-next.18",
				"@davinci/reflector": "^2.0.0-next.13",
				"pino": "^7.11.0"
			}
		},
		"@davinci/reflector": {
			"version": "2.0.0-next.13",
			"resolved": "https://registry.npmjs.org/@davinci/reflector/-/reflector-2.0.0-next.13.tgz",
			"integrity": "sha512-Uh/T4NRzFr0hpfZ1AMRVXsB28U8uYiSsLQrFUAmzfAcFpgAMfPIk96W2PTUnQHPXFj2bnCKbdDsM/BIBSgab0A==",
			"peer": true,
			"requires": {
				"@plumier/reflect": "1.0.6",
				"reflect-metadata": "^0.1.13"
			}
		},
		"@fastify/deepmerge": {
			"version": "1.1.0",
			"resolved": "https://registry.npmjs.org/@fastify/deepmerge/-/deepmerge-1.1.0.tgz",
			"integrity": "sha512-E8Hfdvs1bG6u0N4vN5Nty6JONUfTdOciyD5rn8KnEsLKIenvOVcr210BQR9t34PRkNyjqnMLGk3e0BsaxRdL+g=="
		},
		"@plumier/reflect": {
			"version": "1.0.6",
			"resolved": "https://registry.npmjs.org/@plumier/reflect/-/reflect-1.0.6.tgz",
			"integrity": "sha512-T/wkxlrXZ3qJV07YFC67I5HXlI1E2D7Kmq7skZxu7KEoqjMWrTEpvug2mJ7tze0WeDtPerl9C9m55lk+0+Ipyw==",
			"peer": true,
			"requires": {
				"@types/acorn": "4.0.6",
				"acorn": "8.5.0",
				"reflect-metadata": "^0.1.13"
			}
		},
		"@types/acorn": {
			"version": "4.0.6",
			"resolved": "https://registry.npmjs.org/@types/acorn/-/acorn-4.0.6.tgz",
			"integrity": "sha512-veQTnWP+1D/xbxVrPC3zHnCZRjSrKfhbMUlEA43iMZLu7EsnTtkJklIuwrCPbOi8YkvDQAiW05VQQFvvz9oieQ==",
			"peer": true,
			"requires": {
				"@types/estree": "*"
			}
		},
		"@types/estree": {
			"version": "1.0.0",
			"resolved": "https://registry.npmjs.org/@types/estree/-/estree-1.0.0.tgz",
			"integrity": "sha512-WulqXMDUTYAXCjZnk6JtIHPigp55cVtDgDrO2gHRwhyJto21+1zbVCtOYB2L1F9w4qCQ0rOGWBnBe0FNTiEJIQ==",
			"peer": true
		},
		"@types/hyperscript": {
			"version": "0.0.4",
			"resolved": "https://registry.npmjs.org/@types/hyperscript/-/hyperscript-0.0.4.tgz",
			"integrity": "sha512-oZIYTxzfTYM6KNXwN3PPS5dow3KmjDcMDRF6iSxqidJSyw4kwo6yJlxrY/KrCc+0J14x0CflmZRApbcdLvwDiw==",
			"dev": true
		},
		"@types/swagger-ui-dist": {
			"version": "3.30.1",
			"resolved": "https://registry.npmjs.org/@types/swagger-ui-dist/-/swagger-ui-dist-3.30.1.tgz",
			"integrity": "sha512-wWojDensMF33dSrhak4iWSPOsWBbvf+rSJ6VWQ7ohQbGdKAiT2IwUexrDZkMvf3+vVAPVnNFDRDtxADFszbh+Q==",
			"dev": true
		},
		"acorn": {
			"version": "8.5.0",
			"resolved": "https://registry.npmjs.org/acorn/-/acorn-8.5.0.tgz",
			"integrity": "sha512-yXbYeFy+jUuYd3/CDcg2NkIYE991XYX/bje7LmjJigUciaeO1JR4XxXgCIV1/Zc/dRuFEyw1L0pbA+qynJkW5Q==",
			"peer": true
		},
		"ajv": {
			"version": "8.11.2",
			"resolved": "https://registry.npmjs.org/ajv/-/ajv-8.11.2.tgz",
			"integrity": "sha512-E4bfmKAhGiSTvMfL1Myyycaub+cUEU2/IvpylXkUu7CHBkBj1f/ikdzbD7YQ6FKUbixDxeYvB/xY4fvyroDlQg==",
			"peer": true,
			"requires": {
				"fast-deep-equal": "^3.1.1",
				"json-schema-traverse": "^1.0.0",
				"require-from-string": "^2.0.2",
				"uri-js": "^4.2.2"
			}
		},
		"ajv-formats": {
			"version": "2.1.1",
			"resolved": "https://registry.npmjs.org/ajv-formats/-/ajv-formats-2.1.1.tgz",
			"integrity": "sha512-Wx0Kx52hxE7C18hkMEggYlEifqWZtYaRgouJor+WMdPnQyEK13vgEWyVNup7SoeeoLMsr4kf5h6dOW11I15MUA==",
			"peer": true,
			"requires": {
				"ajv": "^8.0.0"
			}
		},
		"asynckit": {
			"version": "0.4.0",
			"resolved": "https://registry.npmjs.org/asynckit/-/asynckit-0.4.0.tgz",
			"integrity": "sha512-Oei9OH4tRh0YqU3GxhX79dM/mwVgvbZJaSNaRk+bshkj0S5cfHcgYakreBjrHwatXKbz+IoIdYLxrKim2MjW0Q==",
			"dev": true
		},
		"atomic-sleep": {
			"version": "1.0.0"
		},
		"axios": {
			"version": "1.2.0",
			"resolved": "https://registry.npmjs.org/axios/-/axios-1.2.0.tgz",
			"integrity": "sha512-zT7wZyNYu3N5Bu0wuZ6QccIf93Qk1eV8LOewxgjOZFd2DenOs98cJ7+Y6703d0wkaXGY6/nZd4EweJaHz9uzQw==",
			"dev": true,
			"requires": {
				"follow-redirects": "^1.15.0",
				"form-data": "^4.0.0",
				"proxy-from-env": "^1.1.0"
			}
		},
		"browser-split": {
			"version": "0.0.0",
			"resolved": "https://registry.npmjs.org/browser-split/-/browser-split-0.0.0.tgz",
			"integrity": "sha512-CNXO3AXAS1H/kOGQkPjucm1161/XoF3aVkMfujqwk85XN/D/MkQMvoB81lXyX/2rerZS+hPAYYRR3mAW05awjQ=="
		},
		"class-list": {
			"version": "0.1.1",
			"resolved": "https://registry.npmjs.org/class-list/-/class-list-0.1.1.tgz",
			"integrity": "sha512-zqR0uW+VsLtyQhixBhkdQ+z6B8+Y8HTh28kdSVjJ4zTTKM7Xz2asAQSya9VI6m/34F6N6Ktm0mrchKB+E5a8Xw==",
			"requires": {
				"indexof": "0.0.1"
			}
		},
		"combined-stream": {
			"version": "1.0.8",
			"resolved": "https://registry.npmjs.org/combined-stream/-/combined-stream-1.0.8.tgz",
			"integrity": "sha512-FQN4MRfuJeHf7cBbBMJFXhKSDq+2kAArBlmRBvcvFE5BB1HZKXtSFASDhdlz9zOYwxh8lDdnvmMOe/+5cdoEdg==",
			"dev": true,
			"requires": {
				"delayed-stream": "~1.0.0"
			}
		},
		"deepmerge": {
			"version": "4.2.2",
			"resolved": "https://registry.npmjs.org/deepmerge/-/deepmerge-4.2.2.tgz",
			"integrity": "sha512-FJ3UgI4gIl+PHZm53knsuSFpE+nESMr7M4v9QcgB7S63Kj/6WqMiFQJpBBYz1Pt+66bZpP3Q7Lye0Oo9MPKEdg==",
			"peer": true
		},
		"delayed-stream": {
			"version": "1.0.0",
			"resolved": "https://registry.npmjs.org/delayed-stream/-/delayed-stream-1.0.0.tgz",
			"integrity": "sha512-ZySD7Nf91aLB0RxL4KGrKHBXl7Eds1DAmEdcoVawXnLD7SDhpNgtuII2aAkg7a7QS41jxPSZ17p4VdGnMHk3MQ==",
			"dev": true
		},
		"duplexify": {
			"version": "4.1.2",
			"requires": {
				"end-of-stream": "^1.4.1",
				"inherits": "^2.0.3",
				"readable-stream": "^3.1.1",
				"stream-shift": "^1.0.0"
			}
		},
		"end-of-stream": {
			"version": "1.4.4",
			"requires": {
				"once": "^1.4.0"
			}
		},
		"fast-deep-equal": {
			"version": "3.1.3",
			"resolved": "https://registry.npmjs.org/fast-deep-equal/-/fast-deep-equal-3.1.3.tgz",
			"integrity": "sha512-f3qQ9oQy9j2AhBe/H9VC91wLmKBCCU/gDOnKNAYG5hswO7BLKj09Hc5HYNz9cGI++xlpDCIgDaitVs03ATR84Q==",
			"peer": true
		},
		"fast-redact": {
			"version": "3.1.1"
		},
		"follow-redirects": {
			"version": "1.15.2",
			"resolved": "https://registry.npmjs.org/follow-redirects/-/follow-redirects-1.15.2.tgz",
			"integrity": "sha512-VQLG33o04KaQ8uYi2tVNbdrWp1QWxNNea+nmIB4EVM28v0hmP17z7aG1+wAkNzVq4KeXTq3221ye5qTJP91JwA==",
			"dev": true
		},
		"form-data": {
			"version": "4.0.0",
			"resolved": "https://registry.npmjs.org/form-data/-/form-data-4.0.0.tgz",
			"integrity": "sha512-ETEklSGi5t0QMZuiXoA/Q6vcnxcLQP5vdugSpuAyi6SVGi2clPPp+xgEhuMaHC+zGgn31Kd235W35f7Hykkaww==",
			"dev": true,
			"requires": {
				"asynckit": "^0.4.0",
				"combined-stream": "^1.0.8",
				"mime-types": "^2.1.12"
			}
		},
		"html-element": {
			"version": "2.3.1",
			"resolved": "https://registry.npmjs.org/html-element/-/html-element-2.3.1.tgz",
			"integrity": "sha512-xnFt2ZkbFcjc+JoAtg3Hl89VeEZDjododu4VCPkRvFmBTHHA9U1Nt6hLUWfW2O+6Sl/rT1hHK/PivleX3PdBJQ==",
			"requires": {
				"class-list": "~0.1.1"
			}
		},
		"hyperscript": {
			"version": "2.0.2",
			"resolved": "https://registry.npmjs.org/hyperscript/-/hyperscript-2.0.2.tgz",
			"integrity": "sha512-uggBAYfHFC5WyZQXlJ61BNZbPmJbschcvfYNhYdZWCp+0J8KYb5Du8nQuk8Ru+ThoCNb01B0tPtnTRqnrFBkVg==",
			"requires": {
				"browser-split": "0.0.0",
				"class-list": "~0.1.0",
				"html-element": "^2.0.0"
			}
		},
		"indexof": {
			"version": "0.0.1",
			"resolved": "https://registry.npmjs.org/indexof/-/indexof-0.0.1.tgz",
			"integrity": "sha512-i0G7hLJ1z0DE8dsqJa2rycj9dBmNKgXBvotXtZYXakU9oivfB9Uj2ZBC27qqef2U58/ZLwalxa1X/RDCdkHtVg=="
		},
		"inherits": {
			"version": "2.0.4"
		},
		"json-schema-traverse": {
			"version": "1.0.0",
			"resolved": "https://registry.npmjs.org/json-schema-traverse/-/json-schema-traverse-1.0.0.tgz",
			"integrity": "sha512-NM8/P9n3XjXhIZn1lLhkFaACTOURQXjWhV4BA/RnOv8xvgqtqpAX9IO4mRQxSx1Rlo4tqzeqb0sOlruaOy3dug==",
			"peer": true
		},
		"mime-db": {
			"version": "1.52.0",
			"resolved": "https://registry.npmjs.org/mime-db/-/mime-db-1.52.0.tgz",
			"integrity": "sha512-sPU4uV7dYlvtWJxwwxHD0PuihVNiE7TyAbQ5SWxDCB9mUYvOgroQOwYQQOKPJ8CIbE+1ETVlOoK1UC2nU3gYvg==",
			"dev": true
		},
		"mime-types": {
			"version": "2.1.35",
			"resolved": "https://registry.npmjs.org/mime-types/-/mime-types-2.1.35.tgz",
			"integrity": "sha512-ZDY+bPm5zTTF+YpCrAU9nK0UgICYPT0QtT1NZWFv4s++TNkcgVaT0g6+4R2uI4MjQjzysHB1zxuWL50hzaeXiw==",
			"dev": true,
			"requires": {
				"mime-db": "1.52.0"
			}
		},
		"on-exit-leak-free": {
			"version": "0.2.0"
		},
		"once": {
			"version": "1.4.0",
			"requires": {
				"wrappy": "1"
			}
		},
		"openapi-types": {
			"version": "12.0.0",
			"resolved": "https://registry.npmjs.org/openapi-types/-/openapi-types-12.0.0.tgz",
			"integrity": "sha512-6Wd9k8nmGQHgCbehZCP6wwWcfXcvinhybUTBatuhjRsCxUIujuYFZc9QnGeae75CyHASewBtxs0HX/qwREReUw=="
		},
		"pino": {
			"version": "7.11.0",
			"requires": {
				"atomic-sleep": "^1.0.0",
				"fast-redact": "^3.0.0",
				"on-exit-leak-free": "^0.2.0",
				"pino-abstract-transport": "v0.5.0",
				"pino-std-serializers": "^4.0.0",
				"process-warning": "^1.0.0",
				"quick-format-unescaped": "^4.0.3",
				"real-require": "^0.1.0",
				"safe-stable-stringify": "^2.1.0",
				"sonic-boom": "^2.2.1",
				"thread-stream": "^0.15.1"
			}
		},
		"pino-abstract-transport": {
			"version": "0.5.0",
			"requires": {
				"duplexify": "^4.1.2",
				"split2": "^4.0.0"
			}
		},
		"pino-std-serializers": {
			"version": "4.0.0"
		},
		"process-warning": {
			"version": "1.0.0"
		},
		"proxy-from-env": {
			"version": "1.1.0",
			"resolved": "https://registry.npmjs.org/proxy-from-env/-/proxy-from-env-1.1.0.tgz",
			"integrity": "sha512-D+zkORCbA9f1tdWRK0RaCR3GPv50cMxcrz4X8k5LTSUD1Dkw47mKJEZQNunItRTkWwgtaUSo1RVFRIG9ZXiFYg==",
			"dev": true
		},
		"punycode": {
			"version": "2.1.1",
			"resolved": "https://registry.npmjs.org/punycode/-/punycode-2.1.1.tgz",
			"integrity": "sha512-XRsRjdf+j5ml+y/6GKHPZbrF/8p2Yga0JPtdqTIY2Xe5ohJPD9saDJJLPvp9+NSBprVvevdXZybnj2cv8OEd0A==",
			"peer": true
		},
		"quick-format-unescaped": {
			"version": "4.0.4"
		},
		"readable-stream": {
			"version": "3.6.0",
			"requires": {
				"inherits": "^2.0.3",
				"string_decoder": "^1.1.1",
				"util-deprecate": "^1.0.1"
			}
		},
		"real-require": {
			"version": "0.1.0"
		},
		"reflect-metadata": {
			"version": "0.1.13",
			"resolved": "https://registry.npmjs.org/reflect-metadata/-/reflect-metadata-0.1.13.tgz",
			"integrity": "sha512-Ts1Y/anZELhSsjMcU605fU9RE4Oi3p5ORujwbIKXfWa+0Zxs510Qrmrce5/Jowq3cHSZSJqBjypxmHarc+vEWg==",
			"peer": true
		},
		"require-from-string": {
			"version": "2.0.2",
			"resolved": "https://registry.npmjs.org/require-from-string/-/require-from-string-2.0.2.tgz",
			"integrity": "sha512-Xf0nWe6RseziFMu+Ap9biiUbmplq6S9/p+7w7YXP/JBHhrUDDUhwa+vANyubuqfZWTveU//DYVGsDG7RKL/vEw==",
			"peer": true
		},
		"safe-buffer": {
			"version": "5.2.1"
		},
		"safe-stable-stringify": {
			"version": "2.3.1"
		},
		"sonic-boom": {
			"version": "2.8.0",
			"requires": {
				"atomic-sleep": "^1.0.0"
			}
		},
		"split2": {
			"version": "4.1.0"
		},
		"stream-shift": {
			"version": "1.0.1"
		},
		"string_decoder": {
			"version": "1.3.0",
			"requires": {
				"safe-buffer": "~5.2.0"
			}
		},
		"swagger-ui-dist": {
			"version": "4.14.0",
			"resolved": "https://registry.npmjs.org/swagger-ui-dist/-/swagger-ui-dist-4.14.0.tgz",
			"integrity": "sha512-TBzhheU15s+o54Cgk9qxuYcZMiqSm/SkvKnapoGHOF66kz0Y5aGjpzj5BT/vpBbn6rTPJ9tUYXQxuDWfsjiGMw==",
			"dev": true
		},
		"thread-stream": {
			"version": "0.15.2",
			"requires": {
				"real-require": "^0.1.0"
			}
		},
		"tslib": {
			"version": "1.14.1",
			"resolved": "https://registry.npmjs.org/tslib/-/tslib-1.14.1.tgz",
			"integrity": "sha512-Xni35NKzjgMrwevysHTCArtLDpPvye8zV/0E4EyYn43P7/7qvQwPh9BGkHewbMulVntbigmcT7rdX3BNo9wRJg==",
			"peer": true
		},
		"tsyringe": {
			"version": "4.7.0",
			"resolved": "https://registry.npmjs.org/tsyringe/-/tsyringe-4.7.0.tgz",
			"integrity": "sha512-ncFDM1jTLsok4ejMvSW5jN1VGPQD48y2tfAR0pdptWRKYX4bkbqPt92k7KJ5RFJ1KV36JEs/+TMh7I6OUgj74g==",
			"peer": true,
			"requires": {
				"tslib": "^1.9.3"
			}
		},
		"uri-js": {
			"version": "4.4.1",
			"resolved": "https://registry.npmjs.org/uri-js/-/uri-js-4.4.1.tgz",
			"integrity": "sha512-7rKUyy33Q1yc98pQ1DAmLtwX109F7TIfWlW1Ydo8Wl1ii1SeHieeh0HHfPeL2fMXK6z0s8ecKs9frCuLJvndBg==",
			"peer": true,
			"requires": {
				"punycode": "^2.1.0"
			}
		},
		"util-deprecate": {
			"version": "1.0.2"
		},
		"wrappy": {
			"version": "1.0.2"
		}
	}
}
