{
	"name": "@davinci/graphql",
	"version": "1.5.1",
	"lockfileVersion": 1,
	"requires": true,
	"dependencies": {
		"@types/graphql": {
			"version": "14.5.0",
			"resolved": "https://registry.npmjs.org/@types/graphql/-/graphql-14.5.0.tgz",
			"integrity": "sha512-MOkzsEp1Jk5bXuAsHsUi6BVv0zCO+7/2PTiZMXWDSsMXvNU6w/PLMQT2vHn8hy2i0JqojPz1Sz6rsFjHtsU0lA==",
			"dev": true,
			"requires": {
				"graphql": "*"
			}
		},
		"@types/mocha": {
			"version": "5.2.7",
			"resolved": "https://registry.npmjs.org/@types/mocha/-/mocha-5.2.7.tgz",
			"integrity": "sha512-NYrtPht0wGzhwe9+/idPaBB+TqkY9AhTvOLMkThm0IoEfLaiVQZwBwyJ5puCkO3AUCWrmcoePjp2mbFocKy4SQ==",
			"dev": true
		},
		"accepts": {
			"version": "1.3.7",
			"resolved": "https://registry.npmjs.org/accepts/-/accepts-1.3.7.tgz",
			"integrity": "sha512-Il80Qs2WjYlJIBNzNkK6KYqlVMTbZLXgHx2oT0pU/fjRHyEp+PEfEPY0R3WCwAGVOtauxh1hOxNgIf5bv7dQpA==",
			"requires": {
				"mime-types": "~2.1.24",
				"negotiator": "0.6.2"
			}
		},
		"asynckit": {
			"version": "0.4.0",
			"resolved": "https://registry.npmjs.org/asynckit/-/asynckit-0.4.0.tgz",
			"integrity": "sha1-x57Zf380y48robyXkLzDZkdLS3k=",
			"dev": true
		},
		"bluebird": {
			"version": "3.7.2",
			"resolved": "https://registry.npmjs.org/bluebird/-/bluebird-3.7.2.tgz",
			"integrity": "sha512-XpNj6GDQzdfW+r2Wnn7xiSAd7TM3jzkxGXBGTtWKuSXv1xUV+azxAm8jdWZN06QTQk+2N2XB9jRDkvbmQmcRtg=="
		},
		"bytes": {
			"version": "3.1.0",
			"resolved": "https://registry.npmjs.org/bytes/-/bytes-3.1.0.tgz",
			"integrity": "sha512-zauLjrfCG+xvoyaqLoV8bLVXXNGC4JqlxFCutSDWA6fJrTo2ZuvLYTqZ7aHBLZSMOopbzwv8f+wZcVzfVTI2Dg=="
		},
		"call-bind": {
			"version": "1.0.2",
			"resolved": "https://registry.npmjs.org/call-bind/-/call-bind-1.0.2.tgz",
			"integrity": "sha512-7O+FbCihrB5WGbFYesctwmTKae6rOiIzmz1icreWJ+0aA7LJfuqhEso2T9ncpcFtzMQtzXf2QGGueWJGTYsqrA==",
			"dev": true,
			"requires": {
				"function-bind": "^1.1.1",
				"get-intrinsic": "^1.0.2"
			}
		},
		"combined-stream": {
			"version": "1.0.8",
			"resolved": "https://registry.npmjs.org/combined-stream/-/combined-stream-1.0.8.tgz",
			"integrity": "sha512-FQN4MRfuJeHf7cBbBMJFXhKSDq+2kAArBlmRBvcvFE5BB1HZKXtSFASDhdlz9zOYwxh8lDdnvmMOe/+5cdoEdg==",
			"dev": true,
			"requires": {
				"delayed-stream": "~1.0.0"
			}
		},
		"component-emitter": {
			"version": "1.3.0",
			"resolved": "https://registry.npmjs.org/component-emitter/-/component-emitter-1.3.0.tgz",
			"integrity": "sha512-Rd3se6QB+sO1TwqZjscQrurpEPIfO0/yYnSin6Q/rD3mOutHvUrCAhJub3r90uNb+SESBuE0QYoB90YdfatsRg==",
			"dev": true
		},
		"content-type": {
			"version": "1.0.4",
			"resolved": "https://registry.npmjs.org/content-type/-/content-type-1.0.4.tgz",
			"integrity": "sha512-hIP3EEPs8tB9AT1L+NUqtwOAps4mk2Zob89MWXMHjHWg9milF/j4osnnQLXBCBFBk/tvIG/tUc9mOUJiPBhPXA=="
		},
		"cookiejar": {
			"version": "2.1.2",
			"resolved": "https://registry.npmjs.org/cookiejar/-/cookiejar-2.1.2.tgz",
			"integrity": "sha512-Mw+adcfzPxcPeI+0WlvRrr/3lGVO0bD75SxX6811cxSh1Wbxx7xZBGK1eVtDf6si8rg2lhnUjsVLMFMfbRIuwA==",
			"dev": true
		},
		"debug": {
			"version": "4.3.1",
			"resolved": "https://registry.npmjs.org/debug/-/debug-4.3.1.tgz",
			"integrity": "sha512-doEwdvm4PCeK4K3RQN2ZC2BYUBaxwLARCqZmMjtF8a51J2Rb0xpVloFRnCODwqjpwnAoao4pelN8l3RJdv3gRQ==",
			"requires": {
				"ms": "2.1.2"
			}
		},
		"delayed-stream": {
			"version": "1.0.0",
			"resolved": "https://registry.npmjs.org/delayed-stream/-/delayed-stream-1.0.0.tgz",
			"integrity": "sha1-3zrhmayt+31ECqrgsp4icrJOxhk=",
			"dev": true
		},
		"depd": {
			"version": "1.1.2",
			"resolved": "https://registry.npmjs.org/depd/-/depd-1.1.2.tgz",
			"integrity": "sha1-m81S4UwJd2PnSbJ0xDRu0uVgtak="
		},
		"express-graphql": {
			"version": "0.11.0",
			"resolved": "https://registry.npmjs.org/express-graphql/-/express-graphql-0.11.0.tgz",
			"integrity": "sha512-IMYmF2aIBKKfo8c+EENBNR8FAy91QHboxfaHe1omCyb49GJXsToUgcjjIF/PfWJdzn0Ofp6JJvcsODQJrqpz2g==",
			"requires": {
				"accepts": "^1.3.7",
				"content-type": "^1.0.4",
				"http-errors": "1.8.0",
				"raw-body": "^2.4.1"
			}
		},
		"fast-safe-stringify": {
			"version": "2.0.7",
			"resolved": "https://registry.npmjs.org/fast-safe-stringify/-/fast-safe-stringify-2.0.7.tgz",
			"integrity": "sha512-Utm6CdzT+6xsDk2m8S6uL8VHxNwI6Jub+e9NYTcAms28T84pTa25GJQV9j0CY0N1rM8hK4x6grpF2BQf+2qwVA==",
			"dev": true
		},
		"form-data": {
			"version": "3.0.1",
			"resolved": "https://registry.npmjs.org/form-data/-/form-data-3.0.1.tgz",
			"integrity": "sha512-RHkBKtLWUVwd7SqRIvCZMEvAMoGUp0XU+seQiZejj0COz3RI3hWP4sCv3gZWWLjJTd7rGwcsF5eKZGii0r/hbg==",
			"dev": true,
			"requires": {
				"asynckit": "^0.4.0",
				"combined-stream": "^1.0.8",
				"mime-types": "^2.1.12"
			}
		},
		"formidable": {
			"version": "1.2.2",
			"resolved": "https://registry.npmjs.org/formidable/-/formidable-1.2.2.tgz",
			"integrity": "sha512-V8gLm+41I/8kguQ4/o1D3RIHRmhYFG4pnNyonvua+40rqcEmT4+V71yaZ3B457xbbgCsCfjSPi65u/W6vK1U5Q==",
			"dev": true
		},
		"function-bind": {
			"version": "1.1.1",
			"resolved": "https://registry.npmjs.org/function-bind/-/function-bind-1.1.1.tgz",
			"integrity": "sha512-yIovAzMX49sF8Yl58fSCWJ5svSLuaibPxXQJFLmBObTuCr0Mf1KiPopGM9NiFjiYBCbfaa2Fh6breQ6ANVTI0A==",
			"dev": true
		},
		"get-intrinsic": {
			"version": "1.1.1",
			"resolved": "https://registry.npmjs.org/get-intrinsic/-/get-intrinsic-1.1.1.tgz",
			"integrity": "sha512-kWZrnVM42QCiEA2Ig1bG8zjoIMOgxWwYCEeNdwY6Tv/cOSeGpcoX4pXHfKUxNKVoArnrEr2e9srnAxxGIraS9Q==",
			"dev": true,
			"requires": {
				"function-bind": "^1.1.1",
				"has": "^1.0.3",
				"has-symbols": "^1.0.1"
			}
		},
		"graphql": {
			"version": "14.4.2",
			"resolved": "https://registry.npmjs.org/graphql/-/graphql-14.4.2.tgz",
			"integrity": "sha512-6uQadiRgnpnSS56hdZUSvFrVcQ6OF9y6wkxJfKquFtHlnl7+KSuWwSJsdwiK1vybm1HgcdbpGkCpvhvsVQ0UZQ==",
			"requires": {
				"iterall": "^1.2.2"
			}
		},
		"graphql-iso-date": {
			"version": "3.6.1",
			"resolved": "https://registry.npmjs.org/graphql-iso-date/-/graphql-iso-date-3.6.1.tgz",
			"integrity": "sha512-AwFGIuYMJQXOEAgRlJlFL4H1ncFM8n8XmoVDTNypNOZyQ8LFDG2ppMFlsS862BSTCDcSUfHp8PD3/uJhv7t59Q=="
		},
		"graphql-type-json": {
			"version": "0.3.2",
			"resolved": "https://registry.npmjs.org/graphql-type-json/-/graphql-type-json-0.3.2.tgz",
			"integrity": "sha512-J+vjof74oMlCWXSvt0DOf2APEdZOCdubEvGDUAlqH//VBYcOYsGgRW7Xzorr44LvkjiuvecWc8fChxuZZbChtg=="
		},
		"has": {
			"version": "1.0.3",
			"resolved": "https://registry.npmjs.org/has/-/has-1.0.3.tgz",
			"integrity": "sha512-f2dvO0VU6Oej7RkWJGrehjbzMAjFp5/VKPp5tTpWIV4JHHZK1/BxbFRtf/siA2SWTe09caDmVtYYzWEIbBS4zw==",
			"dev": true,
			"requires": {
				"function-bind": "^1.1.1"
			}
		},
		"has-symbols": {
			"version": "1.0.2",
			"resolved": "https://registry.npmjs.org/has-symbols/-/has-symbols-1.0.2.tgz",
			"integrity": "sha512-chXa79rL/UC2KlX17jo3vRGz0azaWEx5tGqZg5pO3NUyEJVB17dMruQlzCCOfUvElghKcm5194+BCRvi2Rv/Gw==",
			"dev": true
		},
		"http-errors": {
			"version": "1.8.0",
			"resolved": "https://registry.npmjs.org/http-errors/-/http-errors-1.8.0.tgz",
			"integrity": "sha512-4I8r0C5JDhT5VkvI47QktDW75rNlGVsUf/8hzjCC/wkWI/jdTRmBb9aI7erSG82r1bjKY3F6k28WnsVxB1C73A==",
			"requires": {
				"depd": "~1.1.2",
				"inherits": "2.0.4",
				"setprototypeof": "1.2.0",
				"statuses": ">= 1.5.0 < 2",
				"toidentifier": "1.0.0"
			}
		},
		"iconv-lite": {
			"version": "0.4.24",
			"resolved": "https://registry.npmjs.org/iconv-lite/-/iconv-lite-0.4.24.tgz",
			"integrity": "sha512-v3MXnZAcvnywkTUEZomIActle7RXXeedOR31wwl7VlyoXO4Qi9arvSenNQWne1TcRwhCL1HwLI21bEqdpj8/rA==",
			"requires": {
				"safer-buffer": ">= 2.1.2 < 3"
			}
		},
		"inherits": {
			"version": "2.0.4",
			"resolved": "https://registry.npmjs.org/inherits/-/inherits-2.0.4.tgz",
			"integrity": "sha512-k/vGaX4/Yla3WzyMCvTQOXYeIHvqOKtnqBduzTHpzpQZzAskKMhZ2K+EnBiSM9zGSoIFeMpXKxa4dYeZIQqewQ=="
		},
		"iterall": {
			"version": "1.3.0",
			"resolved": "https://registry.npmjs.org/iterall/-/iterall-1.3.0.tgz",
			"integrity": "sha512-QZ9qOMdF+QLHxy1QIpUHUU1D5pS2CG2P69LF6L6CPjPYA/XMOmKV3PZpawHoAjHNyB0swdVTRxdYT4tbBbxqwg=="
		},
		"lodash": {
			"version": "4.17.21",
			"resolved": "https://registry.npmjs.org/lodash/-/lodash-4.17.21.tgz",
			"integrity": "sha512-v2kDEe57lecTulaDIuNTPy3Ry4gLGJ6Z1O3vE1krgXZNrsQ+LFTGHVxVjcXPs17LhbZVGedAJv8XZ1tvj5FvSg=="
		},
		"lru-cache": {
			"version": "6.0.0",
			"resolved": "https://registry.npmjs.org/lru-cache/-/lru-cache-6.0.0.tgz",
			"integrity": "sha512-Jo6dJ04CmSjuznwJSS3pUeWmd/H0ffTlkXXgwZi+eq1UCmqQwCh+eLsYOYCwY991i2Fah4h1BEMCx4qThGbsiA==",
			"dev": true,
			"requires": {
				"yallist": "^4.0.0"
			}
		},
		"methods": {
			"version": "1.1.2",
			"resolved": "https://registry.npmjs.org/methods/-/methods-1.1.2.tgz",
			"integrity": "sha1-VSmk1nZUE07cxSZmVoNbD4Ua/O4=",
			"dev": true
		},
		"mime": {
			"version": "2.5.2",
			"resolved": "https://registry.npmjs.org/mime/-/mime-2.5.2.tgz",
			"integrity": "sha512-tqkh47FzKeCPD2PUiPB6pkbMzsCasjxAfC62/Wap5qrUWcb+sFasXUC5I3gYM5iBM8v/Qpn4UK0x+j0iHyFPDg==",
			"dev": true
		},
		"mime-db": {
			"version": "1.45.0",
			"resolved": "https://registry.npmjs.org/mime-db/-/mime-db-1.45.0.tgz",
			"integrity": "sha512-CkqLUxUk15hofLoLyljJSrukZi8mAtgd+yE5uO4tqRZsdsAJKv0O+rFMhVDRJgozy+yG6md5KwuXhD4ocIoP+w=="
		},
		"mime-types": {
			"version": "2.1.28",
			"resolved": "https://registry.npmjs.org/mime-types/-/mime-types-2.1.28.tgz",
			"integrity": "sha512-0TO2yJ5YHYr7M2zzT7gDU1tbwHxEUWBCLt0lscSNpcdAfFyJOVEpRYNS7EXVcTLNj/25QO8gulHC5JtTzSE2UQ==",
			"requires": {
				"mime-db": "1.45.0"
			}
		},
		"ms": {
			"version": "2.1.2",
			"resolved": "https://registry.npmjs.org/ms/-/ms-2.1.2.tgz",
			"integrity": "sha512-sGkPx+VjMtmA6MX27oA4FBFELFCZZ4S4XqeGOXCv68tT+jb3vk/RyaKWP0PTKyWtmLSM0b+adUTEvbs1PEaH2w=="
		},
		"negotiator": {
			"version": "0.6.2",
			"resolved": "https://registry.npmjs.org/negotiator/-/negotiator-0.6.2.tgz",
			"integrity": "sha512-hZXc7K2e+PgeI1eDBe/10Ard4ekbfrrqG8Ep+8Jmf4JID2bNg7NvCPOZN+kfF574pFQI7mum2AUqDidoKqcTOw=="
		},
		"object-inspect": {
			"version": "1.10.3",
			"resolved": "https://registry.npmjs.org/object-inspect/-/object-inspect-1.10.3.tgz",
			"integrity": "sha512-e5mCJlSH7poANfC8z8S9s9S2IN5/4Zb3aZ33f5s8YqoazCFzNLloLU8r5VCG+G7WoqLvAAZoVMcy3tp/3X0Plw==",
			"dev": true
		},
		"qs": {
			"version": "6.10.1",
			"resolved": "https://registry.npmjs.org/qs/-/qs-6.10.1.tgz",
			"integrity": "sha512-M528Hph6wsSVOBiYUnGf+K/7w0hNshs/duGsNXPUCLH5XAqjEtiPGwNONLV0tBH8NoGb0mvD5JubnUTrujKDTg==",
			"dev": true,
			"requires": {
				"side-channel": "^1.0.4"
			}
		},
		"raw-body": {
			"version": "2.4.1",
			"resolved": "https://registry.npmjs.org/raw-body/-/raw-body-2.4.1.tgz",
			"integrity": "sha512-9WmIKF6mkvA0SLmA2Knm9+qj89e+j1zqgyn8aXGd7+nAduPoqgI9lO57SAZNn/Byzo5P7JhXTyg9PzaJbH73bA==",
			"requires": {
				"bytes": "3.1.0",
				"http-errors": "1.7.3",
				"iconv-lite": "0.4.24",
				"unpipe": "1.0.0"
			},
			"dependencies": {
				"http-errors": {
					"version": "1.7.3",
					"resolved": "https://registry.npmjs.org/http-errors/-/http-errors-1.7.3.tgz",
					"integrity": "sha512-ZTTX0MWrsQ2ZAhA1cejAwDLycFsd7I7nVtnkT3Ol0aqodaKW+0CTZDQ1uBv5whptCnc8e8HeRRJxRs0kmm/Qfw==",
					"requires": {
						"depd": "~1.1.2",
						"inherits": "2.0.4",
						"setprototypeof": "1.1.1",
						"statuses": ">= 1.5.0 < 2",
						"toidentifier": "1.0.0"
					}
				},
				"setprototypeof": {
					"version": "1.1.1",
					"resolved": "https://registry.npmjs.org/setprototypeof/-/setprototypeof-1.1.1.tgz",
					"integrity": "sha512-JvdAWfbXeIGaZ9cILp38HntZSFSo3mWg6xGcJJsd+d4aRMOqauag1C63dJfDw7OaMYwEbHMOxEZ1lqVRYP2OAw=="
				}
			}
		},
		"readable-stream": {
			"version": "3.6.0",
			"resolved": "https://registry.npmjs.org/readable-stream/-/readable-stream-3.6.0.tgz",
			"integrity": "sha512-BViHy7LKeTz4oNnkcLJ+lVSL6vpiFeX6/d3oSH8zCW7UxP2onchk+vTGB143xuFjHS3deTgkKoXXymXqymiIdA==",
			"dev": true,
			"requires": {
				"inherits": "^2.0.3",
				"string_decoder": "^1.1.1",
				"util-deprecate": "^1.0.1"
			}
		},
		"safe-buffer": {
			"version": "5.2.1",
			"resolved": "https://registry.npmjs.org/safe-buffer/-/safe-buffer-5.2.1.tgz",
			"integrity": "sha512-rp3So07KcdmmKbGvgaNxQSJr7bGVSVk5S9Eq1F+ppbRo70+YeaDxkw5Dd8NPN+GD6bjnYm2VuPuCXmpuYvmCXQ==",
			"dev": true
		},
		"safer-buffer": {
			"version": "2.1.2",
			"resolved": "https://registry.npmjs.org/safer-buffer/-/safer-buffer-2.1.2.tgz",
			"integrity": "sha512-YZo3K82SD7Riyi0E1EQPojLz7kpepnSQI9IyPbHHg1XXXevb5dJI7tpyN2ADxGcQbHG7vcyRHk0cbwqcQriUtg=="
		},
		"semver": {
			"version": "7.3.5",
			"resolved": "https://registry.npmjs.org/semver/-/semver-7.3.5.tgz",
			"integrity": "sha512-PoeGJYh8HK4BTO/a9Tf6ZG3veo/A7ZVsYrSA6J8ny9nb3B1VrpkuN+z9OE5wfE5p6H4LchYZsegiQgbJD94ZFQ==",
			"dev": true,
			"requires": {
				"lru-cache": "^6.0.0"
			}
		},
		"setprototypeof": {
			"version": "1.2.0",
			"resolved": "https://registry.npmjs.org/setprototypeof/-/setprototypeof-1.2.0.tgz",
			"integrity": "sha512-E5LDX7Wrp85Kil5bhZv46j8jOeboKq5JMmYM3gVGdGH8xFpPWXUMsNrlODCrkoxMEeNi/XZIwuRvY4XNwYMJpw=="
		},
		"side-channel": {
			"version": "1.0.4",
			"resolved": "https://registry.npmjs.org/side-channel/-/side-channel-1.0.4.tgz",
			"integrity": "sha512-q5XPytqFEIKHkGdiMIrY10mvLRvnQh42/+GoBlFW3b2LXLE2xxJpZFdm94we0BaoV3RwJyGqg5wS7epxTv0Zvw==",
			"dev": true,
			"requires": {
				"call-bind": "^1.0.0",
				"get-intrinsic": "^1.0.2",
				"object-inspect": "^1.9.0"
			}
		},
		"statuses": {
			"version": "1.5.0",
			"resolved": "https://registry.npmjs.org/statuses/-/statuses-1.5.0.tgz",
			"integrity": "sha1-Fhx9rBd2Wf2YEfQ3cfqZOBR4Yow="
		},
		"string_decoder": {
			"version": "1.3.0",
			"resolved": "https://registry.npmjs.org/string_decoder/-/string_decoder-1.3.0.tgz",
			"integrity": "sha512-hkRX8U1WjJFd8LsDJ2yQ/wWWxaopEsABU1XfkM8A+j0+85JAGppt16cr1Whg6KIbb4okU6Mql6BOj+uup/wKeA==",
			"dev": true,
			"requires": {
				"safe-buffer": "~5.2.0"
			}
		},
		"superagent": {
			"version": "6.1.0",
			"resolved": "https://registry.npmjs.org/superagent/-/superagent-6.1.0.tgz",
			"integrity": "sha512-OUDHEssirmplo3F+1HWKUrUjvnQuA+nZI6i/JJBdXb5eq9IyEQwPyPpqND+SSsxf6TygpBEkUjISVRN4/VOpeg==",
			"dev": true,
			"requires": {
				"component-emitter": "^1.3.0",
				"cookiejar": "^2.1.2",
				"debug": "^4.1.1",
				"fast-safe-stringify": "^2.0.7",
				"form-data": "^3.0.0",
				"formidable": "^1.2.2",
				"methods": "^1.1.2",
				"mime": "^2.4.6",
				"qs": "^6.9.4",
				"readable-stream": "^3.6.0",
				"semver": "^7.3.2"
			}
		},
		"supertest": {
			"version": "6.1.3",
			"resolved": "https://registry.npmjs.org/supertest/-/supertest-6.1.3.tgz",
			"integrity": "sha512-v2NVRyP73XDewKb65adz+yug1XMtmvij63qIWHZzSX8tp6wiq6xBLUy4SUAd2NII6wIipOmHT/FD9eicpJwdgQ==",
			"dev": true,
			"requires": {
				"methods": "^1.1.2",
				"superagent": "^6.1.0"
			}
		},
		"toidentifier": {
			"version": "1.0.0",
			"resolved": "https://registry.npmjs.org/toidentifier/-/toidentifier-1.0.0.tgz",
			"integrity": "sha512-yaOH/Pk/VEhBWWTlhI+qXxDFXlejDGcQipMlyxda9nthulaxLZUNcUqFxokp0vcYnvteJln5FNQDRrxj3YcbVw=="
		},
		"tslib": {
			"version": "2.3.0",
			"resolved": "https://registry.npmjs.org/tslib/-/tslib-2.3.0.tgz",
			"integrity": "sha512-N82ooyxVNm6h1riLCoyS9e3fuJ3AMG2zIZs2Gd1ATcSFjSA23Q0fzjjZeh0jbJvWVDZ0cJT8yaNNaaXHzueNjg==",
			"dev": true
		},
		"typescript": {
			"version": "4.3.5",
			"resolved": "https://registry.npmjs.org/typescript/-/typescript-4.3.5.tgz",
			"integrity": "sha512-DqQgihaQ9cUrskJo9kIyW/+g0Vxsk8cDtZ52a3NGh0YNTfpUSArXSohyUGnvbPazEPLu398C0UxmKSOrPumUzA==",
			"dev": true
		},
		"unpipe": {
			"version": "1.0.0",
			"resolved": "https://registry.npmjs.org/unpipe/-/unpipe-1.0.0.tgz",
			"integrity": "sha1-sr9O6FFKrmFltIF4KdIbLvSZBOw="
		},
		"util-deprecate": {
			"version": "1.0.2",
			"resolved": "https://registry.npmjs.org/util-deprecate/-/util-deprecate-1.0.2.tgz",
			"integrity": "sha1-RQ1Nyfpw3nMnYvvS1KKJgUGaDM8=",
			"dev": true
		},
		"yallist": {
			"version": "4.0.0",
			"resolved": "https://registry.npmjs.org/yallist/-/yallist-4.0.0.tgz",
			"integrity": "sha512-3wdGidZyq5PB084XLES5TpOSRA3wjXAlIWMhum2kRcv/41Sn2emQ0dycQW4uZXLejwKvg6EsvbdlVL+FYEct7A==",
			"dev": true
		}
	}
}
