{
	"name": "@davinci/messaging",
	"version": "2.1.1",
	"lockfileVersion": 2,
	"requires": true,
	"packages": {
		"": {
			"name": "@davinci/messaging",
			"version": "2.1.1",
			"license": "MIT",
			"dependencies": {
				"@davinci/reflector": "^2.1.1"
			}
		},
		"../reflector": {
			"name": "@davinci/reflector",
			"version": "2.1.1",
			"license": "MIT",
			"dependencies": {
				"@plumier/reflect": "1.0.6",
				"reflect-metadata": "^0.1.13"
			}
		},
		"../reflector/node_modules/@plumier/reflect": {
			"version": "1.0.6",
			"license": "MIT",
			"dependencies": {
				"@types/acorn": "4.0.6",
				"acorn": "8.5.0",
				"reflect-metadata": "^0.1.13"
			}
		},
		"../reflector/node_modules/@types/acorn": {
			"version": "4.0.6",
			"license": "MIT",
			"dependencies": {
				"@types/estree": "*"
			}
		},
		"../reflector/node_modules/@types/estree": {
			"version": "1.0.0",
			"license": "MIT"
		},
		"../reflector/node_modules/acorn": {
			"version": "8.5.0",
			"license": "MIT",
			"bin": {
				"acorn": "bin/acorn"
			},
			"engines": {
				"node": ">=0.4.0"
			}
		},
		"../reflector/node_modules/reflect-metadata": {
			"version": "0.1.13",
			"license": "Apache-2.0"
		},
		"node_modules/@davinci/reflector": {
			"resolved": "../reflector",
			"link": true
		}
	},
	"dependencies": {
		"@davinci/reflector": {
			"version": "file:../reflector",
			"requires": {
				"@plumier/reflect": "1.0.6",
				"reflect-metadata": "^0.1.13"
			},
			"dependencies": {
				"@plumier/reflect": {
					"version": "1.0.6",
					"requires": {
						"@types/acorn": "4.0.6",
						"acorn": "8.5.0",
						"reflect-metadata": "^0.1.13"
					}
				},
				"@types/acorn": {
					"version": "4.0.6",
					"requires": {
						"@types/estree": "*"
					}
				},
				"@types/estree": {
					"version": "1.0.0"
				},
				"acorn": {
					"version": "8.5.0"
				},
				"reflect-metadata": {
					"version": "0.1.13"
				}
			}
		}
	}
}
