{
	"name": "@davinci/http-agnostic-router",
	"version": "2.0.0-next.1",
	"lockfileVersion": 2,
	"requires": true,
	"packages": {
		"": {
			"name": "@davinci/http-agnostic-router",
			"version": "2.0.0-next.1",
			"license": "MIT",
			"dependencies": {
				"url-parse": "^1.5.10"
			},
			"devDependencies": {
				"@types/url-parse": "^1.4.8",
				"qs": "^6.11.0",
				"typescript": "^4.6.2"
			},
			"peerDependencies": {
				"express": "^4.0.0",
				"qs": "^6.11.0"
			}
		},
		"../core": {
			"name": "@davinci/core",
			"version": "2.0.0-next.17",
			"extraneous": true,
			"license": "MIT",
			"dependencies": {
				"@davinci/reflector": "^2.0.0-next.13",
				"deepmerge": "^4.2.2",
				"pino": "7.9.1",
				"tsyringe": "^4.7.0"
			},
			"devDependencies": {
				"typescript": "^4.6.2"
			}
		},
		"../http-server": {
			"name": "@davinci/http-server",
			"version": "2.0.0-next.20",
			"extraneous": true,
			"license": "MIT",
			"dependencies": {
				"@davinci/core": "^2.0.0-next.17",
				"@davinci/reflector": "^2.0.0-next.13",
				"pino": "^7.11.0"
			},
			"devDependencies": {
				"ajv": "^8.0.0",
				"ajv-formats": "^2.1.1",
				"openapi-types": "^12.0.2",
				"typescript": "^4.6.2"
			},
			"peerDependencies": {
				"ajv": "^8.0.0",
				"ajv-formats": "^2.1.1"
			}
		},
		"../reflector": {
			"name": "@davinci/reflector",
			"version": "2.0.0-next.13",
			"extraneous": true,
			"license": "MIT",
			"dependencies": {
				"@plumier/reflect": "1.0.6",
				"reflect-metadata": "^0.1.13"
			}
		},
		"node_modules/@types/url-parse": {
			"version": "1.4.8",
			"dev": true,
			"license": "MIT"
		},
		"node_modules/accepts": {
			"version": "1.3.8",
			"license": "MIT",
			"peer": true,
			"dependencies": {
				"mime-types": "~2.1.34",
				"negotiator": "0.6.3"
			},
			"engines": {
				"node": ">= 0.6"
			}
		},
		"node_modules/array-flatten": {
			"version": "1.1.1",
			"license": "MIT",
			"peer": true
		},
		"node_modules/body-parser": {
			"version": "1.20.1",
			"license": "MIT",
			"peer": true,
			"dependencies": {
				"bytes": "3.1.2",
				"content-type": "~1.0.4",
				"debug": "2.6.9",
				"depd": "2.0.0",
				"destroy": "1.2.0",
				"http-errors": "2.0.0",
				"iconv-lite": "0.4.24",
				"on-finished": "2.4.1",
				"qs": "6.11.0",
				"raw-body": "2.5.1",
				"type-is": "~1.6.18",
				"unpipe": "1.0.0"
			},
			"engines": {
				"node": ">= 0.8",
				"npm": "1.2.8000 || >= 1.4.16"
			}
		},
		"node_modules/bytes": {
			"version": "3.1.2",
			"license": "MIT",
			"peer": true,
			"engines": {
				"node": ">= 0.8"
			}
		},
		"node_modules/call-bind": {
			"version": "1.0.2",
			"license": "MIT",
			"dependencies": {
				"function-bind": "^1.1.1",
				"get-intrinsic": "^1.0.2"
			},
			"funding": {
				"url": "https://github.com/sponsors/ljharb"
			}
		},
		"node_modules/content-disposition": {
			"version": "0.5.4",
			"license": "MIT",
			"peer": true,
			"dependencies": {
				"safe-buffer": "5.2.1"
			},
			"engines": {
				"node": ">= 0.6"
			}
		},
		"node_modules/content-type": {
			"version": "1.0.4",
			"license": "MIT",
			"peer": true,
			"engines": {
				"node": ">= 0.6"
			}
		},
		"node_modules/cookie": {
			"version": "0.5.0",
			"license": "MIT",
			"peer": true,
			"engines": {
				"node": ">= 0.6"
			}
		},
		"node_modules/cookie-signature": {
			"version": "1.0.6",
			"license": "MIT",
			"peer": true
		},
		"node_modules/debug": {
			"version": "2.6.9",
			"license": "MIT",
			"peer": true,
			"dependencies": {
				"ms": "2.0.0"
			}
		},
		"node_modules/depd": {
			"version": "2.0.0",
			"license": "MIT",
			"peer": true,
			"engines": {
				"node": ">= 0.8"
			}
		},
		"node_modules/destroy": {
			"version": "1.2.0",
			"license": "MIT",
			"peer": true,
			"engines": {
				"node": ">= 0.8",
				"npm": "1.2.8000 || >= 1.4.16"
			}
		},
		"node_modules/ee-first": {
			"version": "1.1.1",
			"license": "MIT",
			"peer": true
		},
		"node_modules/encodeurl": {
			"version": "1.0.2",
			"license": "MIT",
			"peer": true,
			"engines": {
				"node": ">= 0.8"
			}
		},
		"node_modules/escape-html": {
			"version": "1.0.3",
			"license": "MIT",
			"peer": true
		},
		"node_modules/etag": {
			"version": "1.8.1",
			"license": "MIT",
			"peer": true,
			"engines": {
				"node": ">= 0.6"
			}
		},
		"node_modules/express": {
			"version": "4.18.2",
			"license": "MIT",
			"peer": true,
			"dependencies": {
				"accepts": "~1.3.8",
				"array-flatten": "1.1.1",
				"body-parser": "1.20.1",
				"content-disposition": "0.5.4",
				"content-type": "~1.0.4",
				"cookie": "0.5.0",
				"cookie-signature": "1.0.6",
				"debug": "2.6.9",
				"depd": "2.0.0",
				"encodeurl": "~1.0.2",
				"escape-html": "~1.0.3",
				"etag": "~1.8.1",
				"finalhandler": "1.2.0",
				"fresh": "0.5.2",
				"http-errors": "2.0.0",
				"merge-descriptors": "1.0.1",
				"methods": "~1.1.2",
				"on-finished": "2.4.1",
				"parseurl": "~1.3.3",
				"path-to-regexp": "0.1.7",
				"proxy-addr": "~2.0.7",
				"qs": "6.11.0",
				"range-parser": "~1.2.1",
				"safe-buffer": "5.2.1",
				"send": "0.18.0",
				"serve-static": "1.15.0",
				"setprototypeof": "1.2.0",
				"statuses": "2.0.1",
				"type-is": "~1.6.18",
				"utils-merge": "1.0.1",
				"vary": "~1.1.2"
			},
			"engines": {
				"node": ">= 0.10.0"
			}
		},
		"node_modules/finalhandler": {
			"version": "1.2.0",
			"license": "MIT",
			"peer": true,
			"dependencies": {
				"debug": "2.6.9",
				"encodeurl": "~1.0.2",
				"escape-html": "~1.0.3",
				"on-finished": "2.4.1",
				"parseurl": "~1.3.3",
				"statuses": "2.0.1",
				"unpipe": "~1.0.0"
			},
			"engines": {
				"node": ">= 0.8"
			}
		},
		"node_modules/forwarded": {
			"version": "0.2.0",
			"license": "MIT",
			"peer": true,
			"engines": {
				"node": ">= 0.6"
			}
		},
		"node_modules/fresh": {
			"version": "0.5.2",
			"license": "MIT",
			"peer": true,
			"engines": {
				"node": ">= 0.6"
			}
		},
		"node_modules/function-bind": {
			"version": "1.1.1",
			"license": "MIT"
		},
		"node_modules/get-intrinsic": {
			"version": "1.1.3",
			"license": "MIT",
			"dependencies": {
				"function-bind": "^1.1.1",
				"has": "^1.0.3",
				"has-symbols": "^1.0.3"
			},
			"funding": {
				"url": "https://github.com/sponsors/ljharb"
			}
		},
		"node_modules/has": {
			"version": "1.0.3",
			"license": "MIT",
			"dependencies": {
				"function-bind": "^1.1.1"
			},
			"engines": {
				"node": ">= 0.4.0"
			}
		},
		"node_modules/has-symbols": {
			"version": "1.0.3",
			"license": "MIT",
			"engines": {
				"node": ">= 0.4"
			},
			"funding": {
				"url": "https://github.com/sponsors/ljharb"
			}
		},
		"node_modules/http-errors": {
			"version": "2.0.0",
			"license": "MIT",
			"peer": true,
			"dependencies": {
				"depd": "2.0.0",
				"inherits": "2.0.4",
				"setprototypeof": "1.2.0",
				"statuses": "2.0.1",
				"toidentifier": "1.0.1"
			},
			"engines": {
				"node": ">= 0.8"
			}
		},
		"node_modules/iconv-lite": {
			"version": "0.4.24",
			"license": "MIT",
			"peer": true,
			"dependencies": {
				"safer-buffer": ">= 2.1.2 < 3"
			},
			"engines": {
				"node": ">=0.10.0"
			}
		},
		"node_modules/inherits": {
			"version": "2.0.4",
			"license": "ISC",
			"peer": true
		},
		"node_modules/ipaddr.js": {
			"version": "1.9.1",
			"license": "MIT",
			"peer": true,
			"engines": {
				"node": ">= 0.10"
			}
		},
		"node_modules/media-typer": {
			"version": "0.3.0",
			"license": "MIT",
			"peer": true,
			"engines": {
				"node": ">= 0.6"
			}
		},
		"node_modules/merge-descriptors": {
			"version": "1.0.1",
			"license": "MIT",
			"peer": true
		},
		"node_modules/methods": {
			"version": "1.1.2",
			"license": "MIT",
			"peer": true,
			"engines": {
				"node": ">= 0.6"
			}
		},
		"node_modules/mime": {
			"version": "1.6.0",
			"license": "MIT",
			"peer": true,
			"bin": {
				"mime": "cli.js"
			},
			"engines": {
				"node": ">=4"
			}
		},
		"node_modules/mime-db": {
			"version": "1.52.0",
			"license": "MIT",
			"peer": true,
			"engines": {
				"node": ">= 0.6"
			}
		},
		"node_modules/mime-types": {
			"version": "2.1.35",
			"license": "MIT",
			"peer": true,
			"dependencies": {
				"mime-db": "1.52.0"
			},
			"engines": {
				"node": ">= 0.6"
			}
		},
		"node_modules/ms": {
			"version": "2.0.0",
			"license": "MIT",
			"peer": true
		},
		"node_modules/negotiator": {
			"version": "0.6.3",
			"license": "MIT",
			"peer": true,
			"engines": {
				"node": ">= 0.6"
			}
		},
		"node_modules/object-inspect": {
			"version": "1.12.2",
			"license": "MIT",
			"funding": {
				"url": "https://github.com/sponsors/ljharb"
			}
		},
		"node_modules/on-finished": {
			"version": "2.4.1",
			"license": "MIT",
			"peer": true,
			"dependencies": {
				"ee-first": "1.1.1"
			},
			"engines": {
				"node": ">= 0.8"
			}
		},
		"node_modules/parseurl": {
			"version": "1.3.3",
			"license": "MIT",
			"peer": true,
			"engines": {
				"node": ">= 0.8"
			}
		},
		"node_modules/path-to-regexp": {
			"version": "0.1.7",
			"license": "MIT",
			"peer": true
		},
		"node_modules/proxy-addr": {
			"version": "2.0.7",
			"license": "MIT",
			"peer": true,
			"dependencies": {
				"forwarded": "0.2.0",
				"ipaddr.js": "1.9.1"
			},
			"engines": {
				"node": ">= 0.10"
			}
		},
		"node_modules/qs": {
			"version": "6.11.0",
			"license": "BSD-3-Clause",
			"dependencies": {
				"side-channel": "^1.0.4"
			},
			"engines": {
				"node": ">=0.6"
			},
			"funding": {
				"url": "https://github.com/sponsors/ljharb"
			}
		},
		"node_modules/querystringify": {
			"version": "2.2.0",
			"license": "MIT"
		},
		"node_modules/range-parser": {
			"version": "1.2.1",
			"license": "MIT",
			"peer": true,
			"engines": {
				"node": ">= 0.6"
			}
		},
		"node_modules/raw-body": {
			"version": "2.5.1",
			"license": "MIT",
			"peer": true,
			"dependencies": {
				"bytes": "3.1.2",
				"http-errors": "2.0.0",
				"iconv-lite": "0.4.24",
				"unpipe": "1.0.0"
			},
			"engines": {
				"node": ">= 0.8"
			}
		},
		"node_modules/requires-port": {
			"version": "1.0.0",
			"license": "MIT"
		},
		"node_modules/safe-buffer": {
			"version": "5.2.1",
			"funding": [
				{
					"type": "github",
					"url": "https://github.com/sponsors/feross"
				},
				{
					"type": "patreon",
					"url": "https://www.patreon.com/feross"
				},
				{
					"type": "consulting",
					"url": "https://feross.org/support"
				}
			],
			"license": "MIT",
			"peer": true
		},
		"node_modules/safer-buffer": {
			"version": "2.1.2",
			"license": "MIT",
			"peer": true
		},
		"node_modules/send": {
			"version": "0.18.0",
			"license": "MIT",
			"peer": true,
			"dependencies": {
				"debug": "2.6.9",
				"depd": "2.0.0",
				"destroy": "1.2.0",
				"encodeurl": "~1.0.2",
				"escape-html": "~1.0.3",
				"etag": "~1.8.1",
				"fresh": "0.5.2",
				"http-errors": "2.0.0",
				"mime": "1.6.0",
				"ms": "2.1.3",
				"on-finished": "2.4.1",
				"range-parser": "~1.2.1",
				"statuses": "2.0.1"
			},
			"engines": {
				"node": ">= 0.8.0"
			}
		},
		"node_modules/send/node_modules/ms": {
			"version": "2.1.3",
			"license": "MIT",
			"peer": true
		},
		"node_modules/serve-static": {
			"version": "1.15.0",
			"license": "MIT",
			"peer": true,
			"dependencies": {
				"encodeurl": "~1.0.2",
				"escape-html": "~1.0.3",
				"parseurl": "~1.3.3",
				"send": "0.18.0"
			},
			"engines": {
				"node": ">= 0.8.0"
			}
		},
		"node_modules/setprototypeof": {
			"version": "1.2.0",
			"license": "ISC",
			"peer": true
		},
		"node_modules/side-channel": {
			"version": "1.0.4",
			"license": "MIT",
			"dependencies": {
				"call-bind": "^1.0.0",
				"get-intrinsic": "^1.0.2",
				"object-inspect": "^1.9.0"
			},
			"funding": {
				"url": "https://github.com/sponsors/ljharb"
			}
		},
		"node_modules/statuses": {
			"version": "2.0.1",
			"license": "MIT",
			"peer": true,
			"engines": {
				"node": ">= 0.8"
			}
		},
		"node_modules/toidentifier": {
			"version": "1.0.1",
			"license": "MIT",
			"peer": true,
			"engines": {
				"node": ">=0.6"
			}
		},
		"node_modules/type-is": {
			"version": "1.6.18",
			"license": "MIT",
			"peer": true,
			"dependencies": {
				"media-typer": "0.3.0",
				"mime-types": "~2.1.24"
			},
			"engines": {
				"node": ">= 0.6"
			}
		},
		"node_modules/typescript": {
			"version": "4.9.3",
			"dev": true,
			"license": "Apache-2.0",
			"bin": {
				"tsc": "bin/tsc",
				"tsserver": "bin/tsserver"
			},
			"engines": {
				"node": ">=4.2.0"
			}
		},
		"node_modules/unpipe": {
			"version": "1.0.0",
			"license": "MIT",
			"peer": true,
			"engines": {
				"node": ">= 0.8"
			}
		},
		"node_modules/url-parse": {
			"version": "1.5.10",
			"resolved": "https://registry.npmjs.org/url-parse/-/url-parse-1.5.10.tgz",
			"integrity": "sha512-WypcfiRhfeUP9vvF0j6rw0J3hrWrw6iZv3+22h6iRMJ/8z1Tj6XfLP4DsUix5MhMPnXpiHDoKyoZ/bdCkwBCiQ==",
			"dependencies": {
				"querystringify": "^2.1.1",
				"requires-port": "^1.0.0"
			}
		},
		"node_modules/utils-merge": {
			"version": "1.0.1",
			"license": "MIT",
			"peer": true,
			"engines": {
				"node": ">= 0.4.0"
			}
		},
		"node_modules/vary": {
			"version": "1.1.2",
			"license": "MIT",
			"peer": true,
			"engines": {
				"node": ">= 0.8"
			}
		}
	},
	"dependencies": {
		"@types/url-parse": {
			"version": "1.4.8",
			"dev": true
		},
		"accepts": {
			"version": "1.3.8",
			"peer": true,
			"requires": {
				"mime-types": "~2.1.34",
				"negotiator": "0.6.3"
			}
		},
		"array-flatten": {
			"version": "1.1.1",
			"peer": true
		},
		"body-parser": {
			"version": "1.20.1",
			"peer": true,
			"requires": {
				"bytes": "3.1.2",
				"content-type": "~1.0.4",
				"debug": "2.6.9",
				"depd": "2.0.0",
				"destroy": "1.2.0",
				"http-errors": "2.0.0",
				"iconv-lite": "0.4.24",
				"on-finished": "2.4.1",
				"qs": "6.11.0",
				"raw-body": "2.5.1",
				"type-is": "~1.6.18",
				"unpipe": "1.0.0"
			}
		},
		"bytes": {
			"version": "3.1.2",
			"peer": true
		},
		"call-bind": {
			"version": "1.0.2",
			"requires": {
				"function-bind": "^1.1.1",
				"get-intrinsic": "^1.0.2"
			}
		},
		"content-disposition": {
			"version": "0.5.4",
			"peer": true,
			"requires": {
				"safe-buffer": "5.2.1"
			}
		},
		"content-type": {
			"version": "1.0.4",
			"peer": true
		},
		"cookie": {
			"version": "0.5.0",
			"peer": true
		},
		"cookie-signature": {
			"version": "1.0.6",
			"peer": true
		},
		"debug": {
			"version": "2.6.9",
			"peer": true,
			"requires": {
				"ms": "2.0.0"
			}
		},
		"depd": {
			"version": "2.0.0",
			"peer": true
		},
		"destroy": {
			"version": "1.2.0",
			"peer": true
		},
		"ee-first": {
			"version": "1.1.1",
			"peer": true
		},
		"encodeurl": {
			"version": "1.0.2",
			"peer": true
		},
		"escape-html": {
			"version": "1.0.3",
			"peer": true
		},
		"etag": {
			"version": "1.8.1",
			"peer": true
		},
		"express": {
			"version": "4.18.2",
			"peer": true,
			"requires": {
				"accepts": "~1.3.8",
				"array-flatten": "1.1.1",
				"body-parser": "1.20.1",
				"content-disposition": "0.5.4",
				"content-type": "~1.0.4",
				"cookie": "0.5.0",
				"cookie-signature": "1.0.6",
				"debug": "2.6.9",
				"depd": "2.0.0",
				"encodeurl": "~1.0.2",
				"escape-html": "~1.0.3",
				"etag": "~1.8.1",
				"finalhandler": "1.2.0",
				"fresh": "0.5.2",
				"http-errors": "2.0.0",
				"merge-descriptors": "1.0.1",
				"methods": "~1.1.2",
				"on-finished": "2.4.1",
				"parseurl": "~1.3.3",
				"path-to-regexp": "0.1.7",
				"proxy-addr": "~2.0.7",
				"qs": "6.11.0",
				"range-parser": "~1.2.1",
				"safe-buffer": "5.2.1",
				"send": "0.18.0",
				"serve-static": "1.15.0",
				"setprototypeof": "1.2.0",
				"statuses": "2.0.1",
				"type-is": "~1.6.18",
				"utils-merge": "1.0.1",
				"vary": "~1.1.2"
			}
		},
		"finalhandler": {
			"version": "1.2.0",
			"peer": true,
			"requires": {
				"debug": "2.6.9",
				"encodeurl": "~1.0.2",
				"escape-html": "~1.0.3",
				"on-finished": "2.4.1",
				"parseurl": "~1.3.3",
				"statuses": "2.0.1",
				"unpipe": "~1.0.0"
			}
		},
		"forwarded": {
			"version": "0.2.0",
			"peer": true
		},
		"fresh": {
			"version": "0.5.2",
			"peer": true
		},
		"function-bind": {
			"version": "1.1.1"
		},
		"get-intrinsic": {
			"version": "1.1.3",
			"requires": {
				"function-bind": "^1.1.1",
				"has": "^1.0.3",
				"has-symbols": "^1.0.3"
			}
		},
		"has": {
			"version": "1.0.3",
			"requires": {
				"function-bind": "^1.1.1"
			}
		},
		"has-symbols": {
			"version": "1.0.3"
		},
		"http-errors": {
			"version": "2.0.0",
			"peer": true,
			"requires": {
				"depd": "2.0.0",
				"inherits": "2.0.4",
				"setprototypeof": "1.2.0",
				"statuses": "2.0.1",
				"toidentifier": "1.0.1"
			}
		},
		"iconv-lite": {
			"version": "0.4.24",
			"peer": true,
			"requires": {
				"safer-buffer": ">= 2.1.2 < 3"
			}
		},
		"inherits": {
			"version": "2.0.4",
			"peer": true
		},
		"ipaddr.js": {
			"version": "1.9.1",
			"peer": true
		},
		"media-typer": {
			"version": "0.3.0",
			"peer": true
		},
		"merge-descriptors": {
			"version": "1.0.1",
			"peer": true
		},
		"methods": {
			"version": "1.1.2",
			"peer": true
		},
		"mime": {
			"version": "1.6.0",
			"peer": true
		},
		"mime-db": {
			"version": "1.52.0",
			"peer": true
		},
		"mime-types": {
			"version": "2.1.35",
			"peer": true,
			"requires": {
				"mime-db": "1.52.0"
			}
		},
		"ms": {
			"version": "2.0.0",
			"peer": true
		},
		"negotiator": {
			"version": "0.6.3",
			"peer": true
		},
		"object-inspect": {
			"version": "1.12.2"
		},
		"on-finished": {
			"version": "2.4.1",
			"peer": true,
			"requires": {
				"ee-first": "1.1.1"
			}
		},
		"parseurl": {
			"version": "1.3.3",
			"peer": true
		},
		"path-to-regexp": {
			"version": "0.1.7",
			"peer": true
		},
		"proxy-addr": {
			"version": "2.0.7",
			"peer": true,
			"requires": {
				"forwarded": "0.2.0",
				"ipaddr.js": "1.9.1"
			}
		},
		"qs": {
			"version": "6.11.0",
			"requires": {
				"side-channel": "^1.0.4"
			}
		},
		"querystringify": {
			"version": "2.2.0"
		},
		"range-parser": {
			"version": "1.2.1",
			"peer": true
		},
		"raw-body": {
			"version": "2.5.1",
			"peer": true,
			"requires": {
				"bytes": "3.1.2",
				"http-errors": "2.0.0",
				"iconv-lite": "0.4.24",
				"unpipe": "1.0.0"
			}
		},
		"requires-port": {
			"version": "1.0.0"
		},
		"safe-buffer": {
			"version": "5.2.1",
			"peer": true
		},
		"safer-buffer": {
			"version": "2.1.2",
			"peer": true
		},
		"send": {
			"version": "0.18.0",
			"peer": true,
			"requires": {
				"debug": "2.6.9",
				"depd": "2.0.0",
				"destroy": "1.2.0",
				"encodeurl": "~1.0.2",
				"escape-html": "~1.0.3",
				"etag": "~1.8.1",
				"fresh": "0.5.2",
				"http-errors": "2.0.0",
				"mime": "1.6.0",
				"ms": "2.1.3",
				"on-finished": "2.4.1",
				"range-parser": "~1.2.1",
				"statuses": "2.0.1"
			},
			"dependencies": {
				"ms": {
					"version": "2.1.3",
					"peer": true
				}
			}
		},
		"serve-static": {
			"version": "1.15.0",
			"peer": true,
			"requires": {
				"encodeurl": "~1.0.2",
				"escape-html": "~1.0.3",
				"parseurl": "~1.3.3",
				"send": "0.18.0"
			}
		},
		"setprototypeof": {
			"version": "1.2.0",
			"peer": true
		},
		"side-channel": {
			"version": "1.0.4",
			"requires": {
				"call-bind": "^1.0.0",
				"get-intrinsic": "^1.0.2",
				"object-inspect": "^1.9.0"
			}
		},
		"statuses": {
			"version": "2.0.1",
			"peer": true
		},
		"toidentifier": {
			"version": "1.0.1",
			"peer": true
		},
		"type-is": {
			"version": "1.6.18",
			"peer": true,
			"requires": {
				"media-typer": "0.3.0",
				"mime-types": "~2.1.24"
			}
		},
		"typescript": {
			"version": "4.9.3",
			"dev": true
		},
		"unpipe": {
			"version": "1.0.0",
			"peer": true
		},
		"url-parse": {
			"version": "1.5.10",
			"resolved": "https://registry.npmjs.org/url-parse/-/url-parse-1.5.10.tgz",
			"integrity": "sha512-WypcfiRhfeUP9vvF0j6rw0J3hrWrw6iZv3+22h6iRMJ/8z1Tj6XfLP4DsUix5MhMPnXpiHDoKyoZ/bdCkwBCiQ==",
			"requires": {
				"querystringify": "^2.1.1",
				"requires-port": "^1.0.0"
			}
		},
		"utils-merge": {
			"version": "1.0.1",
			"peer": true
		},
		"vary": {
			"version": "1.1.2",
			"peer": true
		}
	}
}
