{
	"name": "@davinci/mongoose",
	"version": "0.14.8",
	"lockfileVersion": 1,
	"requires": true,
	"dependencies": {
		"@davinci/core": {
			"version": "0.19.2",
			"resolved": "https://registry.npmjs.org/@davinci/core/-/core-0.19.2.tgz",
			"integrity": "sha512-E+rQbd0Yql+tefiauQ4m/EGY4J0ZNQiIXrv8DncLmJ9g3M9cIQokmyPAaJ+mOFhq6zKmqS2oY4el+BRt/dj3VQ==",
			"requires": {
				"@davinci/reflector": "^1.0.0",
				"@godaddy/terminus": "4.1.0",
				"@types/mocha": "^5.2.6",
				"ajv": "6.2.1",
				"bluebird": "3.5.0",
				"debug": "^4.1.1",
				"lodash": "4.17.15",
				"require-dir": "0.3.2",
				"swagger-ui-express": "^4.0.7"
			},
			"dependencies": {
				"bluebird": {
					"version": "3.5.0",
					"resolved": "https://registry.npmjs.org/bluebird/-/bluebird-3.5.0.tgz",
					"integrity": "sha1-eRQg1/VR7qKJdFOop3ZT+WYG1nw="
				},
				"lodash": {
					"version": "4.17.15",
					"resolved": "https://registry.npmjs.org/lodash/-/lodash-4.17.15.tgz",
					"integrity": "sha512-8xOcRHvCjnocdS5cpwXQXVzmmh5e5+saE2QGoeQmbKmRS6J3VQppPOIt0MnmE+4xlZoumy0GPG0D0MVIQbNA1A=="
				}
			}
		},
		"@davinci/reflector": {
			"version": "1.0.0",
			"resolved": "https://registry.npmjs.org/@davinci/reflector/-/reflector-1.0.0.tgz",
			"integrity": "sha512-un/Ly0wDU3YW1a3h9dRh+Cqw/m825P4jbeg4fORzU0gXVrOGZkXFuUplLilpWCPkeXFkucyby12eh6E5JmxZqA==",
			"requires": {
				"reflect-metadata": "0.1.13"
			}
		},
		"@godaddy/terminus": {
			"version": "4.1.0",
			"resolved": "https://registry.npmjs.org/@godaddy/terminus/-/terminus-4.1.0.tgz",
			"integrity": "sha512-48hGiwgSI/qHUXC+p2Qc73NvlMBO+Q1O4HhglTg7km8pfhDM79p/vFO5HD9/f7PCoLY/5p3kl/Tb8O2aDYgp0g==",
			"requires": {
				"es6-promisify": "^6.0.0",
				"stoppable": "^1.0.5"
			}
		},
		"@types/mocha": {
			"version": "5.2.7",
			"resolved": "https://registry.npmjs.org/@types/mocha/-/mocha-5.2.7.tgz",
			"integrity": "sha512-NYrtPht0wGzhwe9+/idPaBB+TqkY9AhTvOLMkThm0IoEfLaiVQZwBwyJ5puCkO3AUCWrmcoePjp2mbFocKy4SQ=="
		},
		"ajv": {
			"version": "6.2.1",
			"resolved": "https://registry.npmjs.org/ajv/-/ajv-6.2.1.tgz",
			"integrity": "sha1-KKarxJOiq+D7TIUHrK7bQ/pVBnE=",
			"requires": {
				"fast-deep-equal": "^1.0.0",
				"fast-json-stable-stringify": "^2.0.0",
				"json-schema-traverse": "^0.3.0"
			}
		},
		"bluebird": {
			"version": "3.7.1",
			"resolved": "https://registry.npmjs.org/bluebird/-/bluebird-3.7.1.tgz",
			"integrity": "sha512-DdmyoGCleJnkbp3nkbxTLJ18rjDsE4yCggEwKNXkeV123sPNfOCYeDoeuOY+F2FrSjO1YXcTU+dsy96KMy+gcg=="
		},
		"bson": {
			"version": "1.1.4",
			"resolved": "https://registry.npmjs.org/bson/-/bson-1.1.4.tgz",
			"integrity": "sha512-S/yKGU1syOMzO86+dGpg2qGoDL0zvzcb262G+gqEy6TgP6rt6z6qxSFX/8X6vLC91P7G7C3nLs0+bvDzmvBA3Q==",
			"dev": true
		},
		"debug": {
			"version": "4.1.1",
			"resolved": "https://registry.npmjs.org/debug/-/debug-4.1.1.tgz",
			"integrity": "sha512-pYAIzeRo8J6KPEaJ0VWOh5Pzkbw/RetuzehGM7QRRX5he4fPHx2rdKMB256ehJCkX+XRQm16eZLqLNS8RSZXZw==",
			"requires": {
				"ms": "^2.1.1"
			}
		},
		"es6-promisify": {
			"version": "6.1.1",
			"resolved": "https://registry.npmjs.org/es6-promisify/-/es6-promisify-6.1.1.tgz",
			"integrity": "sha512-HBL8I3mIki5C1Cc9QjKUenHtnG0A5/xA8Q/AllRcfiwl2CZFXGK7ddBiCoRwAix4i2KxcQfjtIVcrVbB3vbmwg=="
		},
		"fast-deep-equal": {
			"version": "1.1.0",
			"resolved": "https://registry.npmjs.org/fast-deep-equal/-/fast-deep-equal-1.1.0.tgz",
			"integrity": "sha1-wFNHeBfIa1HaqFPIHgWbcz0CNhQ="
		},
		"fast-json-stable-stringify": {
			"version": "2.1.0",
			"resolved": "https://registry.npmjs.org/fast-json-stable-stringify/-/fast-json-stable-stringify-2.1.0.tgz",
			"integrity": "sha512-lhd/wF+Lk98HZoTCtlVraHtfh5XYijIjalXck7saUtuanSDyLMxnHhSXEDJqHxD7msR8D0uCmqlkwjCV8xvwHw=="
		},
		"json-schema-traverse": {
			"version": "0.3.1",
			"resolved": "https://registry.npmjs.org/json-schema-traverse/-/json-schema-traverse-0.3.1.tgz",
			"integrity": "sha1-NJptRMU6Ud6JtAgFxdXlm0F9M0A="
		},
		"kareem": {
			"version": "2.3.1",
			"resolved": "https://registry.npmjs.org/kareem/-/kareem-2.3.1.tgz",
			"integrity": "sha512-l3hLhffs9zqoDe8zjmb/mAN4B8VT3L56EUvKNqLFVs9YlFA+zx7ke1DO8STAdDyYNkeSo1nKmjuvQeI12So8Xw==",
			"dev": true
		},
		"lodash": {
			"version": "4.17.19",
			"resolved": "https://registry.npmjs.org/lodash/-/lodash-4.17.19.tgz",
			"integrity": "sha512-JNvd8XER9GQX0v2qJgsaN/mzFCNA5BRe/j8JN9d+tWyGLSodKQHKFicdwNYzWwI3wjRnaKPsGj1XkBjx/F96DQ=="
		},
		"mongodb": {
			"version": "3.3.2",
			"resolved": "https://registry.npmjs.org/mongodb/-/mongodb-3.3.2.tgz",
			"integrity": "sha512-fqJt3iywelk4yKu/lfwQg163Bjpo5zDKhXiohycvon4iQHbrfflSAz9AIlRE6496Pm/dQKQK5bMigdVo2s6gBg==",
			"dev": true,
			"requires": {
				"bson": "^1.1.1",
				"require_optional": "^1.0.1",
				"safe-buffer": "^5.1.2"
			}
		},
		"mongoose": {
			"version": "5.7.5",
			"resolved": "https://registry.npmjs.org/mongoose/-/mongoose-5.7.5.tgz",
			"integrity": "sha512-BZ4FxtnbTurc/wcm/hLltLdI4IDxo4nsE0D9q58YymTdZwreNzwO62CcjVtaHhmr8HmJtOInp2W/T12FZaMf8g==",
			"dev": true,
			"requires": {
				"bson": "~1.1.1",
				"kareem": "2.3.1",
				"mongodb": "3.3.2",
				"mongoose-legacy-pluralize": "1.0.2",
				"mpath": "0.6.0",
				"mquery": "3.2.2",
				"ms": "2.1.2",
				"regexp-clone": "1.0.0",
				"safe-buffer": "5.1.2",
				"sift": "7.0.1",
				"sliced": "1.0.1"
			}
		},
		"mongoose-legacy-pluralize": {
			"version": "1.0.2",
			"resolved": "https://registry.npmjs.org/mongoose-legacy-pluralize/-/mongoose-legacy-pluralize-1.0.2.tgz",
			"integrity": "sha512-Yo/7qQU4/EyIS8YDFSeenIvXxZN+ld7YdV9LqFVQJzTLye8unujAWPZ4NWKfFA+RNjh+wvTWKY9Z3E5XM6ZZiQ==",
			"dev": true
		},
		"mpath": {
			"version": "0.6.0",
			"resolved": "https://registry.npmjs.org/mpath/-/mpath-0.6.0.tgz",
			"integrity": "sha512-i75qh79MJ5Xo/sbhxrDrPSEG0H/mr1kcZXJ8dH6URU5jD/knFxCVqVC/gVSW7GIXL/9hHWlT9haLbCXWOll3qw==",
			"dev": true
		},
		"mquery": {
			"version": "3.2.2",
			"resolved": "https://registry.npmjs.org/mquery/-/mquery-3.2.2.tgz",
			"integrity": "sha512-XB52992COp0KP230I3qloVUbkLUxJIu328HBP2t2EsxSFtf4W1HPSOBWOXf1bqxK4Xbb66lfMJ+Bpfd9/yZE1Q==",
			"dev": true,
			"requires": {
				"bluebird": "3.5.1",
				"debug": "3.1.0",
				"regexp-clone": "^1.0.0",
				"safe-buffer": "5.1.2",
				"sliced": "1.0.1"
			},
			"dependencies": {
				"bluebird": {
					"version": "3.5.1",
					"resolved": "https://registry.npmjs.org/bluebird/-/bluebird-3.5.1.tgz",
					"integrity": "sha512-MKiLiV+I1AA596t9w1sQJ8jkiSr5+ZKi0WKrYGUn6d1Fx+Ij4tIj+m2WMQSGczs5jZVxV339chE8iwk6F64wjA==",
					"dev": true
				},
				"debug": {
					"version": "3.1.0",
					"resolved": "https://registry.npmjs.org/debug/-/debug-3.1.0.tgz",
					"integrity": "sha512-OX8XqP7/1a9cqkxYw2yXss15f26NKWBpDXQd0/uK/KPqdQhxbPa994hnzjcE2VqQpDslf55723cKPUOGSmMY3g==",
					"dev": true,
					"requires": {
						"ms": "2.0.0"
					}
				},
				"ms": {
					"version": "2.0.0",
					"resolved": "https://registry.npmjs.org/ms/-/ms-2.0.0.tgz",
					"integrity": "sha1-VgiurfwAvmwpAd9fmGF4jeDVl8g=",
					"dev": true
				}
			}
		},
		"ms": {
			"version": "2.1.2",
			"resolved": "https://registry.npmjs.org/ms/-/ms-2.1.2.tgz",
			"integrity": "sha512-sGkPx+VjMtmA6MX27oA4FBFELFCZZ4S4XqeGOXCv68tT+jb3vk/RyaKWP0PTKyWtmLSM0b+adUTEvbs1PEaH2w=="
		},
		"prettier": {
			"version": "1.19.1",
			"resolved": "https://registry.npmjs.org/prettier/-/prettier-1.19.1.tgz",
			"integrity": "sha512-s7PoyDv/II1ObgQunCbB9PdLmUcBZcnWOcxDh7O0N/UwDEsHyqkW+Qh28jW+mVuCdx7gLB0BotYI1Y6uI9iyew==",
			"dev": true
		},
		"reflect-metadata": {
			"version": "0.1.13",
			"resolved": "https://registry.npmjs.org/reflect-metadata/-/reflect-metadata-0.1.13.tgz",
			"integrity": "sha512-Ts1Y/anZELhSsjMcU605fU9RE4Oi3p5ORujwbIKXfWa+0Zxs510Qrmrce5/Jowq3cHSZSJqBjypxmHarc+vEWg=="
		},
		"regexp-clone": {
			"version": "1.0.0",
			"resolved": "https://registry.npmjs.org/regexp-clone/-/regexp-clone-1.0.0.tgz",
			"integrity": "sha512-TuAasHQNamyyJ2hb97IuBEif4qBHGjPHBS64sZwytpLEqtBQ1gPJTnOaQ6qmpET16cK14kkjbazl6+p0RRv0yw==",
			"dev": true
		},
		"require-dir": {
			"version": "0.3.2",
			"resolved": "https://registry.npmjs.org/require-dir/-/require-dir-0.3.2.tgz",
			"integrity": "sha1-wdXHXp+//eny5rM+OD209ZS1pqk="
		},
		"require_optional": {
			"version": "1.0.1",
			"resolved": "https://registry.npmjs.org/require_optional/-/require_optional-1.0.1.tgz",
			"integrity": "sha512-qhM/y57enGWHAe3v/NcwML6a3/vfESLe/sGM2dII+gEO0BpKRUkWZow/tyloNqJyN6kXSl3RyyM8Ll5D/sJP8g==",
			"dev": true,
			"requires": {
				"resolve-from": "^2.0.0",
				"semver": "^5.1.0"
			}
		},
		"resolve-from": {
			"version": "2.0.0",
			"resolved": "https://registry.npmjs.org/resolve-from/-/resolve-from-2.0.0.tgz",
			"integrity": "sha1-lICrIOlP+h2egKgEx+oUdhGWa1c=",
			"dev": true
		},
		"safe-buffer": {
			"version": "5.1.2",
			"resolved": "https://registry.npmjs.org/safe-buffer/-/safe-buffer-5.1.2.tgz",
			"integrity": "sha512-Gd2UZBJDkXlY7GbJxfsE8/nvKkUEU1G38c1siN6QP6a9PT9MmHB8GnpscSmMJSoF8LOIrt8ud/wPtojys4G6+g==",
			"dev": true
		},
		"semver": {
			"version": "5.7.1",
			"resolved": "https://registry.npmjs.org/semver/-/semver-5.7.1.tgz",
			"integrity": "sha512-sauaDf/PZdVgrLTNYHRtpXa1iRiKcaebiKQ1BJdpQlWH2lCvexQdX55snPFyK7QzpudqbCI0qXFfOasHdyNDGQ==",
			"dev": true
		},
		"sift": {
			"version": "7.0.1",
			"resolved": "https://registry.npmjs.org/sift/-/sift-7.0.1.tgz",
			"integrity": "sha512-oqD7PMJ+uO6jV9EQCl0LrRw1OwsiPsiFQR5AR30heR+4Dl7jBBbDLnNvWiak20tzZlSE1H7RB30SX/1j/YYT7g==",
			"dev": true
		},
		"sliced": {
			"version": "1.0.1",
			"resolved": "https://registry.npmjs.org/sliced/-/sliced-1.0.1.tgz",
			"integrity": "sha1-CzpmK10Ewxd7GSa+qCsD+Dei70E=",
			"dev": true
		},
		"stoppable": {
			"version": "1.1.0",
			"resolved": "https://registry.npmjs.org/stoppable/-/stoppable-1.1.0.tgz",
			"integrity": "sha512-KXDYZ9dszj6bzvnEMRYvxgeTHU74QBFL54XKtP3nyMuJ81CFYtABZ3bAzL2EdFUaEwJOBOgENyFj3R7oTzDyyw=="
		},
		"swagger-ui-dist": {
			"version": "3.30.0",
			"resolved": "https://registry.npmjs.org/swagger-ui-dist/-/swagger-ui-dist-3.30.0.tgz",
			"integrity": "sha512-S8eqXrAjwcriY968zV6OauZEKDQZ4uobJKHNpUFt/4UXxZEvuX0Ujjc5eZ3T+42g9Ccb71KKmX9M3eQwpyP/lQ=="
		},
		"swagger-ui-express": {
			"version": "4.1.4",
			"resolved": "https://registry.npmjs.org/swagger-ui-express/-/swagger-ui-express-4.1.4.tgz",
			"integrity": "sha512-Ea96ecpC+Iq9GUqkeD/LFR32xSs8gYqmTW1gXCuKg81c26WV6ZC2FsBSPVExQP6WkyUuz5HEiR0sEv/HCC343g==",
			"requires": {
				"swagger-ui-dist": "^3.18.1"
			}
		},
		"tslib": {
			"version": "1.10.0",
			"resolved": "https://registry.npmjs.org/tslib/-/tslib-1.10.0.tgz",
			"integrity": "sha512-qOebF53frne81cf0S9B41ByenJ3/IuH8yJKngAX35CmiZySA0khhkovshKK+jGCaMnVomla7gVlIcc3EvKPbTQ==",
			"dev": true
		},
		"typescript": {
			"version": "3.7.5",
			"resolved": "https://registry.npmjs.org/typescript/-/typescript-3.7.5.tgz",
			"integrity": "sha512-/P5lkRXkWHNAbcJIiHPfRoKqyd7bsyCma1hZNUGfn20qm64T6ZBlrzprymeu918H+mB/0rIg2gGK/BXkhhYgBw==",
			"dev": true
		}
	}
}
