{
	"name": "@davinci/http-server-express",
	"version": "2.4.5",
	"lockfileVersion": 2,
	"requires": true,
	"packages": {
		"": {
			"name": "@davinci/http-server-express",
			"version": "2.2.4",
			"license": "MIT",
			"dependencies": {
				"@davinci/http-server": "^3.0.0",
				"@davinci/reflector": "^2.1.1",
				"light-my-request": "^5.8.0"
			},
			"devDependencies": {
				"@davinci/core": "^2.1.2",
				"@types/cors": "^2.8.13",
				"axios": "^1.2.0",
				"body-parser": "^1.20.0",
				"cors": "^2.8.5",
				"express": "^4.18.2",
				"typescript": "^4.6.2"
			},
			"peerDependencies": {
				"cors": "^2.8.5",
				"express": "^4.0.0",
				"light-my-request": "^5.8.0"
			}
		},
		"../core": {
			"name": "@davinci/core",
			"version": "2.1.2",
			"license": "MIT",
			"dependencies": {
				"@davinci/reflector": "^2.1.1",
				"deepmerge": "^4.2.2",
				"tsyringe": "^4.7.0"
			},
			"devDependencies": {
				"pino": "^8.7.0"
			},
			"peerDependencies": {
				"pino": "^8.7.0"
			}
		},
		"../core/node_modules/@davinci/reflector": {
			"resolved": "../reflector",
			"link": true
		},
		"../core/node_modules/abort-controller": {
			"version": "3.0.0",
			"dev": true,
			"license": "MIT",
			"dependencies": {
				"event-target-shim": "^5.0.0"
			},
			"engines": {
				"node": ">=6.5"
			}
		},
		"../core/node_modules/atomic-sleep": {
			"version": "1.0.0",
			"dev": true,
			"license": "MIT",
			"engines": {
				"node": ">=8.0.0"
			}
		},
		"../core/node_modules/base64-js": {
			"version": "1.5.1",
			"dev": true,
			"funding": [
				{
					"type": "github",
					"url": "https://github.com/sponsors/feross"
				},
				{
					"type": "patreon",
					"url": "https://www.patreon.com/feross"
				},
				{
					"type": "consulting",
					"url": "https://feross.org/support"
				}
			],
			"license": "MIT"
		},
		"../core/node_modules/buffer": {
			"version": "6.0.3",
			"dev": true,
			"funding": [
				{
					"type": "github",
					"url": "https://github.com/sponsors/feross"
				},
				{
					"type": "patreon",
					"url": "https://www.patreon.com/feross"
				},
				{
					"type": "consulting",
					"url": "https://feross.org/support"
				}
			],
			"license": "MIT",
			"dependencies": {
				"base64-js": "^1.3.1",
				"ieee754": "^1.2.1"
			}
		},
		"../core/node_modules/deepmerge": {
			"version": "4.2.2",
			"license": "MIT",
			"engines": {
				"node": ">=0.10.0"
			}
		},
		"../core/node_modules/event-target-shim": {
			"version": "5.0.1",
			"dev": true,
			"license": "MIT",
			"engines": {
				"node": ">=6"
			}
		},
		"../core/node_modules/events": {
			"version": "3.3.0",
			"dev": true,
			"license": "MIT",
			"engines": {
				"node": ">=0.8.x"
			}
		},
		"../core/node_modules/fast-redact": {
			"version": "3.1.2",
			"dev": true,
			"license": "MIT",
			"engines": {
				"node": ">=6"
			}
		},
		"../core/node_modules/ieee754": {
			"version": "1.2.1",
			"dev": true,
			"funding": [
				{
					"type": "github",
					"url": "https://github.com/sponsors/feross"
				},
				{
					"type": "patreon",
					"url": "https://www.patreon.com/feross"
				},
				{
					"type": "consulting",
					"url": "https://feross.org/support"
				}
			],
			"license": "BSD-3-Clause"
		},
		"../core/node_modules/on-exit-leak-free": {
			"version": "2.1.0",
			"dev": true,
			"license": "MIT"
		},
		"../core/node_modules/pino": {
			"version": "8.8.0",
			"dev": true,
			"license": "MIT",
			"dependencies": {
				"atomic-sleep": "^1.0.0",
				"fast-redact": "^3.1.1",
				"on-exit-leak-free": "^2.1.0",
				"pino-abstract-transport": "v1.0.0",
				"pino-std-serializers": "^6.0.0",
				"process-warning": "^2.0.0",
				"quick-format-unescaped": "^4.0.3",
				"real-require": "^0.2.0",
				"safe-stable-stringify": "^2.3.1",
				"sonic-boom": "^3.1.0",
				"thread-stream": "^2.0.0"
			},
			"bin": {
				"pino": "bin.js"
			}
		},
		"../core/node_modules/pino-abstract-transport": {
			"version": "1.0.0",
			"dev": true,
			"license": "MIT",
			"dependencies": {
				"readable-stream": "^4.0.0",
				"split2": "^4.0.0"
			}
		},
		"../core/node_modules/pino-std-serializers": {
			"version": "6.0.0",
			"dev": true,
			"license": "MIT"
		},
		"../core/node_modules/process": {
			"version": "0.11.10",
			"dev": true,
			"license": "MIT",
			"engines": {
				"node": ">= 0.6.0"
			}
		},
		"../core/node_modules/process-warning": {
			"version": "2.1.0",
			"dev": true,
			"license": "MIT"
		},
		"../core/node_modules/quick-format-unescaped": {
			"version": "4.0.4",
			"dev": true,
			"license": "MIT"
		},
		"../core/node_modules/readable-stream": {
			"version": "4.2.0",
			"dev": true,
			"license": "MIT",
			"dependencies": {
				"abort-controller": "^3.0.0",
				"buffer": "^6.0.3",
				"events": "^3.3.0",
				"process": "^0.11.10"
			},
			"engines": {
				"node": "^12.22.0 || ^14.17.0 || >=16.0.0"
			}
		},
		"../core/node_modules/real-require": {
			"version": "0.2.0",
			"dev": true,
			"license": "MIT",
			"engines": {
				"node": ">= 12.13.0"
			}
		},
		"../core/node_modules/safe-stable-stringify": {
			"version": "2.4.1",
			"dev": true,
			"license": "MIT",
			"engines": {
				"node": ">=10"
			}
		},
		"../core/node_modules/sonic-boom": {
			"version": "3.2.1",
			"dev": true,
			"license": "MIT",
			"dependencies": {
				"atomic-sleep": "^1.0.0"
			}
		},
		"../core/node_modules/split2": {
			"version": "4.1.0",
			"dev": true,
			"license": "ISC",
			"engines": {
				"node": ">= 10.x"
			}
		},
		"../core/node_modules/thread-stream": {
			"version": "2.2.0",
			"dev": true,
			"license": "MIT",
			"dependencies": {
				"real-require": "^0.2.0"
			}
		},
		"../core/node_modules/tslib": {
			"version": "1.14.1",
			"license": "0BSD"
		},
		"../core/node_modules/tsyringe": {
			"version": "4.7.0",
			"license": "MIT",
			"dependencies": {
				"tslib": "^1.9.3"
			},
			"engines": {
				"node": ">= 6.0.0"
			}
		},
		"../http-server": {
			"name": "@davinci/http-server",
			"version": "3.0.0",
			"license": "MIT",
			"dependencies": {
				"@davinci/core": "^2.1.2",
				"@davinci/reflector": "^2.1.1",
				"light-my-request": "^5.8.0"
			},
			"devDependencies": {
				"ajv": "^8.11.2",
				"ajv-formats": "^2.1.1",
				"openapi-types": "^12.0.2",
				"pino": "^8.7.0"
			},
			"peerDependencies": {
				"ajv": "^8.0.0",
				"ajv-formats": "^2.1.1",
				"pino": "^8.7.0"
			}
		},
		"../http-server/node_modules/@davinci/core": {
			"resolved": "../core",
			"link": true
		},
		"../http-server/node_modules/@davinci/reflector": {
			"resolved": "../reflector",
			"link": true
		},
		"../http-server/node_modules/abort-controller": {
			"version": "3.0.0",
			"dev": true,
			"license": "MIT",
			"dependencies": {
				"event-target-shim": "^5.0.0"
			},
			"engines": {
				"node": ">=6.5"
			}
		},
		"../http-server/node_modules/ajv": {
			"version": "8.11.2",
			"dev": true,
			"license": "MIT",
			"dependencies": {
				"fast-deep-equal": "^3.1.1",
				"json-schema-traverse": "^1.0.0",
				"require-from-string": "^2.0.2",
				"uri-js": "^4.2.2"
			},
			"funding": {
				"type": "github",
				"url": "https://github.com/sponsors/epoberezkin"
			}
		},
		"../http-server/node_modules/ajv-formats": {
			"version": "2.1.1",
			"dev": true,
			"license": "MIT",
			"dependencies": {
				"ajv": "^8.0.0"
			},
			"peerDependencies": {
				"ajv": "^8.0.0"
			},
			"peerDependenciesMeta": {
				"ajv": {
					"optional": true
				}
			}
		},
		"../http-server/node_modules/atomic-sleep": {
			"version": "1.0.0",
			"dev": true,
			"license": "MIT",
			"engines": {
				"node": ">=8.0.0"
			}
		},
		"../http-server/node_modules/base64-js": {
			"version": "1.5.1",
			"dev": true,
			"funding": [
				{
					"type": "github",
					"url": "https://github.com/sponsors/feross"
				},
				{
					"type": "patreon",
					"url": "https://www.patreon.com/feross"
				},
				{
					"type": "consulting",
					"url": "https://feross.org/support"
				}
			],
			"license": "MIT"
		},
		"../http-server/node_modules/buffer": {
			"version": "6.0.3",
			"dev": true,
			"funding": [
				{
					"type": "github",
					"url": "https://github.com/sponsors/feross"
				},
				{
					"type": "patreon",
					"url": "https://www.patreon.com/feross"
				},
				{
					"type": "consulting",
					"url": "https://feross.org/support"
				}
			],
			"license": "MIT",
			"dependencies": {
				"base64-js": "^1.3.1",
				"ieee754": "^1.2.1"
			}
		},
		"../http-server/node_modules/cookie": {
			"version": "0.5.0",
			"license": "MIT",
			"engines": {
				"node": ">= 0.6"
			}
		},
		"../http-server/node_modules/event-target-shim": {
			"version": "5.0.1",
			"dev": true,
			"license": "MIT",
			"engines": {
				"node": ">=6"
			}
		},
		"../http-server/node_modules/events": {
			"version": "3.3.0",
			"dev": true,
			"license": "MIT",
			"engines": {
				"node": ">=0.8.x"
			}
		},
		"../http-server/node_modules/fast-deep-equal": {
			"version": "3.1.3",
			"dev": true,
			"license": "MIT"
		},
		"../http-server/node_modules/fast-redact": {
			"version": "3.1.2",
			"dev": true,
			"license": "MIT",
			"engines": {
				"node": ">=6"
			}
		},
		"../http-server/node_modules/ieee754": {
			"version": "1.2.1",
			"dev": true,
			"funding": [
				{
					"type": "github",
					"url": "https://github.com/sponsors/feross"
				},
				{
					"type": "patreon",
					"url": "https://www.patreon.com/feross"
				},
				{
					"type": "consulting",
					"url": "https://feross.org/support"
				}
			],
			"license": "BSD-3-Clause"
		},
		"../http-server/node_modules/json-schema-traverse": {
			"version": "1.0.0",
			"dev": true,
			"license": "MIT"
		},
		"../http-server/node_modules/light-my-request": {
			"version": "5.8.0",
			"license": "BSD-3-Clause",
			"dependencies": {
				"cookie": "^0.5.0",
				"process-warning": "^2.0.0",
				"set-cookie-parser": "^2.4.1"
			}
		},
		"../http-server/node_modules/on-exit-leak-free": {
			"version": "2.1.0",
			"dev": true,
			"license": "MIT"
		},
		"../http-server/node_modules/openapi-types": {
			"version": "12.1.0",
			"dev": true,
			"license": "MIT"
		},
		"../http-server/node_modules/pino": {
			"version": "8.8.0",
			"dev": true,
			"license": "MIT",
			"dependencies": {
				"atomic-sleep": "^1.0.0",
				"fast-redact": "^3.1.1",
				"on-exit-leak-free": "^2.1.0",
				"pino-abstract-transport": "v1.0.0",
				"pino-std-serializers": "^6.0.0",
				"process-warning": "^2.0.0",
				"quick-format-unescaped": "^4.0.3",
				"real-require": "^0.2.0",
				"safe-stable-stringify": "^2.3.1",
				"sonic-boom": "^3.1.0",
				"thread-stream": "^2.0.0"
			},
			"bin": {
				"pino": "bin.js"
			}
		},
		"../http-server/node_modules/pino-abstract-transport": {
			"version": "1.0.0",
			"dev": true,
			"license": "MIT",
			"dependencies": {
				"readable-stream": "^4.0.0",
				"split2": "^4.0.0"
			}
		},
		"../http-server/node_modules/pino-std-serializers": {
			"version": "6.0.0",
			"dev": true,
			"license": "MIT"
		},
		"../http-server/node_modules/process": {
			"version": "0.11.10",
			"dev": true,
			"license": "MIT",
			"engines": {
				"node": ">= 0.6.0"
			}
		},
		"../http-server/node_modules/process-warning": {
			"version": "2.1.0",
			"license": "MIT"
		},
		"../http-server/node_modules/punycode": {
			"version": "2.1.1",
			"dev": true,
			"license": "MIT",
			"engines": {
				"node": ">=6"
			}
		},
		"../http-server/node_modules/quick-format-unescaped": {
			"version": "4.0.4",
			"dev": true,
			"license": "MIT"
		},
		"../http-server/node_modules/readable-stream": {
			"version": "4.2.0",
			"dev": true,
			"license": "MIT",
			"dependencies": {
				"abort-controller": "^3.0.0",
				"buffer": "^6.0.3",
				"events": "^3.3.0",
				"process": "^0.11.10"
			},
			"engines": {
				"node": "^12.22.0 || ^14.17.0 || >=16.0.0"
			}
		},
		"../http-server/node_modules/real-require": {
			"version": "0.2.0",
			"dev": true,
			"license": "MIT",
			"engines": {
				"node": ">= 12.13.0"
			}
		},
		"../http-server/node_modules/require-from-string": {
			"version": "2.0.2",
			"dev": true,
			"license": "MIT",
			"engines": {
				"node": ">=0.10.0"
			}
		},
		"../http-server/node_modules/safe-stable-stringify": {
			"version": "2.4.1",
			"dev": true,
			"license": "MIT",
			"engines": {
				"node": ">=10"
			}
		},
		"../http-server/node_modules/set-cookie-parser": {
			"version": "2.5.1",
			"license": "MIT"
		},
		"../http-server/node_modules/sonic-boom": {
			"version": "3.2.1",
			"dev": true,
			"license": "MIT",
			"dependencies": {
				"atomic-sleep": "^1.0.0"
			}
		},
		"../http-server/node_modules/split2": {
			"version": "4.1.0",
			"dev": true,
			"license": "ISC",
			"engines": {
				"node": ">= 10.x"
			}
		},
		"../http-server/node_modules/thread-stream": {
			"version": "2.2.0",
			"dev": true,
			"license": "MIT",
			"dependencies": {
				"real-require": "^0.2.0"
			}
		},
		"../http-server/node_modules/uri-js": {
			"version": "4.4.1",
			"dev": true,
			"license": "BSD-2-Clause",
			"dependencies": {
				"punycode": "^2.1.0"
			}
		},
		"../reflector": {
			"name": "@davinci/reflector",
			"version": "2.1.1",
			"license": "MIT",
			"dependencies": {
				"@plumier/reflect": "1.0.6",
				"reflect-metadata": "^0.1.13"
			}
		},
		"../reflector/node_modules/@plumier/reflect": {
			"version": "1.0.6",
			"license": "MIT",
			"dependencies": {
				"@types/acorn": "4.0.6",
				"acorn": "8.5.0",
				"reflect-metadata": "^0.1.13"
			}
		},
		"../reflector/node_modules/@types/acorn": {
			"version": "4.0.6",
			"license": "MIT",
			"dependencies": {
				"@types/estree": "*"
			}
		},
		"../reflector/node_modules/@types/estree": {
			"version": "1.0.0",
			"license": "MIT"
		},
		"../reflector/node_modules/acorn": {
			"version": "8.5.0",
			"license": "MIT",
			"bin": {
				"acorn": "bin/acorn"
			},
			"engines": {
				"node": ">=0.4.0"
			}
		},
		"../reflector/node_modules/reflect-metadata": {
			"version": "0.1.13",
			"license": "Apache-2.0"
		},
		"node_modules/@davinci/core": {
			"resolved": "../core",
			"link": true
		},
		"node_modules/@davinci/http-server": {
			"resolved": "../http-server",
			"link": true
		},
		"node_modules/@davinci/reflector": {
			"resolved": "../reflector",
			"link": true
		},
		"node_modules/@types/cors": {
			"version": "2.8.13",
			"dev": true,
			"license": "MIT",
			"dependencies": {
				"@types/node": "*"
			}
		},
		"node_modules/@types/node": {
			"version": "18.11.15",
			"dev": true,
			"license": "MIT"
		},
		"node_modules/accepts": {
			"version": "1.3.8",
			"dev": true,
			"license": "MIT",
			"dependencies": {
				"mime-types": "~2.1.34",
				"negotiator": "0.6.3"
			},
			"engines": {
				"node": ">= 0.6"
			}
		},
		"node_modules/array-flatten": {
			"version": "1.1.1",
			"dev": true,
			"license": "MIT"
		},
		"node_modules/asynckit": {
			"version": "0.4.0",
			"dev": true,
			"license": "MIT"
		},
		"node_modules/axios": {
			"version": "1.2.1",
			"dev": true,
			"license": "MIT",
			"dependencies": {
				"follow-redirects": "^1.15.0",
				"form-data": "^4.0.0",
				"proxy-from-env": "^1.1.0"
			}
		},
		"node_modules/body-parser": {
			"version": "1.20.1",
			"dev": true,
			"license": "MIT",
			"dependencies": {
				"bytes": "3.1.2",
				"content-type": "~1.0.4",
				"debug": "2.6.9",
				"depd": "2.0.0",
				"destroy": "1.2.0",
				"http-errors": "2.0.0",
				"iconv-lite": "0.4.24",
				"on-finished": "2.4.1",
				"qs": "6.11.0",
				"raw-body": "2.5.1",
				"type-is": "~1.6.18",
				"unpipe": "1.0.0"
			},
			"engines": {
				"node": ">= 0.8",
				"npm": "1.2.8000 || >= 1.4.16"
			}
		},
		"node_modules/bytes": {
			"version": "3.1.2",
			"dev": true,
			"license": "MIT",
			"engines": {
				"node": ">= 0.8"
			}
		},
		"node_modules/call-bind": {
			"version": "1.0.2",
			"dev": true,
			"license": "MIT",
			"dependencies": {
				"function-bind": "^1.1.1",
				"get-intrinsic": "^1.0.2"
			},
			"funding": {
				"url": "https://github.com/sponsors/ljharb"
			}
		},
		"node_modules/combined-stream": {
			"version": "1.0.8",
			"dev": true,
			"license": "MIT",
			"dependencies": {
				"delayed-stream": "~1.0.0"
			},
			"engines": {
				"node": ">= 0.8"
			}
		},
		"node_modules/content-disposition": {
			"version": "0.5.4",
			"dev": true,
			"license": "MIT",
			"dependencies": {
				"safe-buffer": "5.2.1"
			},
			"engines": {
				"node": ">= 0.6"
			}
		},
		"node_modules/content-type": {
			"version": "1.0.4",
			"dev": true,
			"license": "MIT",
			"engines": {
				"node": ">= 0.6"
			}
		},
		"node_modules/cookie": {
			"version": "0.5.0",
			"license": "MIT",
			"engines": {
				"node": ">= 0.6"
			}
		},
		"node_modules/cookie-signature": {
			"version": "1.0.6",
			"dev": true,
			"license": "MIT"
		},
		"node_modules/cors": {
			"version": "2.8.5",
			"dev": true,
			"license": "MIT",
			"dependencies": {
				"object-assign": "^4",
				"vary": "^1"
			},
			"engines": {
				"node": ">= 0.10"
			}
		},
		"node_modules/debug": {
			"version": "2.6.9",
			"dev": true,
			"license": "MIT",
			"dependencies": {
				"ms": "2.0.0"
			}
		},
		"node_modules/delayed-stream": {
			"version": "1.0.0",
			"dev": true,
			"license": "MIT",
			"engines": {
				"node": ">=0.4.0"
			}
		},
		"node_modules/depd": {
			"version": "2.0.0",
			"dev": true,
			"license": "MIT",
			"engines": {
				"node": ">= 0.8"
			}
		},
		"node_modules/destroy": {
			"version": "1.2.0",
			"dev": true,
			"license": "MIT",
			"engines": {
				"node": ">= 0.8",
				"npm": "1.2.8000 || >= 1.4.16"
			}
		},
		"node_modules/ee-first": {
			"version": "1.1.1",
			"dev": true,
			"license": "MIT"
		},
		"node_modules/encodeurl": {
			"version": "1.0.2",
			"dev": true,
			"license": "MIT",
			"engines": {
				"node": ">= 0.8"
			}
		},
		"node_modules/escape-html": {
			"version": "1.0.3",
			"dev": true,
			"license": "MIT"
		},
		"node_modules/etag": {
			"version": "1.8.1",
			"dev": true,
			"license": "MIT",
			"engines": {
				"node": ">= 0.6"
			}
		},
		"node_modules/express": {
			"version": "4.18.2",
			"dev": true,
			"license": "MIT",
			"dependencies": {
				"accepts": "~1.3.8",
				"array-flatten": "1.1.1",
				"body-parser": "1.20.1",
				"content-disposition": "0.5.4",
				"content-type": "~1.0.4",
				"cookie": "0.5.0",
				"cookie-signature": "1.0.6",
				"debug": "2.6.9",
				"depd": "2.0.0",
				"encodeurl": "~1.0.2",
				"escape-html": "~1.0.3",
				"etag": "~1.8.1",
				"finalhandler": "1.2.0",
				"fresh": "0.5.2",
				"http-errors": "2.0.0",
				"merge-descriptors": "1.0.1",
				"methods": "~1.1.2",
				"on-finished": "2.4.1",
				"parseurl": "~1.3.3",
				"path-to-regexp": "0.1.7",
				"proxy-addr": "~2.0.7",
				"qs": "6.11.0",
				"range-parser": "~1.2.1",
				"safe-buffer": "5.2.1",
				"send": "0.18.0",
				"serve-static": "1.15.0",
				"setprototypeof": "1.2.0",
				"statuses": "2.0.1",
				"type-is": "~1.6.18",
				"utils-merge": "1.0.1",
				"vary": "~1.1.2"
			},
			"engines": {
				"node": ">= 0.10.0"
			}
		},
		"node_modules/finalhandler": {
			"version": "1.2.0",
			"dev": true,
			"license": "MIT",
			"dependencies": {
				"debug": "2.6.9",
				"encodeurl": "~1.0.2",
				"escape-html": "~1.0.3",
				"on-finished": "2.4.1",
				"parseurl": "~1.3.3",
				"statuses": "2.0.1",
				"unpipe": "~1.0.0"
			},
			"engines": {
				"node": ">= 0.8"
			}
		},
		"node_modules/follow-redirects": {
			"version": "1.15.2",
			"dev": true,
			"funding": [
				{
					"type": "individual",
					"url": "https://github.com/sponsors/RubenVerborgh"
				}
			],
			"license": "MIT",
			"engines": {
				"node": ">=4.0"
			},
			"peerDependenciesMeta": {
				"debug": {
					"optional": true
				}
			}
		},
		"node_modules/form-data": {
			"version": "4.0.0",
			"dev": true,
			"license": "MIT",
			"dependencies": {
				"asynckit": "^0.4.0",
				"combined-stream": "^1.0.8",
				"mime-types": "^2.1.12"
			},
			"engines": {
				"node": ">= 6"
			}
		},
		"node_modules/forwarded": {
			"version": "0.2.0",
			"dev": true,
			"license": "MIT",
			"engines": {
				"node": ">= 0.6"
			}
		},
		"node_modules/fresh": {
			"version": "0.5.2",
			"dev": true,
			"license": "MIT",
			"engines": {
				"node": ">= 0.6"
			}
		},
		"node_modules/function-bind": {
			"version": "1.1.1",
			"dev": true,
			"license": "MIT"
		},
		"node_modules/get-intrinsic": {
			"version": "1.1.3",
			"dev": true,
			"license": "MIT",
			"dependencies": {
				"function-bind": "^1.1.1",
				"has": "^1.0.3",
				"has-symbols": "^1.0.3"
			},
			"funding": {
				"url": "https://github.com/sponsors/ljharb"
			}
		},
		"node_modules/has": {
			"version": "1.0.3",
			"dev": true,
			"license": "MIT",
			"dependencies": {
				"function-bind": "^1.1.1"
			},
			"engines": {
				"node": ">= 0.4.0"
			}
		},
		"node_modules/has-symbols": {
			"version": "1.0.3",
			"dev": true,
			"license": "MIT",
			"engines": {
				"node": ">= 0.4"
			},
			"funding": {
				"url": "https://github.com/sponsors/ljharb"
			}
		},
		"node_modules/http-errors": {
			"version": "2.0.0",
			"dev": true,
			"license": "MIT",
			"dependencies": {
				"depd": "2.0.0",
				"inherits": "2.0.4",
				"setprototypeof": "1.2.0",
				"statuses": "2.0.1",
				"toidentifier": "1.0.1"
			},
			"engines": {
				"node": ">= 0.8"
			}
		},
		"node_modules/iconv-lite": {
			"version": "0.4.24",
			"dev": true,
			"license": "MIT",
			"dependencies": {
				"safer-buffer": ">= 2.1.2 < 3"
			},
			"engines": {
				"node": ">=0.10.0"
			}
		},
		"node_modules/inherits": {
			"version": "2.0.4",
			"dev": true,
			"license": "ISC"
		},
		"node_modules/ipaddr.js": {
			"version": "1.9.1",
			"dev": true,
			"license": "MIT",
			"engines": {
				"node": ">= 0.10"
			}
		},
		"node_modules/light-my-request": {
			"version": "5.8.0",
			"license": "BSD-3-Clause",
			"dependencies": {
				"cookie": "^0.5.0",
				"process-warning": "^2.0.0",
				"set-cookie-parser": "^2.4.1"
			}
		},
		"node_modules/media-typer": {
			"version": "0.3.0",
			"dev": true,
			"license": "MIT",
			"engines": {
				"node": ">= 0.6"
			}
		},
		"node_modules/merge-descriptors": {
			"version": "1.0.1",
			"dev": true,
			"license": "MIT"
		},
		"node_modules/methods": {
			"version": "1.1.2",
			"dev": true,
			"license": "MIT",
			"engines": {
				"node": ">= 0.6"
			}
		},
		"node_modules/mime": {
			"version": "1.6.0",
			"dev": true,
			"license": "MIT",
			"bin": {
				"mime": "cli.js"
			},
			"engines": {
				"node": ">=4"
			}
		},
		"node_modules/mime-db": {
			"version": "1.52.0",
			"dev": true,
			"license": "MIT",
			"engines": {
				"node": ">= 0.6"
			}
		},
		"node_modules/mime-types": {
			"version": "2.1.35",
			"dev": true,
			"license": "MIT",
			"dependencies": {
				"mime-db": "1.52.0"
			},
			"engines": {
				"node": ">= 0.6"
			}
		},
		"node_modules/ms": {
			"version": "2.0.0",
			"dev": true,
			"license": "MIT"
		},
		"node_modules/negotiator": {
			"version": "0.6.3",
			"dev": true,
			"license": "MIT",
			"engines": {
				"node": ">= 0.6"
			}
		},
		"node_modules/object-assign": {
			"version": "4.1.1",
			"dev": true,
			"license": "MIT",
			"engines": {
				"node": ">=0.10.0"
			}
		},
		"node_modules/object-inspect": {
			"version": "1.12.2",
			"dev": true,
			"license": "MIT",
			"funding": {
				"url": "https://github.com/sponsors/ljharb"
			}
		},
		"node_modules/on-finished": {
			"version": "2.4.1",
			"dev": true,
			"license": "MIT",
			"dependencies": {
				"ee-first": "1.1.1"
			},
			"engines": {
				"node": ">= 0.8"
			}
		},
		"node_modules/parseurl": {
			"version": "1.3.3",
			"dev": true,
			"license": "MIT",
			"engines": {
				"node": ">= 0.8"
			}
		},
		"node_modules/path-to-regexp": {
			"version": "0.1.7",
			"dev": true,
			"license": "MIT"
		},
		"node_modules/process-warning": {
			"version": "2.1.0",
			"license": "MIT"
		},
		"node_modules/proxy-addr": {
			"version": "2.0.7",
			"dev": true,
			"license": "MIT",
			"dependencies": {
				"forwarded": "0.2.0",
				"ipaddr.js": "1.9.1"
			},
			"engines": {
				"node": ">= 0.10"
			}
		},
		"node_modules/proxy-from-env": {
			"version": "1.1.0",
			"dev": true,
			"license": "MIT"
		},
		"node_modules/qs": {
			"version": "6.11.0",
			"dev": true,
			"license": "BSD-3-Clause",
			"dependencies": {
				"side-channel": "^1.0.4"
			},
			"engines": {
				"node": ">=0.6"
			},
			"funding": {
				"url": "https://github.com/sponsors/ljharb"
			}
		},
		"node_modules/range-parser": {
			"version": "1.2.1",
			"dev": true,
			"license": "MIT",
			"engines": {
				"node": ">= 0.6"
			}
		},
		"node_modules/raw-body": {
			"version": "2.5.1",
			"dev": true,
			"license": "MIT",
			"dependencies": {
				"bytes": "3.1.2",
				"http-errors": "2.0.0",
				"iconv-lite": "0.4.24",
				"unpipe": "1.0.0"
			},
			"engines": {
				"node": ">= 0.8"
			}
		},
		"node_modules/safe-buffer": {
			"version": "5.2.1",
			"dev": true,
			"funding": [
				{
					"type": "github",
					"url": "https://github.com/sponsors/feross"
				},
				{
					"type": "patreon",
					"url": "https://www.patreon.com/feross"
				},
				{
					"type": "consulting",
					"url": "https://feross.org/support"
				}
			],
			"license": "MIT"
		},
		"node_modules/safer-buffer": {
			"version": "2.1.2",
			"dev": true,
			"license": "MIT"
		},
		"node_modules/send": {
			"version": "0.18.0",
			"dev": true,
			"license": "MIT",
			"dependencies": {
				"debug": "2.6.9",
				"depd": "2.0.0",
				"destroy": "1.2.0",
				"encodeurl": "~1.0.2",
				"escape-html": "~1.0.3",
				"etag": "~1.8.1",
				"fresh": "0.5.2",
				"http-errors": "2.0.0",
				"mime": "1.6.0",
				"ms": "2.1.3",
				"on-finished": "2.4.1",
				"range-parser": "~1.2.1",
				"statuses": "2.0.1"
			},
			"engines": {
				"node": ">= 0.8.0"
			}
		},
		"node_modules/send/node_modules/ms": {
			"version": "2.1.3",
			"dev": true,
			"license": "MIT"
		},
		"node_modules/serve-static": {
			"version": "1.15.0",
			"dev": true,
			"license": "MIT",
			"dependencies": {
				"encodeurl": "~1.0.2",
				"escape-html": "~1.0.3",
				"parseurl": "~1.3.3",
				"send": "0.18.0"
			},
			"engines": {
				"node": ">= 0.8.0"
			}
		},
		"node_modules/set-cookie-parser": {
			"version": "2.5.1",
			"license": "MIT"
		},
		"node_modules/setprototypeof": {
			"version": "1.2.0",
			"dev": true,
			"license": "ISC"
		},
		"node_modules/side-channel": {
			"version": "1.0.4",
			"dev": true,
			"license": "MIT",
			"dependencies": {
				"call-bind": "^1.0.0",
				"get-intrinsic": "^1.0.2",
				"object-inspect": "^1.9.0"
			},
			"funding": {
				"url": "https://github.com/sponsors/ljharb"
			}
		},
		"node_modules/statuses": {
			"version": "2.0.1",
			"dev": true,
			"license": "MIT",
			"engines": {
				"node": ">= 0.8"
			}
		},
		"node_modules/toidentifier": {
			"version": "1.0.1",
			"dev": true,
			"license": "MIT",
			"engines": {
				"node": ">=0.6"
			}
		},
		"node_modules/type-is": {
			"version": "1.6.18",
			"dev": true,
			"license": "MIT",
			"dependencies": {
				"media-typer": "0.3.0",
				"mime-types": "~2.1.24"
			},
			"engines": {
				"node": ">= 0.6"
			}
		},
		"node_modules/typescript": {
			"version": "4.9.4",
			"dev": true,
			"license": "Apache-2.0",
			"bin": {
				"tsc": "bin/tsc",
				"tsserver": "bin/tsserver"
			},
			"engines": {
				"node": ">=4.2.0"
			}
		},
		"node_modules/unpipe": {
			"version": "1.0.0",
			"dev": true,
			"license": "MIT",
			"engines": {
				"node": ">= 0.8"
			}
		},
		"node_modules/utils-merge": {
			"version": "1.0.1",
			"dev": true,
			"license": "MIT",
			"engines": {
				"node": ">= 0.4.0"
			}
		},
		"node_modules/vary": {
			"version": "1.1.2",
			"dev": true,
			"license": "MIT",
			"engines": {
				"node": ">= 0.8"
			}
		}
	},
	"dependencies": {
		"@davinci/core": {
			"version": "file:../core",
			"requires": {
				"@davinci/reflector": "^2.1.1",
				"deepmerge": "^4.2.2",
				"pino": "^8.7.0",
				"tsyringe": "^4.7.0"
			},
			"dependencies": {
				"@davinci/reflector": {
					"version": "file:../reflector",
					"requires": {
						"@plumier/reflect": "1.0.6",
						"reflect-metadata": "^0.1.13"
					},
					"dependencies": {
						"@plumier/reflect": {
							"version": "1.0.6",
							"requires": {
								"@types/acorn": "4.0.6",
								"acorn": "8.5.0",
								"reflect-metadata": "^0.1.13"
							}
						},
						"@types/acorn": {
							"version": "4.0.6",
							"requires": {
								"@types/estree": "*"
							}
						},
						"@types/estree": {
							"version": "1.0.0"
						},
						"acorn": {
							"version": "8.5.0"
						},
						"reflect-metadata": {
							"version": "0.1.13"
						}
					}
				},
				"abort-controller": {
					"version": "3.0.0",
					"dev": true,
					"requires": {
						"event-target-shim": "^5.0.0"
					}
				},
				"atomic-sleep": {
					"version": "1.0.0",
					"dev": true
				},
				"base64-js": {
					"version": "1.5.1",
					"dev": true
				},
				"buffer": {
					"version": "6.0.3",
					"dev": true,
					"requires": {
						"base64-js": "^1.3.1",
						"ieee754": "^1.2.1"
					}
				},
				"deepmerge": {
					"version": "4.2.2"
				},
				"event-target-shim": {
					"version": "5.0.1",
					"dev": true
				},
				"events": {
					"version": "3.3.0",
					"dev": true
				},
				"fast-redact": {
					"version": "3.1.2",
					"dev": true
				},
				"ieee754": {
					"version": "1.2.1",
					"dev": true
				},
				"on-exit-leak-free": {
					"version": "2.1.0",
					"dev": true
				},
				"pino": {
					"version": "8.8.0",
					"dev": true,
					"requires": {
						"atomic-sleep": "^1.0.0",
						"fast-redact": "^3.1.1",
						"on-exit-leak-free": "^2.1.0",
						"pino-abstract-transport": "v1.0.0",
						"pino-std-serializers": "^6.0.0",
						"process-warning": "^2.0.0",
						"quick-format-unescaped": "^4.0.3",
						"real-require": "^0.2.0",
						"safe-stable-stringify": "^2.3.1",
						"sonic-boom": "^3.1.0",
						"thread-stream": "^2.0.0"
					}
				},
				"pino-abstract-transport": {
					"version": "1.0.0",
					"dev": true,
					"requires": {
						"readable-stream": "^4.0.0",
						"split2": "^4.0.0"
					}
				},
				"pino-std-serializers": {
					"version": "6.0.0",
					"dev": true
				},
				"process": {
					"version": "0.11.10",
					"dev": true
				},
				"process-warning": {
					"version": "2.1.0",
					"dev": true
				},
				"quick-format-unescaped": {
					"version": "4.0.4",
					"dev": true
				},
				"readable-stream": {
					"version": "4.2.0",
					"dev": true,
					"requires": {
						"abort-controller": "^3.0.0",
						"buffer": "^6.0.3",
						"events": "^3.3.0",
						"process": "^0.11.10"
					}
				},
				"real-require": {
					"version": "0.2.0",
					"dev": true
				},
				"safe-stable-stringify": {
					"version": "2.4.1",
					"dev": true
				},
				"sonic-boom": {
					"version": "3.2.1",
					"dev": true,
					"requires": {
						"atomic-sleep": "^1.0.0"
					}
				},
				"split2": {
					"version": "4.1.0",
					"dev": true
				},
				"thread-stream": {
					"version": "2.2.0",
					"dev": true,
					"requires": {
						"real-require": "^0.2.0"
					}
				},
				"tslib": {
					"version": "1.14.1"
				},
				"tsyringe": {
					"version": "4.7.0",
					"requires": {
						"tslib": "^1.9.3"
					}
				}
			}
		},
		"@davinci/http-server": {
			"version": "file:../http-server",
			"requires": {
				"@davinci/core": "^2.1.2",
				"@davinci/reflector": "^2.1.1",
				"ajv": "^8.11.2",
				"ajv-formats": "^2.1.1",
				"light-my-request": "^5.8.0",
				"openapi-types": "^12.0.2",
				"pino": "^8.7.0"
			},
			"dependencies": {
				"@davinci/core": {
					"version": "file:../core",
					"requires": {
						"@davinci/reflector": "^2.1.1",
						"deepmerge": "^4.2.2",
						"pino": "^8.7.0",
						"tsyringe": "^4.7.0"
					},
					"dependencies": {
						"@davinci/reflector": {
							"version": "file:../reflector",
							"requires": {
								"@plumier/reflect": "1.0.6",
								"reflect-metadata": "^0.1.13"
							},
							"dependencies": {
								"@plumier/reflect": {
									"version": "1.0.6",
									"requires": {
										"@types/acorn": "4.0.6",
										"acorn": "8.5.0",
										"reflect-metadata": "^0.1.13"
									}
								},
								"@types/acorn": {
									"version": "4.0.6",
									"requires": {
										"@types/estree": "*"
									}
								},
								"@types/estree": {
									"version": "1.0.0"
								},
								"acorn": {
									"version": "8.5.0"
								},
								"reflect-metadata": {
									"version": "0.1.13"
								}
							}
						},
						"abort-controller": {
							"version": "3.0.0",
							"dev": true,
							"requires": {
								"event-target-shim": "^5.0.0"
							}
						},
						"atomic-sleep": {
							"version": "1.0.0",
							"dev": true
						},
						"base64-js": {
							"version": "1.5.1",
							"dev": true
						},
						"buffer": {
							"version": "6.0.3",
							"dev": true,
							"requires": {
								"base64-js": "^1.3.1",
								"ieee754": "^1.2.1"
							}
						},
						"deepmerge": {
							"version": "4.2.2"
						},
						"event-target-shim": {
							"version": "5.0.1",
							"dev": true
						},
						"events": {
							"version": "3.3.0",
							"dev": true
						},
						"fast-redact": {
							"version": "3.1.2",
							"dev": true
						},
						"ieee754": {
							"version": "1.2.1",
							"dev": true
						},
						"on-exit-leak-free": {
							"version": "2.1.0",
							"dev": true
						},
						"pino": {
							"version": "8.8.0",
							"dev": true,
							"requires": {
								"atomic-sleep": "^1.0.0",
								"fast-redact": "^3.1.1",
								"on-exit-leak-free": "^2.1.0",
								"pino-abstract-transport": "v1.0.0",
								"pino-std-serializers": "^6.0.0",
								"process-warning": "^2.0.0",
								"quick-format-unescaped": "^4.0.3",
								"real-require": "^0.2.0",
								"safe-stable-stringify": "^2.3.1",
								"sonic-boom": "^3.1.0",
								"thread-stream": "^2.0.0"
							}
						},
						"pino-abstract-transport": {
							"version": "1.0.0",
							"dev": true,
							"requires": {
								"readable-stream": "^4.0.0",
								"split2": "^4.0.0"
							}
						},
						"pino-std-serializers": {
							"version": "6.0.0",
							"dev": true
						},
						"process": {
							"version": "0.11.10",
							"dev": true
						},
						"process-warning": {
							"version": "2.1.0",
							"dev": true
						},
						"quick-format-unescaped": {
							"version": "4.0.4",
							"dev": true
						},
						"readable-stream": {
							"version": "4.2.0",
							"dev": true,
							"requires": {
								"abort-controller": "^3.0.0",
								"buffer": "^6.0.3",
								"events": "^3.3.0",
								"process": "^0.11.10"
							}
						},
						"real-require": {
							"version": "0.2.0",
							"dev": true
						},
						"safe-stable-stringify": {
							"version": "2.4.1",
							"dev": true
						},
						"sonic-boom": {
							"version": "3.2.1",
							"dev": true,
							"requires": {
								"atomic-sleep": "^1.0.0"
							}
						},
						"split2": {
							"version": "4.1.0",
							"dev": true
						},
						"thread-stream": {
							"version": "2.2.0",
							"dev": true,
							"requires": {
								"real-require": "^0.2.0"
							}
						},
						"tslib": {
							"version": "1.14.1"
						},
						"tsyringe": {
							"version": "4.7.0",
							"requires": {
								"tslib": "^1.9.3"
							}
						}
					}
				},
				"@davinci/reflector": {
					"version": "file:../reflector",
					"requires": {
						"@plumier/reflect": "1.0.6",
						"reflect-metadata": "^0.1.13"
					},
					"dependencies": {
						"@plumier/reflect": {
							"version": "1.0.6",
							"requires": {
								"@types/acorn": "4.0.6",
								"acorn": "8.5.0",
								"reflect-metadata": "^0.1.13"
							}
						},
						"@types/acorn": {
							"version": "4.0.6",
							"requires": {
								"@types/estree": "*"
							}
						},
						"@types/estree": {
							"version": "1.0.0"
						},
						"acorn": {
							"version": "8.5.0"
						},
						"reflect-metadata": {
							"version": "0.1.13"
						}
					}
				},
				"abort-controller": {
					"version": "3.0.0",
					"dev": true,
					"requires": {
						"event-target-shim": "^5.0.0"
					}
				},
				"ajv": {
					"version": "8.11.2",
					"dev": true,
					"requires": {
						"fast-deep-equal": "^3.1.1",
						"json-schema-traverse": "^1.0.0",
						"require-from-string": "^2.0.2",
						"uri-js": "^4.2.2"
					}
				},
				"ajv-formats": {
					"version": "2.1.1",
					"dev": true,
					"requires": {
						"ajv": "^8.0.0"
					}
				},
				"atomic-sleep": {
					"version": "1.0.0",
					"dev": true
				},
				"base64-js": {
					"version": "1.5.1",
					"dev": true
				},
				"buffer": {
					"version": "6.0.3",
					"dev": true,
					"requires": {
						"base64-js": "^1.3.1",
						"ieee754": "^1.2.1"
					}
				},
				"cookie": {
					"version": "0.5.0"
				},
				"event-target-shim": {
					"version": "5.0.1",
					"dev": true
				},
				"events": {
					"version": "3.3.0",
					"dev": true
				},
				"fast-deep-equal": {
					"version": "3.1.3",
					"dev": true
				},
				"fast-redact": {
					"version": "3.1.2",
					"dev": true
				},
				"ieee754": {
					"version": "1.2.1",
					"dev": true
				},
				"json-schema-traverse": {
					"version": "1.0.0",
					"dev": true
				},
				"light-my-request": {
					"version": "5.8.0",
					"requires": {
						"cookie": "^0.5.0",
						"process-warning": "^2.0.0",
						"set-cookie-parser": "^2.4.1"
					}
				},
				"on-exit-leak-free": {
					"version": "2.1.0",
					"dev": true
				},
				"openapi-types": {
					"version": "12.1.0",
					"dev": true
				},
				"pino": {
					"version": "8.8.0",
					"dev": true,
					"requires": {
						"atomic-sleep": "^1.0.0",
						"fast-redact": "^3.1.1",
						"on-exit-leak-free": "^2.1.0",
						"pino-abstract-transport": "v1.0.0",
						"pino-std-serializers": "^6.0.0",
						"process-warning": "^2.0.0",
						"quick-format-unescaped": "^4.0.3",
						"real-require": "^0.2.0",
						"safe-stable-stringify": "^2.3.1",
						"sonic-boom": "^3.1.0",
						"thread-stream": "^2.0.0"
					}
				},
				"pino-abstract-transport": {
					"version": "1.0.0",
					"dev": true,
					"requires": {
						"readable-stream": "^4.0.0",
						"split2": "^4.0.0"
					}
				},
				"pino-std-serializers": {
					"version": "6.0.0",
					"dev": true
				},
				"process": {
					"version": "0.11.10",
					"dev": true
				},
				"process-warning": {
					"version": "2.1.0"
				},
				"punycode": {
					"version": "2.1.1",
					"dev": true
				},
				"quick-format-unescaped": {
					"version": "4.0.4",
					"dev": true
				},
				"readable-stream": {
					"version": "4.2.0",
					"dev": true,
					"requires": {
						"abort-controller": "^3.0.0",
						"buffer": "^6.0.3",
						"events": "^3.3.0",
						"process": "^0.11.10"
					}
				},
				"real-require": {
					"version": "0.2.0",
					"dev": true
				},
				"require-from-string": {
					"version": "2.0.2",
					"dev": true
				},
				"safe-stable-stringify": {
					"version": "2.4.1",
					"dev": true
				},
				"set-cookie-parser": {
					"version": "2.5.1"
				},
				"sonic-boom": {
					"version": "3.2.1",
					"dev": true,
					"requires": {
						"atomic-sleep": "^1.0.0"
					}
				},
				"split2": {
					"version": "4.1.0",
					"dev": true
				},
				"thread-stream": {
					"version": "2.2.0",
					"dev": true,
					"requires": {
						"real-require": "^0.2.0"
					}
				},
				"uri-js": {
					"version": "4.4.1",
					"dev": true,
					"requires": {
						"punycode": "^2.1.0"
					}
				}
			}
		},
		"@davinci/reflector": {
			"version": "file:../reflector",
			"requires": {
				"@plumier/reflect": "1.0.6",
				"reflect-metadata": "^0.1.13"
			},
			"dependencies": {
				"@plumier/reflect": {
					"version": "1.0.6",
					"requires": {
						"@types/acorn": "4.0.6",
						"acorn": "8.5.0",
						"reflect-metadata": "^0.1.13"
					}
				},
				"@types/acorn": {
					"version": "4.0.6",
					"requires": {
						"@types/estree": "*"
					}
				},
				"@types/estree": {
					"version": "1.0.0"
				},
				"acorn": {
					"version": "8.5.0"
				},
				"reflect-metadata": {
					"version": "0.1.13"
				}
			}
		},
		"@types/cors": {
			"version": "2.8.13",
			"dev": true,
			"requires": {
				"@types/node": "*"
			}
		},
		"@types/node": {
			"version": "18.11.15",
			"dev": true
		},
		"accepts": {
			"version": "1.3.8",
			"dev": true,
			"requires": {
				"mime-types": "~2.1.34",
				"negotiator": "0.6.3"
			}
		},
		"array-flatten": {
			"version": "1.1.1",
			"dev": true
		},
		"asynckit": {
			"version": "0.4.0",
			"dev": true
		},
		"axios": {
			"version": "1.2.1",
			"dev": true,
			"requires": {
				"follow-redirects": "^1.15.0",
				"form-data": "^4.0.0",
				"proxy-from-env": "^1.1.0"
			}
		},
		"body-parser": {
			"version": "1.20.1",
			"dev": true,
			"requires": {
				"bytes": "3.1.2",
				"content-type": "~1.0.4",
				"debug": "2.6.9",
				"depd": "2.0.0",
				"destroy": "1.2.0",
				"http-errors": "2.0.0",
				"iconv-lite": "0.4.24",
				"on-finished": "2.4.1",
				"qs": "6.11.0",
				"raw-body": "2.5.1",
				"type-is": "~1.6.18",
				"unpipe": "1.0.0"
			}
		},
		"bytes": {
			"version": "3.1.2",
			"dev": true
		},
		"call-bind": {
			"version": "1.0.2",
			"dev": true,
			"requires": {
				"function-bind": "^1.1.1",
				"get-intrinsic": "^1.0.2"
			}
		},
		"combined-stream": {
			"version": "1.0.8",
			"dev": true,
			"requires": {
				"delayed-stream": "~1.0.0"
			}
		},
		"content-disposition": {
			"version": "0.5.4",
			"dev": true,
			"requires": {
				"safe-buffer": "5.2.1"
			}
		},
		"content-type": {
			"version": "1.0.4",
			"dev": true
		},
		"cookie": {
			"version": "0.5.0"
		},
		"cookie-signature": {
			"version": "1.0.6",
			"dev": true
		},
		"cors": {
			"version": "2.8.5",
			"dev": true,
			"requires": {
				"object-assign": "^4",
				"vary": "^1"
			}
		},
		"debug": {
			"version": "2.6.9",
			"dev": true,
			"requires": {
				"ms": "2.0.0"
			}
		},
		"delayed-stream": {
			"version": "1.0.0",
			"dev": true
		},
		"depd": {
			"version": "2.0.0",
			"dev": true
		},
		"destroy": {
			"version": "1.2.0",
			"dev": true
		},
		"ee-first": {
			"version": "1.1.1",
			"dev": true
		},
		"encodeurl": {
			"version": "1.0.2",
			"dev": true
		},
		"escape-html": {
			"version": "1.0.3",
			"dev": true
		},
		"etag": {
			"version": "1.8.1",
			"dev": true
		},
		"express": {
			"version": "4.18.2",
			"dev": true,
			"requires": {
				"accepts": "~1.3.8",
				"array-flatten": "1.1.1",
				"body-parser": "1.20.1",
				"content-disposition": "0.5.4",
				"content-type": "~1.0.4",
				"cookie": "0.5.0",
				"cookie-signature": "1.0.6",
				"debug": "2.6.9",
				"depd": "2.0.0",
				"encodeurl": "~1.0.2",
				"escape-html": "~1.0.3",
				"etag": "~1.8.1",
				"finalhandler": "1.2.0",
				"fresh": "0.5.2",
				"http-errors": "2.0.0",
				"merge-descriptors": "1.0.1",
				"methods": "~1.1.2",
				"on-finished": "2.4.1",
				"parseurl": "~1.3.3",
				"path-to-regexp": "0.1.7",
				"proxy-addr": "~2.0.7",
				"qs": "6.11.0",
				"range-parser": "~1.2.1",
				"safe-buffer": "5.2.1",
				"send": "0.18.0",
				"serve-static": "1.15.0",
				"setprototypeof": "1.2.0",
				"statuses": "2.0.1",
				"type-is": "~1.6.18",
				"utils-merge": "1.0.1",
				"vary": "~1.1.2"
			}
		},
		"finalhandler": {
			"version": "1.2.0",
			"dev": true,
			"requires": {
				"debug": "2.6.9",
				"encodeurl": "~1.0.2",
				"escape-html": "~1.0.3",
				"on-finished": "2.4.1",
				"parseurl": "~1.3.3",
				"statuses": "2.0.1",
				"unpipe": "~1.0.0"
			}
		},
		"follow-redirects": {
			"version": "1.15.2",
			"dev": true
		},
		"form-data": {
			"version": "4.0.0",
			"dev": true,
			"requires": {
				"asynckit": "^0.4.0",
				"combined-stream": "^1.0.8",
				"mime-types": "^2.1.12"
			}
		},
		"forwarded": {
			"version": "0.2.0",
			"dev": true
		},
		"fresh": {
			"version": "0.5.2",
			"dev": true
		},
		"function-bind": {
			"version": "1.1.1",
			"dev": true
		},
		"get-intrinsic": {
			"version": "1.1.3",
			"dev": true,
			"requires": {
				"function-bind": "^1.1.1",
				"has": "^1.0.3",
				"has-symbols": "^1.0.3"
			}
		},
		"has": {
			"version": "1.0.3",
			"dev": true,
			"requires": {
				"function-bind": "^1.1.1"
			}
		},
		"has-symbols": {
			"version": "1.0.3",
			"dev": true
		},
		"http-errors": {
			"version": "2.0.0",
			"dev": true,
			"requires": {
				"depd": "2.0.0",
				"inherits": "2.0.4",
				"setprototypeof": "1.2.0",
				"statuses": "2.0.1",
				"toidentifier": "1.0.1"
			}
		},
		"iconv-lite": {
			"version": "0.4.24",
			"dev": true,
			"requires": {
				"safer-buffer": ">= 2.1.2 < 3"
			}
		},
		"inherits": {
			"version": "2.0.4",
			"dev": true
		},
		"ipaddr.js": {
			"version": "1.9.1",
			"dev": true
		},
		"light-my-request": {
			"version": "5.8.0",
			"requires": {
				"cookie": "^0.5.0",
				"process-warning": "^2.0.0",
				"set-cookie-parser": "^2.4.1"
			}
		},
		"media-typer": {
			"version": "0.3.0",
			"dev": true
		},
		"merge-descriptors": {
			"version": "1.0.1",
			"dev": true
		},
		"methods": {
			"version": "1.1.2",
			"dev": true
		},
		"mime": {
			"version": "1.6.0",
			"dev": true
		},
		"mime-db": {
			"version": "1.52.0",
			"dev": true
		},
		"mime-types": {
			"version": "2.1.35",
			"dev": true,
			"requires": {
				"mime-db": "1.52.0"
			}
		},
		"ms": {
			"version": "2.0.0",
			"dev": true
		},
		"negotiator": {
			"version": "0.6.3",
			"dev": true
		},
		"object-assign": {
			"version": "4.1.1",
			"dev": true
		},
		"object-inspect": {
			"version": "1.12.2",
			"dev": true
		},
		"on-finished": {
			"version": "2.4.1",
			"dev": true,
			"requires": {
				"ee-first": "1.1.1"
			}
		},
		"parseurl": {
			"version": "1.3.3",
			"dev": true
		},
		"path-to-regexp": {
			"version": "0.1.7",
			"dev": true
		},
		"process-warning": {
			"version": "2.1.0"
		},
		"proxy-addr": {
			"version": "2.0.7",
			"dev": true,
			"requires": {
				"forwarded": "0.2.0",
				"ipaddr.js": "1.9.1"
			}
		},
		"proxy-from-env": {
			"version": "1.1.0",
			"dev": true
		},
		"qs": {
			"version": "6.11.0",
			"dev": true,
			"requires": {
				"side-channel": "^1.0.4"
			}
		},
		"range-parser": {
			"version": "1.2.1",
			"dev": true
		},
		"raw-body": {
			"version": "2.5.1",
			"dev": true,
			"requires": {
				"bytes": "3.1.2",
				"http-errors": "2.0.0",
				"iconv-lite": "0.4.24",
				"unpipe": "1.0.0"
			}
		},
		"safe-buffer": {
			"version": "5.2.1",
			"dev": true
		},
		"safer-buffer": {
			"version": "2.1.2",
			"dev": true
		},
		"send": {
			"version": "0.18.0",
			"dev": true,
			"requires": {
				"debug": "2.6.9",
				"depd": "2.0.0",
				"destroy": "1.2.0",
				"encodeurl": "~1.0.2",
				"escape-html": "~1.0.3",
				"etag": "~1.8.1",
				"fresh": "0.5.2",
				"http-errors": "2.0.0",
				"mime": "1.6.0",
				"ms": "2.1.3",
				"on-finished": "2.4.1",
				"range-parser": "~1.2.1",
				"statuses": "2.0.1"
			},
			"dependencies": {
				"ms": {
					"version": "2.1.3",
					"dev": true
				}
			}
		},
		"serve-static": {
			"version": "1.15.0",
			"dev": true,
			"requires": {
				"encodeurl": "~1.0.2",
				"escape-html": "~1.0.3",
				"parseurl": "~1.3.3",
				"send": "0.18.0"
			}
		},
		"set-cookie-parser": {
			"version": "2.5.1"
		},
		"setprototypeof": {
			"version": "1.2.0",
			"dev": true
		},
		"side-channel": {
			"version": "1.0.4",
			"dev": true,
			"requires": {
				"call-bind": "^1.0.0",
				"get-intrinsic": "^1.0.2",
				"object-inspect": "^1.9.0"
			}
		},
		"statuses": {
			"version": "2.0.1",
			"dev": true
		},
		"toidentifier": {
			"version": "1.0.1",
			"dev": true
		},
		"type-is": {
			"version": "1.6.18",
			"dev": true,
			"requires": {
				"media-typer": "0.3.0",
				"mime-types": "~2.1.24"
			}
		},
		"typescript": {
			"version": "4.9.4",
			"dev": true
		},
		"unpipe": {
			"version": "1.0.0",
			"dev": true
		},
		"utils-merge": {
			"version": "1.0.1",
			"dev": true
		},
		"vary": {
			"version": "1.1.2",
			"dev": true
		}
	}
}
