{
	"name": "@davinci/health-checks",
	"version": "2.0.0-next.24",
	"lockfileVersion": 2,
	"requires": true,
	"packages": {
		"": {
			"name": "@davinci/health-checks",
			"version": "1.0.0-next.2",
			"license": "MIT",
			"dependencies": {
				"pino": "^7.11.0"
			},
			"devDependencies": {
				"@godaddy/terminus": "^4.11.2",
				"typescript": "^4.6.2"
			},
			"peerDependencies": {
				"@godaddy/terminus": "^4.11.1"
			}
		},
		"../core": {
			"name": "@davinci/core",
			"version": "1.9.1",
			"extraneous": true,
			"license": "MIT",
			"dependencies": {
				"@davinci/reflector": "^1.1.1",
				"pino": "7.9.1"
			},
			"devDependencies": {
				"typescript": "^4.6.2"
			}
		},
		"node_modules/@godaddy/terminus": {
			"version": "4.11.2",
			"resolved": "https://registry.npmjs.org/@godaddy/terminus/-/terminus-4.11.2.tgz",
			"integrity": "sha512-e/kbOWpGKME42eltM/wXM3RxSUOrfureZxEd6Dt6NXyFoJ7E8lnmm7znXydJsL3B7ky4HRFZI+eHrep54NZbeQ==",
			"dev": true,
			"dependencies": {
				"stoppable": "^1.1.0"
			}
		},
		"node_modules/atomic-sleep": {
			"version": "1.0.0",
			"resolved": "https://registry.npmjs.org/atomic-sleep/-/atomic-sleep-1.0.0.tgz",
			"integrity": "sha512-kNOjDqAh7px0XWNI+4QbzoiR/nTkHAWNud2uvnJquD1/x5a7EQZMJT0AczqK0Qn67oY/TTQ1LbUKajZpp3I9tQ==",
			"engines": {
				"node": ">=8.0.0"
			}
		},
		"node_modules/duplexify": {
			"version": "4.1.2",
			"resolved": "https://registry.npmjs.org/duplexify/-/duplexify-4.1.2.tgz",
			"integrity": "sha512-fz3OjcNCHmRP12MJoZMPglx8m4rrFP8rovnk4vT8Fs+aonZoCwGg10dSsQsfP/E62eZcPTMSMP6686fu9Qlqtw==",
			"dependencies": {
				"end-of-stream": "^1.4.1",
				"inherits": "^2.0.3",
				"readable-stream": "^3.1.1",
				"stream-shift": "^1.0.0"
			}
		},
		"node_modules/end-of-stream": {
			"version": "1.4.4",
			"resolved": "https://registry.npmjs.org/end-of-stream/-/end-of-stream-1.4.4.tgz",
			"integrity": "sha512-+uw1inIHVPQoaVuHzRyXd21icM+cnt4CzD5rW+NC1wjOUSTOs+Te7FOv7AhN7vS9x/oIyhLP5PR1H+phQAHu5Q==",
			"dependencies": {
				"once": "^1.4.0"
			}
		},
		"node_modules/fast-redact": {
			"version": "3.1.1",
			"resolved": "https://registry.npmjs.org/fast-redact/-/fast-redact-3.1.1.tgz",
			"integrity": "sha512-odVmjC8x8jNeMZ3C+rPMESzXVSEU8tSWSHv9HFxP2mm89G/1WwqhrerJDQm9Zus8X6aoRgQDThKqptdNA6bt+A==",
			"engines": {
				"node": ">=6"
			}
		},
		"node_modules/inherits": {
			"version": "2.0.4",
			"resolved": "https://registry.npmjs.org/inherits/-/inherits-2.0.4.tgz",
			"integrity": "sha512-k/vGaX4/Yla3WzyMCvTQOXYeIHvqOKtnqBduzTHpzpQZzAskKMhZ2K+EnBiSM9zGSoIFeMpXKxa4dYeZIQqewQ=="
		},
		"node_modules/on-exit-leak-free": {
			"version": "0.2.0",
			"resolved": "https://registry.npmjs.org/on-exit-leak-free/-/on-exit-leak-free-0.2.0.tgz",
			"integrity": "sha512-dqaz3u44QbRXQooZLTUKU41ZrzYrcvLISVgbrzbyCMxpmSLJvZ3ZamIJIZ29P6OhZIkNIQKosdeM6t1LYbA9hg=="
		},
		"node_modules/once": {
			"version": "1.4.0",
			"resolved": "https://registry.npmjs.org/once/-/once-1.4.0.tgz",
			"integrity": "sha1-WDsap3WWHUsROsF9nFC6753Xa9E=",
			"dependencies": {
				"wrappy": "1"
			}
		},
		"node_modules/pino": {
			"version": "7.11.0",
			"resolved": "https://registry.npmjs.org/pino/-/pino-7.11.0.tgz",
			"integrity": "sha512-dMACeu63HtRLmCG8VKdy4cShCPKaYDR4youZqoSWLxl5Gu99HUw8bw75thbPv9Nip+H+QYX8o3ZJbTdVZZ2TVg==",
			"dependencies": {
				"atomic-sleep": "^1.0.0",
				"fast-redact": "^3.0.0",
				"on-exit-leak-free": "^0.2.0",
				"pino-abstract-transport": "v0.5.0",
				"pino-std-serializers": "^4.0.0",
				"process-warning": "^1.0.0",
				"quick-format-unescaped": "^4.0.3",
				"real-require": "^0.1.0",
				"safe-stable-stringify": "^2.1.0",
				"sonic-boom": "^2.2.1",
				"thread-stream": "^0.15.1"
			},
			"bin": {
				"pino": "bin.js"
			}
		},
		"node_modules/pino-abstract-transport": {
			"version": "0.5.0",
			"resolved": "https://registry.npmjs.org/pino-abstract-transport/-/pino-abstract-transport-0.5.0.tgz",
			"integrity": "sha512-+KAgmVeqXYbTtU2FScx1XS3kNyfZ5TrXY07V96QnUSFqo2gAqlvmaxH67Lj7SWazqsMabf+58ctdTcBgnOLUOQ==",
			"dependencies": {
				"duplexify": "^4.1.2",
				"split2": "^4.0.0"
			}
		},
		"node_modules/pino-std-serializers": {
			"version": "4.0.0",
			"resolved": "https://registry.npmjs.org/pino-std-serializers/-/pino-std-serializers-4.0.0.tgz",
			"integrity": "sha512-cK0pekc1Kjy5w9V2/n+8MkZwusa6EyyxfeQCB799CQRhRt/CqYKiWs5adeu8Shve2ZNffvfC/7J64A2PJo1W/Q=="
		},
		"node_modules/process-warning": {
			"version": "1.0.0",
			"resolved": "https://registry.npmjs.org/process-warning/-/process-warning-1.0.0.tgz",
			"integrity": "sha512-du4wfLyj4yCZq1VupnVSZmRsPJsNuxoDQFdCFHLaYiEbFBD7QE0a+I4D7hOxrVnh78QE/YipFAj9lXHiXocV+Q=="
		},
		"node_modules/quick-format-unescaped": {
			"version": "4.0.4",
			"resolved": "https://registry.npmjs.org/quick-format-unescaped/-/quick-format-unescaped-4.0.4.tgz",
			"integrity": "sha512-tYC1Q1hgyRuHgloV/YXs2w15unPVh8qfu/qCTfhTYamaw7fyhumKa2yGpdSo87vY32rIclj+4fWYQXUMs9EHvg=="
		},
		"node_modules/readable-stream": {
			"version": "3.6.0",
			"resolved": "https://registry.npmjs.org/readable-stream/-/readable-stream-3.6.0.tgz",
			"integrity": "sha512-BViHy7LKeTz4oNnkcLJ+lVSL6vpiFeX6/d3oSH8zCW7UxP2onchk+vTGB143xuFjHS3deTgkKoXXymXqymiIdA==",
			"dependencies": {
				"inherits": "^2.0.3",
				"string_decoder": "^1.1.1",
				"util-deprecate": "^1.0.1"
			},
			"engines": {
				"node": ">= 6"
			}
		},
		"node_modules/real-require": {
			"version": "0.1.0",
			"resolved": "https://registry.npmjs.org/real-require/-/real-require-0.1.0.tgz",
			"integrity": "sha512-r/H9MzAWtrv8aSVjPCMFpDMl5q66GqtmmRkRjpHTsp4zBAa+snZyiQNlMONiUmEJcsnaw0wCauJ2GWODr/aFkg==",
			"engines": {
				"node": ">= 12.13.0"
			}
		},
		"node_modules/safe-buffer": {
			"version": "5.2.1",
			"resolved": "https://registry.npmjs.org/safe-buffer/-/safe-buffer-5.2.1.tgz",
			"integrity": "sha512-rp3So07KcdmmKbGvgaNxQSJr7bGVSVk5S9Eq1F+ppbRo70+YeaDxkw5Dd8NPN+GD6bjnYm2VuPuCXmpuYvmCXQ==",
			"funding": [
				{
					"type": "github",
					"url": "https://github.com/sponsors/feross"
				},
				{
					"type": "patreon",
					"url": "https://www.patreon.com/feross"
				},
				{
					"type": "consulting",
					"url": "https://feross.org/support"
				}
			]
		},
		"node_modules/safe-stable-stringify": {
			"version": "2.3.1",
			"resolved": "https://registry.npmjs.org/safe-stable-stringify/-/safe-stable-stringify-2.3.1.tgz",
			"integrity": "sha512-kYBSfT+troD9cDA85VDnHZ1rpHC50O0g1e6WlGHVCz/g+JS+9WKLj+XwFYyR8UbrZN8ll9HUpDAAddY58MGisg==",
			"engines": {
				"node": ">=10"
			}
		},
		"node_modules/sonic-boom": {
			"version": "2.8.0",
			"resolved": "https://registry.npmjs.org/sonic-boom/-/sonic-boom-2.8.0.tgz",
			"integrity": "sha512-kuonw1YOYYNOve5iHdSahXPOK49GqwA+LZhI6Wz/l0rP57iKyXXIHaRagOBHAPmGwJC6od2Z9zgvZ5loSgMlVg==",
			"dependencies": {
				"atomic-sleep": "^1.0.0"
			}
		},
		"node_modules/split2": {
			"version": "4.1.0",
			"resolved": "https://registry.npmjs.org/split2/-/split2-4.1.0.tgz",
			"integrity": "sha512-VBiJxFkxiXRlUIeyMQi8s4hgvKCSjtknJv/LVYbrgALPwf5zSKmEwV9Lst25AkvMDnvxODugjdl6KZgwKM1WYQ==",
			"engines": {
				"node": ">= 10.x"
			}
		},
		"node_modules/stoppable": {
			"version": "1.1.0",
			"resolved": "https://registry.npmjs.org/stoppable/-/stoppable-1.1.0.tgz",
			"integrity": "sha512-KXDYZ9dszj6bzvnEMRYvxgeTHU74QBFL54XKtP3nyMuJ81CFYtABZ3bAzL2EdFUaEwJOBOgENyFj3R7oTzDyyw==",
			"dev": true,
			"engines": {
				"node": ">=4",
				"npm": ">=6"
			}
		},
		"node_modules/stream-shift": {
			"version": "1.0.1",
			"resolved": "https://registry.npmjs.org/stream-shift/-/stream-shift-1.0.1.tgz",
			"integrity": "sha512-AiisoFqQ0vbGcZgQPY1cdP2I76glaVA/RauYR4G4thNFgkTqr90yXTo4LYX60Jl+sIlPNHHdGSwo01AvbKUSVQ=="
		},
		"node_modules/string_decoder": {
			"version": "1.3.0",
			"resolved": "https://registry.npmjs.org/string_decoder/-/string_decoder-1.3.0.tgz",
			"integrity": "sha512-hkRX8U1WjJFd8LsDJ2yQ/wWWxaopEsABU1XfkM8A+j0+85JAGppt16cr1Whg6KIbb4okU6Mql6BOj+uup/wKeA==",
			"dependencies": {
				"safe-buffer": "~5.2.0"
			}
		},
		"node_modules/thread-stream": {
			"version": "0.15.2",
			"resolved": "https://registry.npmjs.org/thread-stream/-/thread-stream-0.15.2.tgz",
			"integrity": "sha512-UkEhKIg2pD+fjkHQKyJO3yoIvAP3N6RlNFt2dUhcS1FGvCD1cQa1M/PGknCLFIyZdtJOWQjejp7bdNqmN7zwdA==",
			"dependencies": {
				"real-require": "^0.1.0"
			}
		},
		"node_modules/typescript": {
			"version": "4.6.2",
			"integrity": "sha512-HM/hFigTBHZhLXshn9sN37H085+hQGeJHJ/X7LpBWLID/fbc2acUMfU+lGD98X81sKP+pFa9f0DZmCwB9GnbAg==",
			"dev": true,
			"bin": {
				"tsc": "bin/tsc",
				"tsserver": "bin/tsserver"
			},
			"engines": {
				"node": ">=4.2.0"
			}
		},
		"node_modules/util-deprecate": {
			"version": "1.0.2",
			"resolved": "https://registry.npmjs.org/util-deprecate/-/util-deprecate-1.0.2.tgz",
			"integrity": "sha1-RQ1Nyfpw3nMnYvvS1KKJgUGaDM8="
		},
		"node_modules/wrappy": {
			"version": "1.0.2",
			"resolved": "https://registry.npmjs.org/wrappy/-/wrappy-1.0.2.tgz",
			"integrity": "sha1-tSQ9jz7BqjXxNkYFvA0QNuMKtp8="
		}
	},
	"dependencies": {
		"@godaddy/terminus": {
			"version": "4.11.2",
			"resolved": "https://registry.npmjs.org/@godaddy/terminus/-/terminus-4.11.2.tgz",
			"integrity": "sha512-e/kbOWpGKME42eltM/wXM3RxSUOrfureZxEd6Dt6NXyFoJ7E8lnmm7znXydJsL3B7ky4HRFZI+eHrep54NZbeQ==",
			"dev": true,
			"requires": {
				"stoppable": "^1.1.0"
			}
		},
		"atomic-sleep": {
			"version": "1.0.0",
			"resolved": "https://registry.npmjs.org/atomic-sleep/-/atomic-sleep-1.0.0.tgz",
			"integrity": "sha512-kNOjDqAh7px0XWNI+4QbzoiR/nTkHAWNud2uvnJquD1/x5a7EQZMJT0AczqK0Qn67oY/TTQ1LbUKajZpp3I9tQ=="
		},
		"duplexify": {
			"version": "4.1.2",
			"resolved": "https://registry.npmjs.org/duplexify/-/duplexify-4.1.2.tgz",
			"integrity": "sha512-fz3OjcNCHmRP12MJoZMPglx8m4rrFP8rovnk4vT8Fs+aonZoCwGg10dSsQsfP/E62eZcPTMSMP6686fu9Qlqtw==",
			"requires": {
				"end-of-stream": "^1.4.1",
				"inherits": "^2.0.3",
				"readable-stream": "^3.1.1",
				"stream-shift": "^1.0.0"
			}
		},
		"end-of-stream": {
			"version": "1.4.4",
			"resolved": "https://registry.npmjs.org/end-of-stream/-/end-of-stream-1.4.4.tgz",
			"integrity": "sha512-+uw1inIHVPQoaVuHzRyXd21icM+cnt4CzD5rW+NC1wjOUSTOs+Te7FOv7AhN7vS9x/oIyhLP5PR1H+phQAHu5Q==",
			"requires": {
				"once": "^1.4.0"
			}
		},
		"fast-redact": {
			"version": "3.1.1",
			"resolved": "https://registry.npmjs.org/fast-redact/-/fast-redact-3.1.1.tgz",
			"integrity": "sha512-odVmjC8x8jNeMZ3C+rPMESzXVSEU8tSWSHv9HFxP2mm89G/1WwqhrerJDQm9Zus8X6aoRgQDThKqptdNA6bt+A=="
		},
		"inherits": {
			"version": "2.0.4",
			"resolved": "https://registry.npmjs.org/inherits/-/inherits-2.0.4.tgz",
			"integrity": "sha512-k/vGaX4/Yla3WzyMCvTQOXYeIHvqOKtnqBduzTHpzpQZzAskKMhZ2K+EnBiSM9zGSoIFeMpXKxa4dYeZIQqewQ=="
		},
		"on-exit-leak-free": {
			"version": "0.2.0",
			"resolved": "https://registry.npmjs.org/on-exit-leak-free/-/on-exit-leak-free-0.2.0.tgz",
			"integrity": "sha512-dqaz3u44QbRXQooZLTUKU41ZrzYrcvLISVgbrzbyCMxpmSLJvZ3ZamIJIZ29P6OhZIkNIQKosdeM6t1LYbA9hg=="
		},
		"once": {
			"version": "1.4.0",
			"resolved": "https://registry.npmjs.org/once/-/once-1.4.0.tgz",
			"integrity": "sha1-WDsap3WWHUsROsF9nFC6753Xa9E=",
			"requires": {
				"wrappy": "1"
			}
		},
		"pino": {
			"version": "7.11.0",
			"resolved": "https://registry.npmjs.org/pino/-/pino-7.11.0.tgz",
			"integrity": "sha512-dMACeu63HtRLmCG8VKdy4cShCPKaYDR4youZqoSWLxl5Gu99HUw8bw75thbPv9Nip+H+QYX8o3ZJbTdVZZ2TVg==",
			"requires": {
				"atomic-sleep": "^1.0.0",
				"fast-redact": "^3.0.0",
				"on-exit-leak-free": "^0.2.0",
				"pino-abstract-transport": "v0.5.0",
				"pino-std-serializers": "^4.0.0",
				"process-warning": "^1.0.0",
				"quick-format-unescaped": "^4.0.3",
				"real-require": "^0.1.0",
				"safe-stable-stringify": "^2.1.0",
				"sonic-boom": "^2.2.1",
				"thread-stream": "^0.15.1"
			}
		},
		"pino-abstract-transport": {
			"version": "0.5.0",
			"resolved": "https://registry.npmjs.org/pino-abstract-transport/-/pino-abstract-transport-0.5.0.tgz",
			"integrity": "sha512-+KAgmVeqXYbTtU2FScx1XS3kNyfZ5TrXY07V96QnUSFqo2gAqlvmaxH67Lj7SWazqsMabf+58ctdTcBgnOLUOQ==",
			"requires": {
				"duplexify": "^4.1.2",
				"split2": "^4.0.0"
			}
		},
		"pino-std-serializers": {
			"version": "4.0.0",
			"resolved": "https://registry.npmjs.org/pino-std-serializers/-/pino-std-serializers-4.0.0.tgz",
			"integrity": "sha512-cK0pekc1Kjy5w9V2/n+8MkZwusa6EyyxfeQCB799CQRhRt/CqYKiWs5adeu8Shve2ZNffvfC/7J64A2PJo1W/Q=="
		},
		"process-warning": {
			"version": "1.0.0",
			"resolved": "https://registry.npmjs.org/process-warning/-/process-warning-1.0.0.tgz",
			"integrity": "sha512-du4wfLyj4yCZq1VupnVSZmRsPJsNuxoDQFdCFHLaYiEbFBD7QE0a+I4D7hOxrVnh78QE/YipFAj9lXHiXocV+Q=="
		},
		"quick-format-unescaped": {
			"version": "4.0.4",
			"resolved": "https://registry.npmjs.org/quick-format-unescaped/-/quick-format-unescaped-4.0.4.tgz",
			"integrity": "sha512-tYC1Q1hgyRuHgloV/YXs2w15unPVh8qfu/qCTfhTYamaw7fyhumKa2yGpdSo87vY32rIclj+4fWYQXUMs9EHvg=="
		},
		"readable-stream": {
			"version": "3.6.0",
			"resolved": "https://registry.npmjs.org/readable-stream/-/readable-stream-3.6.0.tgz",
			"integrity": "sha512-BViHy7LKeTz4oNnkcLJ+lVSL6vpiFeX6/d3oSH8zCW7UxP2onchk+vTGB143xuFjHS3deTgkKoXXymXqymiIdA==",
			"requires": {
				"inherits": "^2.0.3",
				"string_decoder": "^1.1.1",
				"util-deprecate": "^1.0.1"
			}
		},
		"real-require": {
			"version": "0.1.0",
			"resolved": "https://registry.npmjs.org/real-require/-/real-require-0.1.0.tgz",
			"integrity": "sha512-r/H9MzAWtrv8aSVjPCMFpDMl5q66GqtmmRkRjpHTsp4zBAa+snZyiQNlMONiUmEJcsnaw0wCauJ2GWODr/aFkg=="
		},
		"safe-buffer": {
			"version": "5.2.1",
			"resolved": "https://registry.npmjs.org/safe-buffer/-/safe-buffer-5.2.1.tgz",
			"integrity": "sha512-rp3So07KcdmmKbGvgaNxQSJr7bGVSVk5S9Eq1F+ppbRo70+YeaDxkw5Dd8NPN+GD6bjnYm2VuPuCXmpuYvmCXQ=="
		},
		"safe-stable-stringify": {
			"version": "2.3.1",
			"resolved": "https://registry.npmjs.org/safe-stable-stringify/-/safe-stable-stringify-2.3.1.tgz",
			"integrity": "sha512-kYBSfT+troD9cDA85VDnHZ1rpHC50O0g1e6WlGHVCz/g+JS+9WKLj+XwFYyR8UbrZN8ll9HUpDAAddY58MGisg=="
		},
		"sonic-boom": {
			"version": "2.8.0",
			"resolved": "https://registry.npmjs.org/sonic-boom/-/sonic-boom-2.8.0.tgz",
			"integrity": "sha512-kuonw1YOYYNOve5iHdSahXPOK49GqwA+LZhI6Wz/l0rP57iKyXXIHaRagOBHAPmGwJC6od2Z9zgvZ5loSgMlVg==",
			"requires": {
				"atomic-sleep": "^1.0.0"
			}
		},
		"split2": {
			"version": "4.1.0",
			"resolved": "https://registry.npmjs.org/split2/-/split2-4.1.0.tgz",
			"integrity": "sha512-VBiJxFkxiXRlUIeyMQi8s4hgvKCSjtknJv/LVYbrgALPwf5zSKmEwV9Lst25AkvMDnvxODugjdl6KZgwKM1WYQ=="
		},
		"stoppable": {
			"version": "1.1.0",
			"resolved": "https://registry.npmjs.org/stoppable/-/stoppable-1.1.0.tgz",
			"integrity": "sha512-KXDYZ9dszj6bzvnEMRYvxgeTHU74QBFL54XKtP3nyMuJ81CFYtABZ3bAzL2EdFUaEwJOBOgENyFj3R7oTzDyyw==",
			"dev": true
		},
		"stream-shift": {
			"version": "1.0.1",
			"resolved": "https://registry.npmjs.org/stream-shift/-/stream-shift-1.0.1.tgz",
			"integrity": "sha512-AiisoFqQ0vbGcZgQPY1cdP2I76glaVA/RauYR4G4thNFgkTqr90yXTo4LYX60Jl+sIlPNHHdGSwo01AvbKUSVQ=="
		},
		"string_decoder": {
			"version": "1.3.0",
			"resolved": "https://registry.npmjs.org/string_decoder/-/string_decoder-1.3.0.tgz",
			"integrity": "sha512-hkRX8U1WjJFd8LsDJ2yQ/wWWxaopEsABU1XfkM8A+j0+85JAGppt16cr1Whg6KIbb4okU6Mql6BOj+uup/wKeA==",
			"requires": {
				"safe-buffer": "~5.2.0"
			}
		},
		"thread-stream": {
			"version": "0.15.2",
			"resolved": "https://registry.npmjs.org/thread-stream/-/thread-stream-0.15.2.tgz",
			"integrity": "sha512-UkEhKIg2pD+fjkHQKyJO3yoIvAP3N6RlNFt2dUhcS1FGvCD1cQa1M/PGknCLFIyZdtJOWQjejp7bdNqmN7zwdA==",
			"requires": {
				"real-require": "^0.1.0"
			}
		},
		"typescript": {
			"version": "4.6.2",
			"integrity": "sha512-HM/hFigTBHZhLXshn9sN37H085+hQGeJHJ/X7LpBWLID/fbc2acUMfU+lGD98X81sKP+pFa9f0DZmCwB9GnbAg==",
			"dev": true
		},
		"util-deprecate": {
			"version": "1.0.2",
			"resolved": "https://registry.npmjs.org/util-deprecate/-/util-deprecate-1.0.2.tgz",
			"integrity": "sha1-RQ1Nyfpw3nMnYvvS1KKJgUGaDM8="
		},
		"wrappy": {
			"version": "1.0.2",
			"resolved": "https://registry.npmjs.org/wrappy/-/wrappy-1.0.2.tgz",
			"integrity": "sha1-tSQ9jz7BqjXxNkYFvA0QNuMKtp8="
		}
	}
}
