{
	"name": "@davinci/reflector",
	"version": "2.2.0",
	"lockfileVersion": 2,
	"requires": true,
	"packages": {
		"": {
			"name": "@davinci/reflector",
			"version": "2.2.0",
			"license": "MIT",
			"dependencies": {
				"@plumier/reflect": "1.1.3",
				"reflect-metadata": "0.1.13"
			}
		},
		"node_modules/@plumier/reflect": {
			"version": "1.1.3",
			"resolved": "https://registry.npmjs.org/@plumier/reflect/-/reflect-1.1.3.tgz",
			"integrity": "sha512-27ubBCNh0jiOi6rb+Wzj4HiiibSN/s6PzwjMr597IM47gFjE1HC+FbQE1Mkg0iDFlVsKvA4ksIeBytBQay4KIQ==",
			"dependencies": {
				"@types/acorn": "4.0.6",
				"acorn": "8.8.1",
				"reflect-metadata": "^0.1.13"
			}
		},
		"node_modules/@types/acorn": {
			"version": "4.0.6",
			"resolved": "https://registry.npmjs.org/@types/acorn/-/acorn-4.0.6.tgz",
			"integrity": "sha512-veQTnWP+1D/xbxVrPC3zHnCZRjSrKfhbMUlEA43iMZLu7EsnTtkJklIuwrCPbOi8YkvDQAiW05VQQFvvz9oieQ==",
			"dependencies": {
				"@types/estree": "*"
			}
		},
		"node_modules/@types/estree": {
			"version": "0.0.51",
			"resolved": "https://registry.npmjs.org/@types/estree/-/estree-0.0.51.tgz",
			"integrity": "sha512-CuPgU6f3eT/XgKKPqKd/gLZV1Xmvf1a2R5POBOGQa6uv82xpls89HU5zKeVoyR8XzHd1RGNOlQlvUe3CFkjWNQ=="
		},
		"node_modules/acorn": {
			"version": "8.8.1",
			"resolved": "https://registry.npmjs.org/acorn/-/acorn-8.8.1.tgz",
			"integrity": "sha512-7zFpHzhnqYKrkYdUjF1HI1bzd0VygEGX8lFk4k5zVMqHEoES+P+7TKI+EvLO9WVMJ8eekdO0aDEK044xTXwPPA==",
			"bin": {
				"acorn": "bin/acorn"
			},
			"engines": {
				"node": ">=0.4.0"
			}
		},
		"node_modules/reflect-metadata": {
			"version": "0.1.13",
			"resolved": "https://registry.npmjs.org/reflect-metadata/-/reflect-metadata-0.1.13.tgz",
			"integrity": "sha512-Ts1Y/anZELhSsjMcU605fU9RE4Oi3p5ORujwbIKXfWa+0Zxs510Qrmrce5/Jowq3cHSZSJqBjypxmHarc+vEWg=="
		}
	},
	"dependencies": {
		"@plumier/reflect": {
			"version": "1.1.3",
			"resolved": "https://registry.npmjs.org/@plumier/reflect/-/reflect-1.1.3.tgz",
			"integrity": "sha512-27ubBCNh0jiOi6rb+Wzj4HiiibSN/s6PzwjMr597IM47gFjE1HC+FbQE1Mkg0iDFlVsKvA4ksIeBytBQay4KIQ==",
			"requires": {
				"@types/acorn": "4.0.6",
				"acorn": "8.8.1",
				"reflect-metadata": "^0.1.13"
			}
		},
		"@types/acorn": {
			"version": "4.0.6",
			"resolved": "https://registry.npmjs.org/@types/acorn/-/acorn-4.0.6.tgz",
			"integrity": "sha512-veQTnWP+1D/xbxVrPC3zHnCZRjSrKfhbMUlEA43iMZLu7EsnTtkJklIuwrCPbOi8YkvDQAiW05VQQFvvz9oieQ==",
			"requires": {
				"@types/estree": "*"
			}
		},
		"@types/estree": {
			"version": "0.0.51",
			"resolved": "https://registry.npmjs.org/@types/estree/-/estree-0.0.51.tgz",
			"integrity": "sha512-CuPgU6f3eT/XgKKPqKd/gLZV1Xmvf1a2R5POBOGQa6uv82xpls89HU5zKeVoyR8XzHd1RGNOlQlvUe3CFkjWNQ=="
		},
		"acorn": {
			"version": "8.8.1",
			"resolved": "https://registry.npmjs.org/acorn/-/acorn-8.8.1.tgz",
			"integrity": "sha512-7zFpHzhnqYKrkYdUjF1HI1bzd0VygEGX8lFk4k5zVMqHEoES+P+7TKI+EvLO9WVMJ8eekdO0aDEK044xTXwPPA=="
		},
		"reflect-metadata": {
			"version": "0.1.13",
			"resolved": "https://registry.npmjs.org/reflect-metadata/-/reflect-metadata-0.1.13.tgz",
			"integrity": "sha512-Ts1Y/anZELhSsjMcU605fU9RE4Oi3p5ORujwbIKXfWa+0Zxs510Qrmrce5/Jowq3cHSZSJqBjypxmHarc+vEWg=="
		}
	}
}
